
Microsoft Visual Studio Solution File, Format Version 11.00
# Visual Studio 2010
Project("{FAE04EC0-301F-11D3-BF4B-00C04F79EFBC}") = "DeviceModelManager", "DeviceModelManager\DeviceModelManager.csproj", "{4F82A14B-ECE7-401C-B8BA-2C381E53079E}"
EndProject
Project("{FAE04EC0-301F-11D3-BF4B-00C04F79EFBC}") = "AssadApi", "AssadApi\AssadApi.csproj", "{51886DB4-DD4E-416F-8B0D-E1D78D0D3EA0}"
EndProject
Project("{FAE04EC0-301F-11D3-BF4B-00C04F79EFBC}") = "Infrastructure.Common", "..\Common\Infrastructure.Common\Infrastructure.Common.csproj", "{D57CB190-A30E-4A3D-A674-F1766CE1CC72}"
EndProject
Project("{2150E333-8FDC-42A3-9474-1A3956D46DE8}") = "FiresecClient", "FiresecClient", "{06469607-CF30-4D75-97DC-55E117015C6B}"
EndProject
Project("{FAE04EC0-301F-11D3-BF4B-00C04F79EFBC}") = "FiresecAPI", "..\FiresecService\FiresecServiceAPI\FiresecAPI.csproj", "{75DDFD5C-6572-4D90-961A-4E08D65B8FE7}"
EndProject
Project("{FAE04EC0-301F-11D3-BF4B-00C04F79EFBC}") = "FiresecClient", "..\Common\FiresecClient\FiresecClient.csproj", "{F46953E0-CA12-4659-AE8C-88241B541F6C}"
EndProject
Global
	GlobalSection(SolutionConfigurationPlatforms) = preSolution
		Debug|Any CPU = Debug|Any CPU
		Debug|Mixed Platforms = Debug|Mixed Platforms
		Debug|x86 = Debug|x86
		Release|Any CPU = Release|Any CPU
		Release|Mixed Platforms = Release|Mixed Platforms
		Release|x86 = Release|x86
	EndGlobalSection
	GlobalSection(ProjectConfigurationPlatforms) = postSolution
		{4F82A14B-ECE7-401C-B8BA-2C381E53079E}.Debug|Any CPU.ActiveCfg = Debug|Any CPU
		{4F82A14B-ECE7-401C-B8BA-2C381E53079E}.Debug|Any CPU.Build.0 = Debug|Any CPU
		{4F82A14B-ECE7-401C-B8BA-2C381E53079E}.Debug|Mixed Platforms.ActiveCfg = Debug|Any CPU
		{4F82A14B-ECE7-401C-B8BA-2C381E53079E}.Debug|Mixed Platforms.Build.0 = Debug|Any CPU
		{4F82A14B-ECE7-401C-B8BA-2C381E53079E}.Debug|x86.ActiveCfg = Debug|Any CPU
		{4F82A14B-ECE7-401C-B8BA-2C381E53079E}.Release|Any CPU.ActiveCfg = Release|Any CPU
		{4F82A14B-ECE7-401C-B8BA-2C381E53079E}.Release|Any CPU.Build.0 = Release|Any CPU
		{4F82A14B-ECE7-401C-B8BA-2C381E53079E}.Release|Mixed Platforms.ActiveCfg = Release|Any CPU
		{4F82A14B-ECE7-401C-B8BA-2C381E53079E}.Release|Mixed Platforms.Build.0 = Release|Any CPU
		{4F82A14B-ECE7-401C-B8BA-2C381E53079E}.Release|x86.ActiveCfg = Release|Any CPU
		{51886DB4-DD4E-416F-8B0D-E1D78D0D3EA0}.Debug|Any CPU.ActiveCfg = Debug|Any CPU
		{51886DB4-DD4E-416F-8B0D-E1D78D0D3EA0}.Debug|Any CPU.Build.0 = Debug|Any CPU
		{51886DB4-DD4E-416F-8B0D-E1D78D0D3EA0}.Debug|Mixed Platforms.ActiveCfg = Debug|Any CPU
		{51886DB4-DD4E-416F-8B0D-E1D78D0D3EA0}.Debug|Mixed Platforms.Build.0 = Debug|Any CPU
		{51886DB4-DD4E-416F-8B0D-E1D78D0D3EA0}.Debug|x86.ActiveCfg = Debug|Any CPU
		{51886DB4-DD4E-416F-8B0D-E1D78D0D3EA0}.Release|Any CPU.ActiveCfg = Release|Any CPU
		{51886DB4-DD4E-416F-8B0D-E1D78D0D3EA0}.Release|Any CPU.Build.0 = Release|Any CPU
		{51886DB4-DD4E-416F-8B0D-E1D78D0D3EA0}.Release|Mixed Platforms.ActiveCfg = Release|Any CPU
		{51886DB4-DD4E-416F-8B0D-E1D78D0D3EA0}.Release|Mixed Platforms.Build.0 = Release|Any CPU
		{51886DB4-DD4E-416F-8B0D-E1D78D0D3EA0}.Release|x86.ActiveCfg = Release|Any CPU
		{D57CB190-A30E-4A3D-A674-F1766CE1CC72}.Debug|Any CPU.ActiveCfg = Debug|Any CPU
		{D57CB190-A30E-4A3D-A674-F1766CE1CC72}.Debug|Any CPU.Build.0 = Debug|Any CPU
		{D57CB190-A30E-4A3D-A674-F1766CE1CC72}.Debug|Mixed Platforms.ActiveCfg = Debug|Any CPU
		{D57CB190-A30E-4A3D-A674-F1766CE1CC72}.Debug|Mixed Platforms.Build.0 = Debug|Any CPU
		{D57CB190-A30E-4A3D-A674-F1766CE1CC72}.Debug|x86.ActiveCfg = Debug|Any CPU
		{D57CB190-A30E-4A3D-A674-F1766CE1CC72}.Release|Any CPU.ActiveCfg = Release|Any CPU
		{D57CB190-A30E-4A3D-A674-F1766CE1CC72}.Release|Any CPU.Build.0 = Release|Any CPU
		{D57CB190-A30E-4A3D-A674-F1766CE1CC72}.Release|Mixed Platforms.ActiveCfg = Release|Any CPU
		{D57CB190-A30E-4A3D-A674-F1766CE1CC72}.Release|Mixed Platforms.Build.0 = Release|Any CPU
		{D57CB190-A30E-4A3D-A674-F1766CE1CC72}.Release|x86.ActiveCfg = Release|Any CPU
		{75DDFD5C-6572-4D90-961A-4E08D65B8FE7}.Debug|Any CPU.ActiveCfg = Debug|x86
		{75DDFD5C-6572-4D90-961A-4E08D65B8FE7}.Debug|Mixed Platforms.ActiveCfg = Debug|x86
		{75DDFD5C-6572-4D90-961A-4E08D65B8FE7}.Debug|Mixed Platforms.Build.0 = Debug|x86
		{75DDFD5C-6572-4D90-961A-4E08D65B8FE7}.Debug|x86.ActiveCfg = Debug|x86
		{75DDFD5C-6572-4D90-961A-4E08D65B8FE7}.Debug|x86.Build.0 = Debug|x86
		{75DDFD5C-6572-4D90-961A-4E08D65B8FE7}.Release|Any CPU.ActiveCfg = Release|x86
		{75DDFD5C-6572-4D90-961A-4E08D65B8FE7}.Release|Mixed Platforms.ActiveCfg = Release|x86
		{75DDFD5C-6572-4D90-961A-4E08D65B8FE7}.Release|Mixed Platforms.Build.0 = Release|x86
		{75DDFD5C-6572-4D90-961A-4E08D65B8FE7}.Release|x86.ActiveCfg = Release|x86
		{75DDFD5C-6572-4D90-961A-4E08D65B8FE7}.Release|x86.Build.0 = Release|x86
		{F46953E0-CA12-4659-AE8C-88241B541F6C}.Debug|Any CPU.ActiveCfg = Debug|Any CPU
		{F46953E0-CA12-4659-AE8C-88241B541F6C}.Debug|Any CPU.Build.0 = Debug|Any CPU
		{F46953E0-CA12-4659-AE8C-88241B541F6C}.Debug|Mixed Platforms.ActiveCfg = Debug|Any CPU
		{F46953E0-CA12-4659-AE8C-88241B541F6C}.Debug|Mixed Platforms.Build.0 = Debug|Any CPU
		{F46953E0-CA12-4659-AE8C-88241B541F6C}.Debug|x86.ActiveCfg = Debug|Any CPU
		{F46953E0-CA12-4659-AE8C-88241B541F6C}.Release|Any CPU.ActiveCfg = Release|Any CPU
		{F46953E0-CA12-4659-AE8C-88241B541F6C}.Release|Any CPU.Build.0 = Release|Any CPU
		{F46953E0-CA12-4659-AE8C-88241B541F6C}.Release|Mixed Platforms.ActiveCfg = Release|Any CPU
		{F46953E0-CA12-4659-AE8C-88241B541F6C}.Release|Mixed Platforms.Build.0 = Release|Any CPU
		{F46953E0-CA12-4659-AE8C-88241B541F6C}.Release|x86.ActiveCfg = Release|Any CPU
	EndGlobalSection
	GlobalSection(SolutionProperties) = preSolution
		HideSolutionNode = FALSE
	EndGlobalSection
	GlobalSection(NestedProjects) = preSolution
		{75DDFD5C-6572-4D90-961A-4E08D65B8FE7} = {06469607-CF30-4D75-97DC-55E117015C6B}
		{F46953E0-CA12-4659-AE8C-88241B541F6C} = {06469607-CF30-4D75-97DC-55E117015C6B}
	EndGlobalSection
EndGlobal
