
Microsoft Visual Studio Solution File, Format Version 11.00
# Visual Studio 2010
Project("{FAE04EC0-301F-11D3-BF4B-00C04F79EFBC}") = "ServiceVisualizer", "ServiceVisualizer\ServiceVisualizer.csproj", "{169F25D4-6CAB-437D-8BD9-A22C5FAB9D14}"
EndProject
Project("{2150E333-8FDC-42A3-9474-1A3956D46DE8}") = "FiresecClient", "FiresecClient", "{454B74B0-C8FB-4CD5-835C-9F5121E49541}"
EndProject
Project("{FAE04EC0-301F-11D3-BF4B-00C04F79EFBC}") = "Common", "..\..\Common\Common\Common.csproj", "{F919D935-BDAC-4DB8-AF1A-83E34F3B1581}"
EndProject
Project("{FAE04EC0-301F-11D3-BF4B-00C04F79EFBC}") = "FiresecApi", "..\..\FiresecClient\FiresecApi\FiresecApi.csproj", "{79A8E678-0682-44E6-AEF6-9A7D9B55E1D5}"
EndProject
Project("{FAE04EC0-301F-11D3-BF4B-00C04F79EFBC}") = "FiresecClient", "..\..\FiresecClient\FiresecClient\FiresecClient.csproj", "{F46953E0-CA12-4659-AE8C-88241B541F6C}"
EndProject
Project("{FAE04EC0-301F-11D3-BF4B-00C04F79EFBC}") = "FiresecServiceApi", "..\..\FiresecClient\FiresecServiceApi\FiresecServiceApi.csproj", "{269328F0-5ED8-4DFA-85B3-0EBC826EE573}"
EndProject
Global
	GlobalSection(SolutionConfigurationPlatforms) = preSolution
		Debug|Any CPU = Debug|Any CPU
		Release|Any CPU = Release|Any CPU
	EndGlobalSection
	GlobalSection(ProjectConfigurationPlatforms) = postSolution
		{169F25D4-6CAB-437D-8BD9-A22C5FAB9D14}.Debug|Any CPU.ActiveCfg = Debug|Any CPU
		{169F25D4-6CAB-437D-8BD9-A22C5FAB9D14}.Debug|Any CPU.Build.0 = Debug|Any CPU
		{169F25D4-6CAB-437D-8BD9-A22C5FAB9D14}.Release|Any CPU.ActiveCfg = Release|Any CPU
		{169F25D4-6CAB-437D-8BD9-A22C5FAB9D14}.Release|Any CPU.Build.0 = Release|Any CPU
		{F919D935-BDAC-4DB8-AF1A-83E34F3B1581}.Debug|Any CPU.ActiveCfg = Debug|Any CPU
		{F919D935-BDAC-4DB8-AF1A-83E34F3B1581}.Debug|Any CPU.Build.0 = Debug|Any CPU
		{F919D935-BDAC-4DB8-AF1A-83E34F3B1581}.Release|Any CPU.ActiveCfg = Release|Any CPU
		{F919D935-BDAC-4DB8-AF1A-83E34F3B1581}.Release|Any CPU.Build.0 = Release|Any CPU
		{79A8E678-0682-44E6-AEF6-9A7D9B55E1D5}.Debug|Any CPU.ActiveCfg = Debug|Any CPU
		{79A8E678-0682-44E6-AEF6-9A7D9B55E1D5}.Debug|Any CPU.Build.0 = Debug|Any CPU
		{79A8E678-0682-44E6-AEF6-9A7D9B55E1D5}.Release|Any CPU.ActiveCfg = Release|Any CPU
		{79A8E678-0682-44E6-AEF6-9A7D9B55E1D5}.Release|Any CPU.Build.0 = Release|Any CPU
		{F46953E0-CA12-4659-AE8C-88241B541F6C}.Debug|Any CPU.ActiveCfg = Debug|Any CPU
		{F46953E0-CA12-4659-AE8C-88241B541F6C}.Debug|Any CPU.Build.0 = Debug|Any CPU
		{F46953E0-CA12-4659-AE8C-88241B541F6C}.Release|Any CPU.ActiveCfg = Release|Any CPU
		{F46953E0-CA12-4659-AE8C-88241B541F6C}.Release|Any CPU.Build.0 = Release|Any CPU
		{269328F0-5ED8-4DFA-85B3-0EBC826EE573}.Debug|Any CPU.ActiveCfg = Debug|Any CPU
		{269328F0-5ED8-4DFA-85B3-0EBC826EE573}.Debug|Any CPU.Build.0 = Debug|Any CPU
		{269328F0-5ED8-4DFA-85B3-0EBC826EE573}.Release|Any CPU.ActiveCfg = Release|Any CPU
		{269328F0-5ED8-4DFA-85B3-0EBC826EE573}.Release|Any CPU.Build.0 = Release|Any CPU
	EndGlobalSection
	GlobalSection(SolutionProperties) = preSolution
		HideSolutionNode = FALSE
	EndGlobalSection
	GlobalSection(NestedProjects) = preSolution
		{79A8E678-0682-44E6-AEF6-9A7D9B55E1D5} = {454B74B0-C8FB-4CD5-835C-9F5121E49541}
		{F46953E0-CA12-4659-AE8C-88241B541F6C} = {454B74B0-C8FB-4CD5-835C-9F5121E49541}
		{269328F0-5ED8-4DFA-85B3-0EBC826EE573} = {454B74B0-C8FB-4CD5-835C-9F5121E49541}
	EndGlobalSection
EndGlobal
