
Microsoft Visual Studio Solution File, Format Version 12.00
# Visual Studio 2013
VisualStudioVersion = 12.0.31101.0
MinimumVisualStudioVersion = 10.0.40219.1
Project("{FAE04EC0-301F-11D3-BF4B-00C04F79EFBC}") = "FireAdministrator", "FireAdministrator\FireAdministrator.csproj", "{51B2E1D6-9693-4448-B064-F24EA4532532}"
EndProject
Project("{2150E333-8FDC-42A3-9474-1A3956D46DE8}") = "Modules", "Modules", "{2EE2B650-8DC1-452D-A3A4-70CE4DA91315}"
EndProject
Project("{FAE04EC0-301F-11D3-BF4B-00C04F79EFBC}") = "Infrastructure", "Infrastructure\Infrastructure.csproj", "{7E982F7A-E8B8-4B63-A204-9FC7E5F97170}"
EndProject
Project("{FAE04EC0-301F-11D3-BF4B-00C04F79EFBC}") = "PlansModule", "Modules\PlansModule\PlansModule.csproj", "{200E288D-729A-4619-BAAC-50DE346700BD}"
EndProject
Project("{FAE04EC0-301F-11D3-BF4B-00C04F79EFBC}") = "SecurityModule", "Modules\SecurityModule\SecurityModule.csproj", "{773BFF09-076C-4FE5-A602-71FA8F87B1D0}"
EndProject
Project("{FAE04EC0-301F-11D3-BF4B-00C04F79EFBC}") = "Infrastructure.Common", "..\Common\Infrastructure.Common\Infrastructure.Common.csproj", "{D57CB190-A30E-4A3D-A674-F1766CE1CC72}"
EndProject
Project("{FAE04EC0-301F-11D3-BF4B-00C04F79EFBC}") = "SoundsModule", "Modules\SoundModule\SoundsModule.csproj", "{1D308F1E-F990-4CB8-8613-609C3637130D}"
EndProject
Project("{FAE04EC0-301F-11D3-BF4B-00C04F79EFBC}") = "FiltersModule", "Modules\FiltersModule\FiltersModule.csproj", "{7867A1CC-8039-4D7C-B493-7C06E5CDA327}"
EndProject
Project("{2150E333-8FDC-42A3-9474-1A3956D46DE8}") = "Common", "Common", "{D663DF3D-C732-4D29-9258-F5C7DC53BD8D}"
EndProject
Project("{FAE04EC0-301F-11D3-BF4B-00C04F79EFBC}") = "Common", "..\Common\Common\Common.csproj", "{FE37B6D4-73E5-40F2-A770-A974561430B8}"
EndProject
Project("{FAE04EC0-301F-11D3-BF4B-00C04F79EFBC}") = "Controls", "..\Common\Controls\Controls.csproj", "{0F0ACE8E-E606-4FCA-B6B2-2F1FD86121DE}"
EndProject
Project("{FAE04EC0-301F-11D3-BF4B-00C04F79EFBC}") = "SettingsModule", "Modules\SettingsModule\SettingsModule.csproj", "{2EC527E0-8748-4B08-8884-14785E65AB7D}"
EndProject
Project("{FAE04EC0-301F-11D3-BF4B-00C04F79EFBC}") = "DeviceControls", "..\Common\DeviceControls\DeviceControls.csproj", "{D78CEFEE-52B2-42BC-9E50-94D990E9DFE2}"
EndProject
Project("{FAE04EC0-301F-11D3-BF4B-00C04F79EFBC}") = "FiresecClient", "..\Common\FiresecClient\FiresecClient.csproj", "{F46953E0-CA12-4659-AE8C-88241B541F6C}"
EndProject
Project("{FAE04EC0-301F-11D3-BF4B-00C04F79EFBC}") = "StrazhAPI", "..\Common\FiresecServiceAPI\StrazhAPI.csproj", "{75DDFD5C-6572-4D90-961A-4E08D65B8FE7}"
EndProject
Project("{FAE04EC0-301F-11D3-BF4B-00C04F79EFBC}") = "VideoModule", "Modules\VideoModule\VideoModule.csproj", "{C33E3B0E-C6A8-477D-A836-8418FB1EEF46}"
EndProject
Project("{FAE04EC0-301F-11D3-BF4B-00C04F79EFBC}") = "Infrastructure.Client", "..\Common\Infrastructure.Client\Infrastructure.Client.csproj", "{F91017CC-7740-46F0-B86A-9FDB6E2E1EDB}"
EndProject
Project("{FAE04EC0-301F-11D3-BF4B-00C04F79EFBC}") = "Infrustructure.Plans", "..\Common\Infrustructure.Plans\Infrustructure.Plans.csproj", "{DA2A8431-7328-4AE8-926F-E191700577A1}"
EndProject
Project("{FAE04EC0-301F-11D3-BF4B-00C04F79EFBC}") = "Infrastructure.Designer", "..\Common\Infrastructure.Designer\Infrastructure.Designer.csproj", "{9193BC5C-3DEF-49B0-844A-9385B1540381}"
EndProject
Project("{FAE04EC0-301F-11D3-BF4B-00C04F79EFBC}") = "LayoutModule", "Modules\LayoutModule\LayoutModule.csproj", "{8CD90C43-088E-420C-AA4F-7346F6F11B57}"
EndProject
Project("{FAE04EC0-301F-11D3-BF4B-00C04F79EFBC}") = "SKDModule", "Modules\SKDModule\SKDModule.csproj", "{BF76BEED-BCFB-488E-849E-D56F1F07D107}"
EndProject
Project("{FAE04EC0-301F-11D3-BF4B-00C04F79EFBC}") = "AutomationModule", "Modules\AutomationModule\AutomationModule.csproj", "{C4BA5C5B-98CD-487B-BC31-ABB9E10E12B9}"
EndProject
Project("{FAE04EC0-301F-11D3-BF4B-00C04F79EFBC}") = "RviClient", "..\Common\RviClient\RviClient.csproj", "{112658EB-3244-4922-AEF7-6376E688B7A7}"
EndProject
Project("{FAE04EC0-301F-11D3-BF4B-00C04F79EFBC}") = "StrazhModule", "Modules\StrazhModule\StrazhModule.csproj", "{4B1764EA-2D31-4365-AF17-2A992D05B1F4}"
EndProject
Project("{2150E333-8FDC-42A3-9474-1A3956D46DE8}") = ".nuget", ".nuget", "{643471C5-7CEA-45ED-8857-56F02BECC734}"
	ProjectSection(SolutionItems) = preProject
		.nuget\NuGet.Config = .nuget\NuGet.Config
		.nuget\NuGet.exe = .nuget\NuGet.exe
		.nuget\NuGet.targets = .nuget\NuGet.targets
	EndProjectSection
EndProject
Project("{FAE04EC0-301F-11D3-BF4B-00C04F79EFBC}") = "RviOperatorClient", "..\Common\RviOperatorClient\RviOperatorClient.csproj", "{630739E0-8854-4260-8A2E-0B0165B6E4F7}"
EndProject
Project("{FAE04EC0-301F-11D3-BF4B-00C04F79EFBC}") = "RviCommonClient", "..\Common\RviCommonClient\RviCommonClient.csproj", "{536498B7-5819-48B2-B11D-A67166787167}"
EndProject
Project("{FAE04EC0-301F-11D3-BF4B-00C04F79EFBC}") = "RviIntegratorClient", "..\Common\RviIntegratorClient\RviIntegratorClient.csproj", "{9F23E451-4543-46BF-85A0-D86F46E6E4F0}"
EndProject
Project("{2150E333-8FDC-42A3-9474-1A3956D46DE8}") = "RviIntegration", "RviIntegration", "{E9DD237D-AA71-40BD-9D28-9CF3B53E5EA8}"
EndProject
Project("{FAE04EC0-301F-11D3-BF4B-00C04F79EFBC}") = "RviClient.UI", "..\Common\RviClient.UI\RviClient.UI.csproj", "{0153177B-67B2-471F-B737-381F8EBC39C5}"
EndProject
Project("{2150E333-8FDC-42A3-9474-1A3956D46DE8}") = "Integration", "Integration", "{BEDDB0D7-9739-4E46-A0BE-5275BBD84373}"
EndProject
Project("{FAE04EC0-301F-11D3-BF4B-00C04F79EFBC}") = "Integration.OPC", "Integration.OPC\Integration.OPC.csproj", "{56036069-BD05-4C22-8FCC-C55A75890B65}"
EndProject
Global
	GlobalSection(SolutionConfigurationPlatforms) = preSolution
		Debug|Any CPU = Debug|Any CPU
		Debug|Mixed Platforms = Debug|Mixed Platforms
		Debug|X64 = Debug|X64
		Debug|x86 = Debug|x86
		Release|Any CPU = Release|Any CPU
		Release|Mixed Platforms = Release|Mixed Platforms
		Release|X64 = Release|X64
		Release|x86 = Release|x86
	EndGlobalSection
	GlobalSection(ProjectConfigurationPlatforms) = postSolution
		{51B2E1D6-9693-4448-B064-F24EA4532532}.Debug|Any CPU.ActiveCfg = Debug|Any CPU
		{51B2E1D6-9693-4448-B064-F24EA4532532}.Debug|Any CPU.Build.0 = Debug|Any CPU
		{51B2E1D6-9693-4448-B064-F24EA4532532}.Debug|Mixed Platforms.ActiveCfg = Debug|Any CPU
		{51B2E1D6-9693-4448-B064-F24EA4532532}.Debug|Mixed Platforms.Build.0 = Debug|Any CPU
		{51B2E1D6-9693-4448-B064-F24EA4532532}.Debug|X64.ActiveCfg = Debug|Any CPU
		{51B2E1D6-9693-4448-B064-F24EA4532532}.Debug|x86.ActiveCfg = Debug|Any CPU
		{51B2E1D6-9693-4448-B064-F24EA4532532}.Release|Any CPU.ActiveCfg = Release|Any CPU
		{51B2E1D6-9693-4448-B064-F24EA4532532}.Release|Any CPU.Build.0 = Release|Any CPU
		{51B2E1D6-9693-4448-B064-F24EA4532532}.Release|Mixed Platforms.ActiveCfg = Release|Any CPU
		{51B2E1D6-9693-4448-B064-F24EA4532532}.Release|Mixed Platforms.Build.0 = Release|Any CPU
		{51B2E1D6-9693-4448-B064-F24EA4532532}.Release|X64.ActiveCfg = Release|Any CPU
		{51B2E1D6-9693-4448-B064-F24EA4532532}.Release|x86.ActiveCfg = Release|Any CPU
		{7E982F7A-E8B8-4B63-A204-9FC7E5F97170}.Debug|Any CPU.ActiveCfg = Debug|x86
		{7E982F7A-E8B8-4B63-A204-9FC7E5F97170}.Debug|Any CPU.Build.0 = Debug|x86
		{7E982F7A-E8B8-4B63-A204-9FC7E5F97170}.Debug|Mixed Platforms.ActiveCfg = Debug|x86
		{7E982F7A-E8B8-4B63-A204-9FC7E5F97170}.Debug|Mixed Platforms.Build.0 = Debug|x86
		{7E982F7A-E8B8-4B63-A204-9FC7E5F97170}.Debug|X64.ActiveCfg = Debug|x86
		{7E982F7A-E8B8-4B63-A204-9FC7E5F97170}.Debug|x86.ActiveCfg = Debug|x86
		{7E982F7A-E8B8-4B63-A204-9FC7E5F97170}.Debug|x86.Build.0 = Debug|x86
		{7E982F7A-E8B8-4B63-A204-9FC7E5F97170}.Release|Any CPU.ActiveCfg = Release|x86
		{7E982F7A-E8B8-4B63-A204-9FC7E5F97170}.Release|Any CPU.Build.0 = Release|x86
		{7E982F7A-E8B8-4B63-A204-9FC7E5F97170}.Release|Mixed Platforms.ActiveCfg = Release|x86
		{7E982F7A-E8B8-4B63-A204-9FC7E5F97170}.Release|Mixed Platforms.Build.0 = Release|x86
		{7E982F7A-E8B8-4B63-A204-9FC7E5F97170}.Release|X64.ActiveCfg = Release|x86
		{7E982F7A-E8B8-4B63-A204-9FC7E5F97170}.Release|x86.ActiveCfg = Release|x86
		{7E982F7A-E8B8-4B63-A204-9FC7E5F97170}.Release|x86.Build.0 = Release|x86
		{200E288D-729A-4619-BAAC-50DE346700BD}.Debug|Any CPU.ActiveCfg = Debug|Any CPU
		{200E288D-729A-4619-BAAC-50DE346700BD}.Debug|Any CPU.Build.0 = Debug|Any CPU
		{200E288D-729A-4619-BAAC-50DE346700BD}.Debug|Mixed Platforms.ActiveCfg = Debug|Any CPU
		{200E288D-729A-4619-BAAC-50DE346700BD}.Debug|Mixed Platforms.Build.0 = Debug|Any CPU
		{200E288D-729A-4619-BAAC-50DE346700BD}.Debug|X64.ActiveCfg = Debug|x86
		{200E288D-729A-4619-BAAC-50DE346700BD}.Debug|x86.ActiveCfg = Debug|Any CPU
		{200E288D-729A-4619-BAAC-50DE346700BD}.Debug|x86.Build.0 = Debug|Any CPU
		{200E288D-729A-4619-BAAC-50DE346700BD}.Release|Any CPU.ActiveCfg = Release|Any CPU
		{200E288D-729A-4619-BAAC-50DE346700BD}.Release|Any CPU.Build.0 = Release|Any CPU
		{200E288D-729A-4619-BAAC-50DE346700BD}.Release|Mixed Platforms.ActiveCfg = Release|Any CPU
		{200E288D-729A-4619-BAAC-50DE346700BD}.Release|Mixed Platforms.Build.0 = Release|Any CPU
		{200E288D-729A-4619-BAAC-50DE346700BD}.Release|X64.ActiveCfg = Release|x86
		{200E288D-729A-4619-BAAC-50DE346700BD}.Release|x86.ActiveCfg = Release|Any CPU
		{200E288D-729A-4619-BAAC-50DE346700BD}.Release|x86.Build.0 = Release|Any CPU
		{773BFF09-076C-4FE5-A602-71FA8F87B1D0}.Debug|Any CPU.ActiveCfg = Debug|Any CPU
		{773BFF09-076C-4FE5-A602-71FA8F87B1D0}.Debug|Any CPU.Build.0 = Debug|Any CPU
		{773BFF09-076C-4FE5-A602-71FA8F87B1D0}.Debug|Mixed Platforms.ActiveCfg = Debug|Any CPU
		{773BFF09-076C-4FE5-A602-71FA8F87B1D0}.Debug|Mixed Platforms.Build.0 = Debug|Any CPU
		{773BFF09-076C-4FE5-A602-71FA8F87B1D0}.Debug|X64.ActiveCfg = Debug|Any CPU
		{773BFF09-076C-4FE5-A602-71FA8F87B1D0}.Debug|x86.ActiveCfg = Debug|Any CPU
		{773BFF09-076C-4FE5-A602-71FA8F87B1D0}.Debug|x86.Build.0 = Debug|Any CPU
		{773BFF09-076C-4FE5-A602-71FA8F87B1D0}.Release|Any CPU.ActiveCfg = Release|Any CPU
		{773BFF09-076C-4FE5-A602-71FA8F87B1D0}.Release|Any CPU.Build.0 = Release|Any CPU
		{773BFF09-076C-4FE5-A602-71FA8F87B1D0}.Release|Mixed Platforms.ActiveCfg = Release|Any CPU
		{773BFF09-076C-4FE5-A602-71FA8F87B1D0}.Release|Mixed Platforms.Build.0 = Release|Any CPU
		{773BFF09-076C-4FE5-A602-71FA8F87B1D0}.Release|X64.ActiveCfg = Release|Any CPU
		{773BFF09-076C-4FE5-A602-71FA8F87B1D0}.Release|x86.ActiveCfg = Release|Any CPU
		{773BFF09-076C-4FE5-A602-71FA8F87B1D0}.Release|x86.Build.0 = Release|Any CPU
		{D57CB190-A30E-4A3D-A674-F1766CE1CC72}.Debug|Any CPU.ActiveCfg = Debug|Any CPU
		{D57CB190-A30E-4A3D-A674-F1766CE1CC72}.Debug|Any CPU.Build.0 = Debug|Any CPU
		{D57CB190-A30E-4A3D-A674-F1766CE1CC72}.Debug|Mixed Platforms.ActiveCfg = Debug|Any CPU
		{D57CB190-A30E-4A3D-A674-F1766CE1CC72}.Debug|Mixed Platforms.Build.0 = Debug|Any CPU
		{D57CB190-A30E-4A3D-A674-F1766CE1CC72}.Debug|X64.ActiveCfg = Debug|x86
		{D57CB190-A30E-4A3D-A674-F1766CE1CC72}.Debug|x86.ActiveCfg = Debug|Any CPU
		{D57CB190-A30E-4A3D-A674-F1766CE1CC72}.Debug|x86.Build.0 = Debug|Any CPU
		{D57CB190-A30E-4A3D-A674-F1766CE1CC72}.Release|Any CPU.ActiveCfg = Release|Any CPU
		{D57CB190-A30E-4A3D-A674-F1766CE1CC72}.Release|Any CPU.Build.0 = Release|Any CPU
		{D57CB190-A30E-4A3D-A674-F1766CE1CC72}.Release|Mixed Platforms.ActiveCfg = Release|Any CPU
		{D57CB190-A30E-4A3D-A674-F1766CE1CC72}.Release|Mixed Platforms.Build.0 = Release|Any CPU
		{D57CB190-A30E-4A3D-A674-F1766CE1CC72}.Release|X64.ActiveCfg = Release|x86
		{D57CB190-A30E-4A3D-A674-F1766CE1CC72}.Release|x86.ActiveCfg = Release|Any CPU
		{D57CB190-A30E-4A3D-A674-F1766CE1CC72}.Release|x86.Build.0 = Release|Any CPU
		{1D308F1E-F990-4CB8-8613-609C3637130D}.Debug|Any CPU.ActiveCfg = Debug|x86
		{1D308F1E-F990-4CB8-8613-609C3637130D}.Debug|Any CPU.Build.0 = Debug|x86
		{1D308F1E-F990-4CB8-8613-609C3637130D}.Debug|Mixed Platforms.ActiveCfg = Debug|x86
		{1D308F1E-F990-4CB8-8613-609C3637130D}.Debug|Mixed Platforms.Build.0 = Debug|x86
		{1D308F1E-F990-4CB8-8613-609C3637130D}.Debug|X64.ActiveCfg = Debug|x86
		{1D308F1E-F990-4CB8-8613-609C3637130D}.Debug|x86.ActiveCfg = Debug|x86
		{1D308F1E-F990-4CB8-8613-609C3637130D}.Debug|x86.Build.0 = Debug|x86
		{1D308F1E-F990-4CB8-8613-609C3637130D}.Release|Any CPU.ActiveCfg = Release|x86
		{1D308F1E-F990-4CB8-8613-609C3637130D}.Release|Any CPU.Build.0 = Release|x86
		{1D308F1E-F990-4CB8-8613-609C3637130D}.Release|Mixed Platforms.ActiveCfg = Release|x86
		{1D308F1E-F990-4CB8-8613-609C3637130D}.Release|Mixed Platforms.Build.0 = Release|x86
		{1D308F1E-F990-4CB8-8613-609C3637130D}.Release|X64.ActiveCfg = Release|x86
		{1D308F1E-F990-4CB8-8613-609C3637130D}.Release|x86.ActiveCfg = Release|x86
		{1D308F1E-F990-4CB8-8613-609C3637130D}.Release|x86.Build.0 = Release|x86
		{7867A1CC-8039-4D7C-B493-7C06E5CDA327}.Debug|Any CPU.ActiveCfg = Debug|x86
		{7867A1CC-8039-4D7C-B493-7C06E5CDA327}.Debug|Any CPU.Build.0 = Debug|x86
		{7867A1CC-8039-4D7C-B493-7C06E5CDA327}.Debug|Mixed Platforms.ActiveCfg = Debug|x86
		{7867A1CC-8039-4D7C-B493-7C06E5CDA327}.Debug|Mixed Platforms.Build.0 = Debug|x86
		{7867A1CC-8039-4D7C-B493-7C06E5CDA327}.Debug|X64.ActiveCfg = Debug|x86
		{7867A1CC-8039-4D7C-B493-7C06E5CDA327}.Debug|x86.ActiveCfg = Debug|x86
		{7867A1CC-8039-4D7C-B493-7C06E5CDA327}.Debug|x86.Build.0 = Debug|x86
		{7867A1CC-8039-4D7C-B493-7C06E5CDA327}.Release|Any CPU.ActiveCfg = Release|x86
		{7867A1CC-8039-4D7C-B493-7C06E5CDA327}.Release|Any CPU.Build.0 = Release|x86
		{7867A1CC-8039-4D7C-B493-7C06E5CDA327}.Release|Mixed Platforms.ActiveCfg = Release|x86
		{7867A1CC-8039-4D7C-B493-7C06E5CDA327}.Release|Mixed Platforms.Build.0 = Release|x86
		{7867A1CC-8039-4D7C-B493-7C06E5CDA327}.Release|X64.ActiveCfg = Release|x86
		{7867A1CC-8039-4D7C-B493-7C06E5CDA327}.Release|x86.ActiveCfg = Release|x86
		{7867A1CC-8039-4D7C-B493-7C06E5CDA327}.Release|x86.Build.0 = Release|x86
		{FE37B6D4-73E5-40F2-A770-A974561430B8}.Debug|Any CPU.ActiveCfg = Debug|Any CPU
		{FE37B6D4-73E5-40F2-A770-A974561430B8}.Debug|Any CPU.Build.0 = Debug|Any CPU
		{FE37B6D4-73E5-40F2-A770-A974561430B8}.Debug|Mixed Platforms.ActiveCfg = Debug|Any CPU
		{FE37B6D4-73E5-40F2-A770-A974561430B8}.Debug|Mixed Platforms.Build.0 = Debug|Any CPU
		{FE37B6D4-73E5-40F2-A770-A974561430B8}.Debug|X64.ActiveCfg = Debug|x64
		{FE37B6D4-73E5-40F2-A770-A974561430B8}.Debug|X64.Build.0 = Debug|x64
		{FE37B6D4-73E5-40F2-A770-A974561430B8}.Debug|x86.ActiveCfg = Debug|Any CPU
		{FE37B6D4-73E5-40F2-A770-A974561430B8}.Debug|x86.Build.0 = Debug|Any CPU
		{FE37B6D4-73E5-40F2-A770-A974561430B8}.Release|Any CPU.ActiveCfg = Release|Any CPU
		{FE37B6D4-73E5-40F2-A770-A974561430B8}.Release|Any CPU.Build.0 = Release|Any CPU
		{FE37B6D4-73E5-40F2-A770-A974561430B8}.Release|Mixed Platforms.ActiveCfg = Release|Any CPU
		{FE37B6D4-73E5-40F2-A770-A974561430B8}.Release|Mixed Platforms.Build.0 = Release|Any CPU
		{FE37B6D4-73E5-40F2-A770-A974561430B8}.Release|X64.ActiveCfg = Release|x64
		{FE37B6D4-73E5-40F2-A770-A974561430B8}.Release|X64.Build.0 = Release|x64
		{FE37B6D4-73E5-40F2-A770-A974561430B8}.Release|x86.ActiveCfg = Release|Any CPU
		{FE37B6D4-73E5-40F2-A770-A974561430B8}.Release|x86.Build.0 = Release|Any CPU
		{0F0ACE8E-E606-4FCA-B6B2-2F1FD86121DE}.Debug|Any CPU.ActiveCfg = Debug|Any CPU
		{0F0ACE8E-E606-4FCA-B6B2-2F1FD86121DE}.Debug|Any CPU.Build.0 = Debug|Any CPU
		{0F0ACE8E-E606-4FCA-B6B2-2F1FD86121DE}.Debug|Mixed Platforms.ActiveCfg = Debug|Any CPU
		{0F0ACE8E-E606-4FCA-B6B2-2F1FD86121DE}.Debug|Mixed Platforms.Build.0 = Debug|Any CPU
		{0F0ACE8E-E606-4FCA-B6B2-2F1FD86121DE}.Debug|X64.ActiveCfg = Debug|x86
		{0F0ACE8E-E606-4FCA-B6B2-2F1FD86121DE}.Debug|x86.ActiveCfg = Debug|Any CPU
		{0F0ACE8E-E606-4FCA-B6B2-2F1FD86121DE}.Debug|x86.Build.0 = Debug|Any CPU
		{0F0ACE8E-E606-4FCA-B6B2-2F1FD86121DE}.Release|Any CPU.ActiveCfg = Release|Any CPU
		{0F0ACE8E-E606-4FCA-B6B2-2F1FD86121DE}.Release|Any CPU.Build.0 = Release|Any CPU
		{0F0ACE8E-E606-4FCA-B6B2-2F1FD86121DE}.Release|Mixed Platforms.ActiveCfg = Release|Any CPU
		{0F0ACE8E-E606-4FCA-B6B2-2F1FD86121DE}.Release|Mixed Platforms.Build.0 = Release|Any CPU
		{0F0ACE8E-E606-4FCA-B6B2-2F1FD86121DE}.Release|X64.ActiveCfg = Release|x86
		{0F0ACE8E-E606-4FCA-B6B2-2F1FD86121DE}.Release|x86.ActiveCfg = Release|Any CPU
		{0F0ACE8E-E606-4FCA-B6B2-2F1FD86121DE}.Release|x86.Build.0 = Release|Any CPU
		{2EC527E0-8748-4B08-8884-14785E65AB7D}.Debug|Any CPU.ActiveCfg = Debug|x86
		{2EC527E0-8748-4B08-8884-14785E65AB7D}.Debug|Any CPU.Build.0 = Debug|x86
		{2EC527E0-8748-4B08-8884-14785E65AB7D}.Debug|Mixed Platforms.ActiveCfg = Debug|x86
		{2EC527E0-8748-4B08-8884-14785E65AB7D}.Debug|Mixed Platforms.Build.0 = Debug|x86
		{2EC527E0-8748-4B08-8884-14785E65AB7D}.Debug|X64.ActiveCfg = Debug|x86
		{2EC527E0-8748-4B08-8884-14785E65AB7D}.Debug|x86.ActiveCfg = Debug|x86
		{2EC527E0-8748-4B08-8884-14785E65AB7D}.Debug|x86.Build.0 = Debug|x86
		{2EC527E0-8748-4B08-8884-14785E65AB7D}.Release|Any CPU.ActiveCfg = Release|x86
		{2EC527E0-8748-4B08-8884-14785E65AB7D}.Release|Any CPU.Build.0 = Release|x86
		{2EC527E0-8748-4B08-8884-14785E65AB7D}.Release|Mixed Platforms.ActiveCfg = Release|x86
		{2EC527E0-8748-4B08-8884-14785E65AB7D}.Release|Mixed Platforms.Build.0 = Release|x86
		{2EC527E0-8748-4B08-8884-14785E65AB7D}.Release|X64.ActiveCfg = Release|x86
		{2EC527E0-8748-4B08-8884-14785E65AB7D}.Release|x86.ActiveCfg = Release|x86
		{2EC527E0-8748-4B08-8884-14785E65AB7D}.Release|x86.Build.0 = Release|x86
		{D78CEFEE-52B2-42BC-9E50-94D990E9DFE2}.Debug|Any CPU.ActiveCfg = Debug|Any CPU
		{D78CEFEE-52B2-42BC-9E50-94D990E9DFE2}.Debug|Any CPU.Build.0 = Debug|Any CPU
		{D78CEFEE-52B2-42BC-9E50-94D990E9DFE2}.Debug|Mixed Platforms.ActiveCfg = Debug|Any CPU
		{D78CEFEE-52B2-42BC-9E50-94D990E9DFE2}.Debug|Mixed Platforms.Build.0 = Debug|Any CPU
		{D78CEFEE-52B2-42BC-9E50-94D990E9DFE2}.Debug|X64.ActiveCfg = Debug|Any CPU
		{D78CEFEE-52B2-42BC-9E50-94D990E9DFE2}.Debug|x86.ActiveCfg = Debug|Any CPU
		{D78CEFEE-52B2-42BC-9E50-94D990E9DFE2}.Release|Any CPU.ActiveCfg = Release|Any CPU
		{D78CEFEE-52B2-42BC-9E50-94D990E9DFE2}.Release|Any CPU.Build.0 = Release|Any CPU
		{D78CEFEE-52B2-42BC-9E50-94D990E9DFE2}.Release|Mixed Platforms.ActiveCfg = Release|Any CPU
		{D78CEFEE-52B2-42BC-9E50-94D990E9DFE2}.Release|Mixed Platforms.Build.0 = Release|Any CPU
		{D78CEFEE-52B2-42BC-9E50-94D990E9DFE2}.Release|X64.ActiveCfg = Release|Any CPU
		{D78CEFEE-52B2-42BC-9E50-94D990E9DFE2}.Release|x86.ActiveCfg = Release|Any CPU
		{F46953E0-CA12-4659-AE8C-88241B541F6C}.Debug|Any CPU.ActiveCfg = Debug|Any CPU
		{F46953E0-CA12-4659-AE8C-88241B541F6C}.Debug|Any CPU.Build.0 = Debug|Any CPU
		{F46953E0-CA12-4659-AE8C-88241B541F6C}.Debug|Mixed Platforms.ActiveCfg = Debug|Any CPU
		{F46953E0-CA12-4659-AE8C-88241B541F6C}.Debug|Mixed Platforms.Build.0 = Debug|Any CPU
		{F46953E0-CA12-4659-AE8C-88241B541F6C}.Debug|X64.ActiveCfg = Debug|x86
		{F46953E0-CA12-4659-AE8C-88241B541F6C}.Debug|x86.ActiveCfg = Debug|Any CPU
		{F46953E0-CA12-4659-AE8C-88241B541F6C}.Debug|x86.Build.0 = Debug|Any CPU
		{F46953E0-CA12-4659-AE8C-88241B541F6C}.Release|Any CPU.ActiveCfg = Release|Any CPU
		{F46953E0-CA12-4659-AE8C-88241B541F6C}.Release|Any CPU.Build.0 = Release|Any CPU
		{F46953E0-CA12-4659-AE8C-88241B541F6C}.Release|Mixed Platforms.ActiveCfg = Release|Any CPU
		{F46953E0-CA12-4659-AE8C-88241B541F6C}.Release|Mixed Platforms.Build.0 = Release|Any CPU
		{F46953E0-CA12-4659-AE8C-88241B541F6C}.Release|X64.ActiveCfg = Release|x86
		{F46953E0-CA12-4659-AE8C-88241B541F6C}.Release|x86.ActiveCfg = Release|Any CPU
		{F46953E0-CA12-4659-AE8C-88241B541F6C}.Release|x86.Build.0 = Release|Any CPU
		{75DDFD5C-6572-4D90-961A-4E08D65B8FE7}.Debug|Any CPU.ActiveCfg = Debug|x86
		{75DDFD5C-6572-4D90-961A-4E08D65B8FE7}.Debug|Any CPU.Build.0 = Debug|x86
		{75DDFD5C-6572-4D90-961A-4E08D65B8FE7}.Debug|Mixed Platforms.ActiveCfg = Debug|x86
		{75DDFD5C-6572-4D90-961A-4E08D65B8FE7}.Debug|Mixed Platforms.Build.0 = Debug|x86
		{75DDFD5C-6572-4D90-961A-4E08D65B8FE7}.Debug|X64.ActiveCfg = Debug|x64
		{75DDFD5C-6572-4D90-961A-4E08D65B8FE7}.Debug|X64.Build.0 = Debug|x64
		{75DDFD5C-6572-4D90-961A-4E08D65B8FE7}.Debug|x86.ActiveCfg = Debug|x86
		{75DDFD5C-6572-4D90-961A-4E08D65B8FE7}.Debug|x86.Build.0 = Debug|x86
		{75DDFD5C-6572-4D90-961A-4E08D65B8FE7}.Release|Any CPU.ActiveCfg = Release|x86
		{75DDFD5C-6572-4D90-961A-4E08D65B8FE7}.Release|Any CPU.Build.0 = Release|x86
		{75DDFD5C-6572-4D90-961A-4E08D65B8FE7}.Release|Mixed Platforms.ActiveCfg = Release|x86
		{75DDFD5C-6572-4D90-961A-4E08D65B8FE7}.Release|Mixed Platforms.Build.0 = Release|x86
		{75DDFD5C-6572-4D90-961A-4E08D65B8FE7}.Release|X64.ActiveCfg = Release|x64
		{75DDFD5C-6572-4D90-961A-4E08D65B8FE7}.Release|X64.Build.0 = Release|x64
		{75DDFD5C-6572-4D90-961A-4E08D65B8FE7}.Release|x86.ActiveCfg = Release|x86
		{75DDFD5C-6572-4D90-961A-4E08D65B8FE7}.Release|x86.Build.0 = Release|x86
		{C33E3B0E-C6A8-477D-A836-8418FB1EEF46}.Debug|Any CPU.ActiveCfg = Debug|x86
		{C33E3B0E-C6A8-477D-A836-8418FB1EEF46}.Debug|Any CPU.Build.0 = Debug|x86
		{C33E3B0E-C6A8-477D-A836-8418FB1EEF46}.Debug|Mixed Platforms.ActiveCfg = Debug|x86
		{C33E3B0E-C6A8-477D-A836-8418FB1EEF46}.Debug|Mixed Platforms.Build.0 = Debug|x86
		{C33E3B0E-C6A8-477D-A836-8418FB1EEF46}.Debug|X64.ActiveCfg = Debug|x86
		{C33E3B0E-C6A8-477D-A836-8418FB1EEF46}.Debug|x86.ActiveCfg = Debug|x86
		{C33E3B0E-C6A8-477D-A836-8418FB1EEF46}.Debug|x86.Build.0 = Debug|x86
		{C33E3B0E-C6A8-477D-A836-8418FB1EEF46}.Release|Any CPU.ActiveCfg = Release|x86
		{C33E3B0E-C6A8-477D-A836-8418FB1EEF46}.Release|Any CPU.Build.0 = Release|x86
		{C33E3B0E-C6A8-477D-A836-8418FB1EEF46}.Release|Mixed Platforms.ActiveCfg = Release|x86
		{C33E3B0E-C6A8-477D-A836-8418FB1EEF46}.Release|Mixed Platforms.Build.0 = Release|x86
		{C33E3B0E-C6A8-477D-A836-8418FB1EEF46}.Release|X64.ActiveCfg = Release|x86
		{C33E3B0E-C6A8-477D-A836-8418FB1EEF46}.Release|x86.ActiveCfg = Release|x86
		{C33E3B0E-C6A8-477D-A836-8418FB1EEF46}.Release|x86.Build.0 = Release|x86
		{F91017CC-7740-46F0-B86A-9FDB6E2E1EDB}.Debug|Any CPU.ActiveCfg = Debug|Any CPU
		{F91017CC-7740-46F0-B86A-9FDB6E2E1EDB}.Debug|Any CPU.Build.0 = Debug|Any CPU
		{F91017CC-7740-46F0-B86A-9FDB6E2E1EDB}.Debug|Mixed Platforms.ActiveCfg = Debug|Any CPU
		{F91017CC-7740-46F0-B86A-9FDB6E2E1EDB}.Debug|Mixed Platforms.Build.0 = Debug|Any CPU
		{F91017CC-7740-46F0-B86A-9FDB6E2E1EDB}.Debug|X64.ActiveCfg = Debug|Any CPU
		{F91017CC-7740-46F0-B86A-9FDB6E2E1EDB}.Debug|x86.ActiveCfg = Debug|Any CPU
		{F91017CC-7740-46F0-B86A-9FDB6E2E1EDB}.Release|Any CPU.ActiveCfg = Release|Any CPU
		{F91017CC-7740-46F0-B86A-9FDB6E2E1EDB}.Release|Any CPU.Build.0 = Release|Any CPU
		{F91017CC-7740-46F0-B86A-9FDB6E2E1EDB}.Release|Mixed Platforms.ActiveCfg = Release|Any CPU
		{F91017CC-7740-46F0-B86A-9FDB6E2E1EDB}.Release|Mixed Platforms.Build.0 = Release|Any CPU
		{F91017CC-7740-46F0-B86A-9FDB6E2E1EDB}.Release|X64.ActiveCfg = Release|Any CPU
		{F91017CC-7740-46F0-B86A-9FDB6E2E1EDB}.Release|x86.ActiveCfg = Release|Any CPU
		{DA2A8431-7328-4AE8-926F-E191700577A1}.Debug|Any CPU.ActiveCfg = Debug|Any CPU
		{DA2A8431-7328-4AE8-926F-E191700577A1}.Debug|Any CPU.Build.0 = Debug|Any CPU
		{DA2A8431-7328-4AE8-926F-E191700577A1}.Debug|Mixed Platforms.ActiveCfg = Debug|Any CPU
		{DA2A8431-7328-4AE8-926F-E191700577A1}.Debug|Mixed Platforms.Build.0 = Debug|Any CPU
		{DA2A8431-7328-4AE8-926F-E191700577A1}.Debug|X64.ActiveCfg = Debug|Any CPU
		{DA2A8431-7328-4AE8-926F-E191700577A1}.Debug|x86.ActiveCfg = Debug|Any CPU
		{DA2A8431-7328-4AE8-926F-E191700577A1}.Release|Any CPU.ActiveCfg = Release|Any CPU
		{DA2A8431-7328-4AE8-926F-E191700577A1}.Release|Any CPU.Build.0 = Release|Any CPU
		{DA2A8431-7328-4AE8-926F-E191700577A1}.Release|Mixed Platforms.ActiveCfg = Release|Any CPU
		{DA2A8431-7328-4AE8-926F-E191700577A1}.Release|Mixed Platforms.Build.0 = Release|Any CPU
		{DA2A8431-7328-4AE8-926F-E191700577A1}.Release|X64.ActiveCfg = Release|Any CPU
		{DA2A8431-7328-4AE8-926F-E191700577A1}.Release|x86.ActiveCfg = Release|Any CPU
		{9193BC5C-3DEF-49B0-844A-9385B1540381}.Debug|Any CPU.ActiveCfg = Debug|Any CPU
		{9193BC5C-3DEF-49B0-844A-9385B1540381}.Debug|Any CPU.Build.0 = Debug|Any CPU
		{9193BC5C-3DEF-49B0-844A-9385B1540381}.Debug|Mixed Platforms.ActiveCfg = Debug|Any CPU
		{9193BC5C-3DEF-49B0-844A-9385B1540381}.Debug|Mixed Platforms.Build.0 = Debug|Any CPU
		{9193BC5C-3DEF-49B0-844A-9385B1540381}.Debug|X64.ActiveCfg = Debug|Any CPU
		{9193BC5C-3DEF-49B0-844A-9385B1540381}.Debug|x86.ActiveCfg = Debug|Any CPU
		{9193BC5C-3DEF-49B0-844A-9385B1540381}.Release|Any CPU.ActiveCfg = Release|Any CPU
		{9193BC5C-3DEF-49B0-844A-9385B1540381}.Release|Any CPU.Build.0 = Release|Any CPU
		{9193BC5C-3DEF-49B0-844A-9385B1540381}.Release|Mixed Platforms.ActiveCfg = Release|Any CPU
		{9193BC5C-3DEF-49B0-844A-9385B1540381}.Release|Mixed Platforms.Build.0 = Release|Any CPU
		{9193BC5C-3DEF-49B0-844A-9385B1540381}.Release|X64.ActiveCfg = Release|Any CPU
		{9193BC5C-3DEF-49B0-844A-9385B1540381}.Release|x86.ActiveCfg = Release|Any CPU
		{8CD90C43-088E-420C-AA4F-7346F6F11B57}.Debug|Any CPU.ActiveCfg = Debug|Any CPU
		{8CD90C43-088E-420C-AA4F-7346F6F11B57}.Debug|Any CPU.Build.0 = Debug|Any CPU
		{8CD90C43-088E-420C-AA4F-7346F6F11B57}.Debug|Mixed Platforms.ActiveCfg = Debug|x64
		{8CD90C43-088E-420C-AA4F-7346F6F11B57}.Debug|Mixed Platforms.Build.0 = Debug|x64
		{8CD90C43-088E-420C-AA4F-7346F6F11B57}.Debug|X64.ActiveCfg = Debug|x64
		{8CD90C43-088E-420C-AA4F-7346F6F11B57}.Debug|X64.Build.0 = Debug|x64
		{8CD90C43-088E-420C-AA4F-7346F6F11B57}.Debug|x86.ActiveCfg = Debug|x64
		{8CD90C43-088E-420C-AA4F-7346F6F11B57}.Release|Any CPU.ActiveCfg = Release|Any CPU
		{8CD90C43-088E-420C-AA4F-7346F6F11B57}.Release|Any CPU.Build.0 = Release|Any CPU
		{8CD90C43-088E-420C-AA4F-7346F6F11B57}.Release|Mixed Platforms.ActiveCfg = Release|x64
		{8CD90C43-088E-420C-AA4F-7346F6F11B57}.Release|Mixed Platforms.Build.0 = Release|x64
		{8CD90C43-088E-420C-AA4F-7346F6F11B57}.Release|X64.ActiveCfg = Release|x64
		{8CD90C43-088E-420C-AA4F-7346F6F11B57}.Release|X64.Build.0 = Release|x64
		{8CD90C43-088E-420C-AA4F-7346F6F11B57}.Release|x86.ActiveCfg = Release|x64
		{BF76BEED-BCFB-488E-849E-D56F1F07D107}.Debug|Any CPU.ActiveCfg = Debug|Any CPU
		{BF76BEED-BCFB-488E-849E-D56F1F07D107}.Debug|Any CPU.Build.0 = Debug|Any CPU
		{BF76BEED-BCFB-488E-849E-D56F1F07D107}.Debug|Mixed Platforms.ActiveCfg = Debug|Any CPU
		{BF76BEED-BCFB-488E-849E-D56F1F07D107}.Debug|Mixed Platforms.Build.0 = Debug|Any CPU
		{BF76BEED-BCFB-488E-849E-D56F1F07D107}.Debug|X64.ActiveCfg = Debug|Any CPU
		{BF76BEED-BCFB-488E-849E-D56F1F07D107}.Debug|x86.ActiveCfg = Debug|Any CPU
		{BF76BEED-BCFB-488E-849E-D56F1F07D107}.Release|Any CPU.ActiveCfg = Release|Any CPU
		{BF76BEED-BCFB-488E-849E-D56F1F07D107}.Release|Any CPU.Build.0 = Release|Any CPU
		{BF76BEED-BCFB-488E-849E-D56F1F07D107}.Release|Mixed Platforms.ActiveCfg = Release|Any CPU
		{BF76BEED-BCFB-488E-849E-D56F1F07D107}.Release|Mixed Platforms.Build.0 = Release|Any CPU
		{BF76BEED-BCFB-488E-849E-D56F1F07D107}.Release|X64.ActiveCfg = Release|Any CPU
		{BF76BEED-BCFB-488E-849E-D56F1F07D107}.Release|x86.ActiveCfg = Release|Any CPU
		{C4BA5C5B-98CD-487B-BC31-ABB9E10E12B9}.Debug|Any CPU.ActiveCfg = Debug|Any CPU
		{C4BA5C5B-98CD-487B-BC31-ABB9E10E12B9}.Debug|Any CPU.Build.0 = Debug|Any CPU
		{C4BA5C5B-98CD-487B-BC31-ABB9E10E12B9}.Debug|Mixed Platforms.ActiveCfg = Debug|Any CPU
		{C4BA5C5B-98CD-487B-BC31-ABB9E10E12B9}.Debug|Mixed Platforms.Build.0 = Debug|Any CPU
		{C4BA5C5B-98CD-487B-BC31-ABB9E10E12B9}.Debug|X64.ActiveCfg = Debug|Any CPU
		{C4BA5C5B-98CD-487B-BC31-ABB9E10E12B9}.Debug|x86.ActiveCfg = Debug|Any CPU
		{C4BA5C5B-98CD-487B-BC31-ABB9E10E12B9}.Release|Any CPU.ActiveCfg = Release|Any CPU
		{C4BA5C5B-98CD-487B-BC31-ABB9E10E12B9}.Release|Any CPU.Build.0 = Release|Any CPU
		{C4BA5C5B-98CD-487B-BC31-ABB9E10E12B9}.Release|Mixed Platforms.ActiveCfg = Release|Any CPU
		{C4BA5C5B-98CD-487B-BC31-ABB9E10E12B9}.Release|Mixed Platforms.Build.0 = Release|Any CPU
		{C4BA5C5B-98CD-487B-BC31-ABB9E10E12B9}.Release|X64.ActiveCfg = Release|Any CPU
		{C4BA5C5B-98CD-487B-BC31-ABB9E10E12B9}.Release|x86.ActiveCfg = Release|Any CPU
		{112658EB-3244-4922-AEF7-6376E688B7A7}.Debug|Any CPU.ActiveCfg = Debug|Any CPU
		{112658EB-3244-4922-AEF7-6376E688B7A7}.Debug|Any CPU.Build.0 = Debug|Any CPU
		{112658EB-3244-4922-AEF7-6376E688B7A7}.Debug|Mixed Platforms.ActiveCfg = Debug|Any CPU
		{112658EB-3244-4922-AEF7-6376E688B7A7}.Debug|Mixed Platforms.Build.0 = Debug|Any CPU
		{112658EB-3244-4922-AEF7-6376E688B7A7}.Debug|X64.ActiveCfg = Debug|Any CPU
		{112658EB-3244-4922-AEF7-6376E688B7A7}.Debug|x86.ActiveCfg = Debug|Any CPU
		{112658EB-3244-4922-AEF7-6376E688B7A7}.Release|Any CPU.ActiveCfg = Release|Any CPU
		{112658EB-3244-4922-AEF7-6376E688B7A7}.Release|Any CPU.Build.0 = Release|Any CPU
		{112658EB-3244-4922-AEF7-6376E688B7A7}.Release|Mixed Platforms.ActiveCfg = Release|Any CPU
		{112658EB-3244-4922-AEF7-6376E688B7A7}.Release|Mixed Platforms.Build.0 = Release|Any CPU
		{112658EB-3244-4922-AEF7-6376E688B7A7}.Release|X64.ActiveCfg = Release|Any CPU
		{112658EB-3244-4922-AEF7-6376E688B7A7}.Release|x86.ActiveCfg = Release|Any CPU
		{4B1764EA-2D31-4365-AF17-2A992D05B1F4}.Debug|Any CPU.ActiveCfg = Debug|Any CPU
		{4B1764EA-2D31-4365-AF17-2A992D05B1F4}.Debug|Any CPU.Build.0 = Debug|Any CPU
		{4B1764EA-2D31-4365-AF17-2A992D05B1F4}.Debug|Mixed Platforms.ActiveCfg = Debug|Any CPU
		{4B1764EA-2D31-4365-AF17-2A992D05B1F4}.Debug|Mixed Platforms.Build.0 = Debug|Any CPU
		{4B1764EA-2D31-4365-AF17-2A992D05B1F4}.Debug|X64.ActiveCfg = Debug|Any CPU
		{4B1764EA-2D31-4365-AF17-2A992D05B1F4}.Debug|x86.ActiveCfg = Debug|Any CPU
		{4B1764EA-2D31-4365-AF17-2A992D05B1F4}.Release|Any CPU.ActiveCfg = Release|Any CPU
		{4B1764EA-2D31-4365-AF17-2A992D05B1F4}.Release|Any CPU.Build.0 = Release|Any CPU
		{4B1764EA-2D31-4365-AF17-2A992D05B1F4}.Release|Mixed Platforms.ActiveCfg = Release|Any CPU
		{4B1764EA-2D31-4365-AF17-2A992D05B1F4}.Release|Mixed Platforms.Build.0 = Release|Any CPU
		{4B1764EA-2D31-4365-AF17-2A992D05B1F4}.Release|X64.ActiveCfg = Release|Any CPU
		{4B1764EA-2D31-4365-AF17-2A992D05B1F4}.Release|x86.ActiveCfg = Release|Any CPU
		{630739E0-8854-4260-8A2E-0B0165B6E4F7}.Debug|Any CPU.ActiveCfg = Debug|Any CPU
		{630739E0-8854-4260-8A2E-0B0165B6E4F7}.Debug|Any CPU.Build.0 = Debug|Any CPU
		{630739E0-8854-4260-8A2E-0B0165B6E4F7}.Debug|Mixed Platforms.ActiveCfg = Debug|Any CPU
		{630739E0-8854-4260-8A2E-0B0165B6E4F7}.Debug|Mixed Platforms.Build.0 = Debug|Any CPU
		{630739E0-8854-4260-8A2E-0B0165B6E4F7}.Debug|X64.ActiveCfg = Debug|Any CPU
		{630739E0-8854-4260-8A2E-0B0165B6E4F7}.Debug|x86.ActiveCfg = Debug|Any CPU
		{630739E0-8854-4260-8A2E-0B0165B6E4F7}.Release|Any CPU.ActiveCfg = Release|Any CPU
		{630739E0-8854-4260-8A2E-0B0165B6E4F7}.Release|Any CPU.Build.0 = Release|Any CPU
		{630739E0-8854-4260-8A2E-0B0165B6E4F7}.Release|Mixed Platforms.ActiveCfg = Release|Any CPU
		{630739E0-8854-4260-8A2E-0B0165B6E4F7}.Release|Mixed Platforms.Build.0 = Release|Any CPU
		{630739E0-8854-4260-8A2E-0B0165B6E4F7}.Release|X64.ActiveCfg = Release|Any CPU
		{630739E0-8854-4260-8A2E-0B0165B6E4F7}.Release|x86.ActiveCfg = Release|Any CPU
		{536498B7-5819-48B2-B11D-A67166787167}.Debug|Any CPU.ActiveCfg = Debug|Any CPU
		{536498B7-5819-48B2-B11D-A67166787167}.Debug|Any CPU.Build.0 = Debug|Any CPU
		{536498B7-5819-48B2-B11D-A67166787167}.Debug|Mixed Platforms.ActiveCfg = Debug|Any CPU
		{536498B7-5819-48B2-B11D-A67166787167}.Debug|Mixed Platforms.Build.0 = Debug|Any CPU
		{536498B7-5819-48B2-B11D-A67166787167}.Debug|X64.ActiveCfg = Debug|Any CPU
		{536498B7-5819-48B2-B11D-A67166787167}.Debug|x86.ActiveCfg = Debug|Any CPU
		{536498B7-5819-48B2-B11D-A67166787167}.Release|Any CPU.ActiveCfg = Release|Any CPU
		{536498B7-5819-48B2-B11D-A67166787167}.Release|Any CPU.Build.0 = Release|Any CPU
		{536498B7-5819-48B2-B11D-A67166787167}.Release|Mixed Platforms.ActiveCfg = Release|Any CPU
		{536498B7-5819-48B2-B11D-A67166787167}.Release|Mixed Platforms.Build.0 = Release|Any CPU
		{536498B7-5819-48B2-B11D-A67166787167}.Release|X64.ActiveCfg = Release|Any CPU
		{536498B7-5819-48B2-B11D-A67166787167}.Release|x86.ActiveCfg = Release|Any CPU
		{9F23E451-4543-46BF-85A0-D86F46E6E4F0}.Debug|Any CPU.ActiveCfg = Debug|Any CPU
		{9F23E451-4543-46BF-85A0-D86F46E6E4F0}.Debug|Any CPU.Build.0 = Debug|Any CPU
		{9F23E451-4543-46BF-85A0-D86F46E6E4F0}.Debug|Mixed Platforms.ActiveCfg = Debug|Any CPU
		{9F23E451-4543-46BF-85A0-D86F46E6E4F0}.Debug|Mixed Platforms.Build.0 = Debug|Any CPU
		{9F23E451-4543-46BF-85A0-D86F46E6E4F0}.Debug|X64.ActiveCfg = Debug|Any CPU
		{9F23E451-4543-46BF-85A0-D86F46E6E4F0}.Debug|x86.ActiveCfg = Debug|Any CPU
		{9F23E451-4543-46BF-85A0-D86F46E6E4F0}.Release|Any CPU.ActiveCfg = Release|Any CPU
		{9F23E451-4543-46BF-85A0-D86F46E6E4F0}.Release|Any CPU.Build.0 = Release|Any CPU
		{9F23E451-4543-46BF-85A0-D86F46E6E4F0}.Release|Mixed Platforms.ActiveCfg = Release|Any CPU
		{9F23E451-4543-46BF-85A0-D86F46E6E4F0}.Release|Mixed Platforms.Build.0 = Release|Any CPU
		{9F23E451-4543-46BF-85A0-D86F46E6E4F0}.Release|X64.ActiveCfg = Release|Any CPU
		{9F23E451-4543-46BF-85A0-D86F46E6E4F0}.Release|x86.ActiveCfg = Release|Any CPU
		{0153177B-67B2-471F-B737-381F8EBC39C5}.Debug|Any CPU.ActiveCfg = Debug|Any CPU
		{0153177B-67B2-471F-B737-381F8EBC39C5}.Debug|Any CPU.Build.0 = Debug|Any CPU
		{0153177B-67B2-471F-B737-381F8EBC39C5}.Debug|Mixed Platforms.ActiveCfg = Debug|Any CPU
		{0153177B-67B2-471F-B737-381F8EBC39C5}.Debug|Mixed Platforms.Build.0 = Debug|Any CPU
		{0153177B-67B2-471F-B737-381F8EBC39C5}.Debug|X64.ActiveCfg = Debug|Any CPU
		{0153177B-67B2-471F-B737-381F8EBC39C5}.Debug|x86.ActiveCfg = Debug|Any CPU
		{0153177B-67B2-471F-B737-381F8EBC39C5}.Release|Any CPU.ActiveCfg = Release|Any CPU
		{0153177B-67B2-471F-B737-381F8EBC39C5}.Release|Any CPU.Build.0 = Release|Any CPU
		{0153177B-67B2-471F-B737-381F8EBC39C5}.Release|Mixed Platforms.ActiveCfg = Release|Any CPU
		{0153177B-67B2-471F-B737-381F8EBC39C5}.Release|Mixed Platforms.Build.0 = Release|Any CPU
		{0153177B-67B2-471F-B737-381F8EBC39C5}.Release|X64.ActiveCfg = Release|Any CPU
		{0153177B-67B2-471F-B737-381F8EBC39C5}.Release|x86.ActiveCfg = Release|Any CPU
		{56036069-BD05-4C22-8FCC-C55A75890B65}.Debug|Any CPU.ActiveCfg = Debug|Any CPU
		{56036069-BD05-4C22-8FCC-C55A75890B65}.Debug|Any CPU.Build.0 = Debug|Any CPU
		{56036069-BD05-4C22-8FCC-C55A75890B65}.Debug|Mixed Platforms.ActiveCfg = Debug|Any CPU
		{56036069-BD05-4C22-8FCC-C55A75890B65}.Debug|Mixed Platforms.Build.0 = Debug|Any CPU
		{56036069-BD05-4C22-8FCC-C55A75890B65}.Debug|X64.ActiveCfg = Debug|Any CPU
		{56036069-BD05-4C22-8FCC-C55A75890B65}.Debug|x86.ActiveCfg = Debug|Any CPU
		{56036069-BD05-4C22-8FCC-C55A75890B65}.Release|Any CPU.ActiveCfg = Release|Any CPU
		{56036069-BD05-4C22-8FCC-C55A75890B65}.Release|Any CPU.Build.0 = Release|Any CPU
		{56036069-BD05-4C22-8FCC-C55A75890B65}.Release|Mixed Platforms.ActiveCfg = Release|Any CPU
		{56036069-BD05-4C22-8FCC-C55A75890B65}.Release|Mixed Platforms.Build.0 = Release|Any CPU
		{56036069-BD05-4C22-8FCC-C55A75890B65}.Release|X64.ActiveCfg = Release|Any CPU
		{56036069-BD05-4C22-8FCC-C55A75890B65}.Release|x86.ActiveCfg = Release|Any CPU
	EndGlobalSection
	GlobalSection(SolutionProperties) = preSolution
		HideSolutionNode = FALSE
	EndGlobalSection
	GlobalSection(NestedProjects) = preSolution
		{200E288D-729A-4619-BAAC-50DE346700BD} = {2EE2B650-8DC1-452D-A3A4-70CE4DA91315}
		{773BFF09-076C-4FE5-A602-71FA8F87B1D0} = {2EE2B650-8DC1-452D-A3A4-70CE4DA91315}
		{D57CB190-A30E-4A3D-A674-F1766CE1CC72} = {D663DF3D-C732-4D29-9258-F5C7DC53BD8D}
		{1D308F1E-F990-4CB8-8613-609C3637130D} = {2EE2B650-8DC1-452D-A3A4-70CE4DA91315}
		{7867A1CC-8039-4D7C-B493-7C06E5CDA327} = {2EE2B650-8DC1-452D-A3A4-70CE4DA91315}
		{FE37B6D4-73E5-40F2-A770-A974561430B8} = {D663DF3D-C732-4D29-9258-F5C7DC53BD8D}
		{0F0ACE8E-E606-4FCA-B6B2-2F1FD86121DE} = {D663DF3D-C732-4D29-9258-F5C7DC53BD8D}
		{2EC527E0-8748-4B08-8884-14785E65AB7D} = {2EE2B650-8DC1-452D-A3A4-70CE4DA91315}
		{D78CEFEE-52B2-42BC-9E50-94D990E9DFE2} = {D663DF3D-C732-4D29-9258-F5C7DC53BD8D}
		{F46953E0-CA12-4659-AE8C-88241B541F6C} = {D663DF3D-C732-4D29-9258-F5C7DC53BD8D}
		{75DDFD5C-6572-4D90-961A-4E08D65B8FE7} = {D663DF3D-C732-4D29-9258-F5C7DC53BD8D}
		{C33E3B0E-C6A8-477D-A836-8418FB1EEF46} = {2EE2B650-8DC1-452D-A3A4-70CE4DA91315}
		{F91017CC-7740-46F0-B86A-9FDB6E2E1EDB} = {D663DF3D-C732-4D29-9258-F5C7DC53BD8D}
		{DA2A8431-7328-4AE8-926F-E191700577A1} = {D663DF3D-C732-4D29-9258-F5C7DC53BD8D}
		{9193BC5C-3DEF-49B0-844A-9385B1540381} = {D663DF3D-C732-4D29-9258-F5C7DC53BD8D}
		{8CD90C43-088E-420C-AA4F-7346F6F11B57} = {2EE2B650-8DC1-452D-A3A4-70CE4DA91315}
		{BF76BEED-BCFB-488E-849E-D56F1F07D107} = {2EE2B650-8DC1-452D-A3A4-70CE4DA91315}
		{C4BA5C5B-98CD-487B-BC31-ABB9E10E12B9} = {2EE2B650-8DC1-452D-A3A4-70CE4DA91315}
		{112658EB-3244-4922-AEF7-6376E688B7A7} = {E9DD237D-AA71-40BD-9D28-9CF3B53E5EA8}
		{4B1764EA-2D31-4365-AF17-2A992D05B1F4} = {2EE2B650-8DC1-452D-A3A4-70CE4DA91315}
		{630739E0-8854-4260-8A2E-0B0165B6E4F7} = {E9DD237D-AA71-40BD-9D28-9CF3B53E5EA8}
		{536498B7-5819-48B2-B11D-A67166787167} = {E9DD237D-AA71-40BD-9D28-9CF3B53E5EA8}
		{9F23E451-4543-46BF-85A0-D86F46E6E4F0} = {E9DD237D-AA71-40BD-9D28-9CF3B53E5EA8}
		{E9DD237D-AA71-40BD-9D28-9CF3B53E5EA8} = {D663DF3D-C732-4D29-9258-F5C7DC53BD8D}
		{0153177B-67B2-471F-B737-381F8EBC39C5} = {E9DD237D-AA71-40BD-9D28-9CF3B53E5EA8}
		{BEDDB0D7-9739-4E46-A0BE-5275BBD84373} = {2EE2B650-8DC1-452D-A3A4-70CE4DA91315}
		{56036069-BD05-4C22-8FCC-C55A75890B65} = {BEDDB0D7-9739-4E46-A0BE-5275BBD84373}
	EndGlobalSection
EndGlobal
