
Microsoft Visual Studio Solution File, Format Version 11.00
# Visual Studio 2010
Project("{FAE04EC0-301F-11D3-BF4B-00C04F79EFBC}") = "FireAdministrator", "FireAdministrator\FireAdministrator.csproj", "{51B2E1D6-9693-4448-B064-F24EA4532532}"
EndProject
Project("{2150E333-8FDC-42A3-9474-1A3956D46DE8}") = "Modules", "Modules", "{2EE2B650-8DC1-452D-A3A4-70CE4DA91315}"
EndProject
Project("{FAE04EC0-301F-11D3-BF4B-00C04F79EFBC}") = "Infrastructure", "Infrastructure\Infrastructure.csproj", "{7E982F7A-E8B8-4B63-A204-9FC7E5F97170}"
EndProject
Project("{FAE04EC0-301F-11D3-BF4B-00C04F79EFBC}") = "DevicesModule", "Modules\DevicesModule\DevicesModule.csproj", "{948B3C2D-715A-4B65-9847-36B71E90B40A}"
EndProject
Project("{FAE04EC0-301F-11D3-BF4B-00C04F79EFBC}") = "LibraryModule", "Modules\LibraryModule\LibraryModule.csproj", "{16D926CB-C605-48A0-91FC-105C80AA685B}"
EndProject
Project("{FAE04EC0-301F-11D3-BF4B-00C04F79EFBC}") = "PlansModule", "Modules\PlansModule\PlansModule.csproj", "{200E288D-729A-4619-BAAC-50DE346700BD}"
EndProject
Project("{FAE04EC0-301F-11D3-BF4B-00C04F79EFBC}") = "SecurityModule", "Modules\SecurityModule\SecurityModule.csproj", "{773BFF09-076C-4FE5-A602-71FA8F87B1D0}"
EndProject
Project("{FAE04EC0-301F-11D3-BF4B-00C04F79EFBC}") = "Infrastructure.Common", "..\Common\Infrastructure.Common\Infrastructure.Common.csproj", "{D57CB190-A30E-4A3D-A674-F1766CE1CC72}"
EndProject
Project("{FAE04EC0-301F-11D3-BF4B-00C04F79EFBC}") = "SoundsModule", "Modules\SoundModule\SoundsModule.csproj", "{1D308F1E-F990-4CB8-8613-609C3637130D}"
EndProject
Project("{FAE04EC0-301F-11D3-BF4B-00C04F79EFBC}") = "FiltersModule", "Modules\FiltersModule\FiltersModule.csproj", "{7867A1CC-8039-4D7C-B493-7C06E5CDA327}"
EndProject
Project("{FAE04EC0-301F-11D3-BF4B-00C04F79EFBC}") = "InstructionsModule", "Modules\InstructionsModule\InstructionsModule.csproj", "{0F163243-0BCB-44D6-B849-4ED207B27027}"
EndProject
Project("{2150E333-8FDC-42A3-9474-1A3956D46DE8}") = "Common", "Common", "{D663DF3D-C732-4D29-9258-F5C7DC53BD8D}"
EndProject
Project("{FAE04EC0-301F-11D3-BF4B-00C04F79EFBC}") = "Common", "..\Common\Common\Common.csproj", "{FE37B6D4-73E5-40F2-A770-A974561430B8}"
EndProject
Project("{FAE04EC0-301F-11D3-BF4B-00C04F79EFBC}") = "Controls", "..\Common\Controls\Controls.csproj", "{0F0ACE8E-E606-4FCA-B6B2-2F1FD86121DE}"
EndProject
Project("{FAE04EC0-301F-11D3-BF4B-00C04F79EFBC}") = "SettingsModule", "Modules\SettingsModule\SettingsModule.csproj", "{2EC527E0-8748-4B08-8884-14785E65AB7D}"
EndProject
Project("{FAE04EC0-301F-11D3-BF4B-00C04F79EFBC}") = "DeviceControls", "..\Common\DeviceControls\DeviceControls.csproj", "{D78CEFEE-52B2-42BC-9E50-94D990E9DFE2}"
EndProject
Project("{FAE04EC0-301F-11D3-BF4B-00C04F79EFBC}") = "FiresecClient", "..\Common\FiresecClient\FiresecClient.csproj", "{F46953E0-CA12-4659-AE8C-88241B541F6C}"
EndProject
Project("{FAE04EC0-301F-11D3-BF4B-00C04F79EFBC}") = "FiresecAPI", "..\Common\FiresecServiceAPI\FiresecAPI.csproj", "{75DDFD5C-6572-4D90-961A-4E08D65B8FE7}"
EndProject
Project("{FAE04EC0-301F-11D3-BF4B-00C04F79EFBC}") = "GKModule", "Modules\GroupControllerModule\GKModule.csproj", "{75276EBA-15D7-4F08-8239-3C40E6835CB6}"
EndProject
Project("{FAE04EC0-301F-11D3-BF4B-00C04F79EFBC}") = "VideoModule", "Modules\VideoModule\VideoModule.csproj", "{C33E3B0E-C6A8-477D-A836-8418FB1EEF46}"
EndProject
Project("{FAE04EC0-301F-11D3-BF4B-00C04F79EFBC}") = "SkudModule", "Modules\SkudModule\SkudModule.csproj", "{BF76BEED-BCFB-488E-849E-D56F1F07D107}"
EndProject
Project("{FAE04EC0-301F-11D3-BF4B-00C04F79EFBC}") = "Infrastructure.Client", "..\Common\Infrastructure.Client\Infrastructure.Client.csproj", "{F91017CC-7740-46F0-B86A-9FDB6E2E1EDB}"
EndProject
Project("{FAE04EC0-301F-11D3-BF4B-00C04F79EFBC}") = "OPCModule", "Modules\OPCModule\OPCModule.csproj", "{028751A9-57C7-459C-BF38-878D68923835}"
EndProject
Project("{FAE04EC0-301F-11D3-BF4B-00C04F79EFBC}") = "Infrustructure.Plans", "..\Common\Infrustructure.Plans\Infrustructure.Plans.csproj", "{DA2A8431-7328-4AE8-926F-E191700577A1}"
EndProject
Project("{FAE04EC0-301F-11D3-BF4B-00C04F79EFBC}") = "TreeListView", "..\Common\TreeListView\TreeListView.csproj", "{59A4159D-1038-4770-91DF-154A22CDE411}"
EndProject
Project("{FAE04EC0-301F-11D3-BF4B-00C04F79EFBC}") = "Common.GK", "..\Common\Common.GK\Common.GK.csproj", "{987CDFB8-DC44-4873-9E19-7666DE222820}"
EndProject
Project("{FAE04EC0-301F-11D3-BF4B-00C04F79EFBC}") = "Firesec", "..\Common\Firesec\Firesec.csproj", "{D8D5BB16-DAA5-4755-A924-34AC8DCE19E8}"
EndProject
Project("{FAE04EC0-301F-11D3-BF4B-00C04F79EFBC}") = "DiagnosticsModule", "Modules\DiagnosticsModule\DiagnosticsModule.csproj", "{4CF1CD7F-310C-4593-9250-F962CEB63DE8}"
EndProject
Project("{FAE04EC0-301F-11D3-BF4B-00C04F79EFBC}") = "FiresecClient.ITV", "..\Common\FiresecClient.ITV\FiresecClient.ITV.csproj", "{BA3B2046-3E62-4BCC-814D-33B1ABE17211}"
EndProject
Project("{2150E333-8FDC-42A3-9474-1A3956D46DE8}") = "FSAgent", "FSAgent", "{F7505F47-93A3-44A5-9224-B2A11BB14828}"
EndProject
Project("{FAE04EC0-301F-11D3-BF4B-00C04F79EFBC}") = "FSAgentAPI", "..\FSAgent\FSAgentAPI\FSAgentAPI.csproj", "{FAD8F3BF-5491-47C5-A250-CDBA3218B6FD}"
EndProject
Project("{FAE04EC0-301F-11D3-BF4B-00C04F79EFBC}") = "FSAgentClient", "..\FSAgent\FSAgentClient\FSAgentClient.csproj", "{31F451DF-6C15-4867-A2A3-241D9B1A882C}"
EndProject
Project("{FAE04EC0-301F-11D3-BF4B-00C04F79EFBC}") = "NotificationModule", "Modules\NotificationModule\NotificationModule.csproj", "{93B6B8D5-7A3B-4E04-8CEA-44FCB3C4C79B}"
EndProject
Project("{2150E333-8FDC-42A3-9474-1A3956D46DE8}") = "FS2", "FS2", "{1286743E-25AE-404B-8F51-47C26C3ADAB5}"
EndProject
Project("{FAE04EC0-301F-11D3-BF4B-00C04F79EFBC}") = "FS2API", "..\Common\FS2Api\FS2API.csproj", "{C591ACC7-7103-4CD4-ABD6-8B2A458FB6E0}"
EndProject
Project("{FAE04EC0-301F-11D3-BF4B-00C04F79EFBC}") = "FS2Client", "..\Common\FS2Client\FS2Client.csproj", "{2F47B55E-AE00-45EC-8AC8-797159AC07B7}"
EndProject
Global
	GlobalSection(SolutionConfigurationPlatforms) = preSolution
		Debug|Any CPU = Debug|Any CPU
		Debug|Mixed Platforms = Debug|Mixed Platforms
		Debug|x86 = Debug|x86
		Release|Any CPU = Release|Any CPU
		Release|Mixed Platforms = Release|Mixed Platforms
		Release|x86 = Release|x86
	EndGlobalSection
	GlobalSection(ProjectConfigurationPlatforms) = postSolution
		{51B2E1D6-9693-4448-B064-F24EA4532532}.Debug|Any CPU.ActiveCfg = Debug|Any CPU
		{51B2E1D6-9693-4448-B064-F24EA4532532}.Debug|Any CPU.Build.0 = Debug|Any CPU
		{51B2E1D6-9693-4448-B064-F24EA4532532}.Debug|Mixed Platforms.ActiveCfg = Debug|Any CPU
		{51B2E1D6-9693-4448-B064-F24EA4532532}.Debug|Mixed Platforms.Build.0 = Debug|Any CPU
		{51B2E1D6-9693-4448-B064-F24EA4532532}.Debug|x86.ActiveCfg = Debug|Any CPU
		{51B2E1D6-9693-4448-B064-F24EA4532532}.Release|Any CPU.ActiveCfg = Release|Any CPU
		{51B2E1D6-9693-4448-B064-F24EA4532532}.Release|Any CPU.Build.0 = Release|Any CPU
		{51B2E1D6-9693-4448-B064-F24EA4532532}.Release|Mixed Platforms.ActiveCfg = Release|Any CPU
		{51B2E1D6-9693-4448-B064-F24EA4532532}.Release|Mixed Platforms.Build.0 = Release|Any CPU
		{51B2E1D6-9693-4448-B064-F24EA4532532}.Release|x86.ActiveCfg = Release|Any CPU
		{7E982F7A-E8B8-4B63-A204-9FC7E5F97170}.Debug|Any CPU.ActiveCfg = Debug|x86
		{7E982F7A-E8B8-4B63-A204-9FC7E5F97170}.Debug|Any CPU.Build.0 = Debug|x86
		{7E982F7A-E8B8-4B63-A204-9FC7E5F97170}.Debug|Mixed Platforms.ActiveCfg = Debug|x86
		{7E982F7A-E8B8-4B63-A204-9FC7E5F97170}.Debug|Mixed Platforms.Build.0 = Debug|x86
		{7E982F7A-E8B8-4B63-A204-9FC7E5F97170}.Debug|x86.ActiveCfg = Debug|x86
		{7E982F7A-E8B8-4B63-A204-9FC7E5F97170}.Debug|x86.Build.0 = Debug|x86
		{7E982F7A-E8B8-4B63-A204-9FC7E5F97170}.Release|Any CPU.ActiveCfg = Release|x86
		{7E982F7A-E8B8-4B63-A204-9FC7E5F97170}.Release|Any CPU.Build.0 = Release|x86
		{7E982F7A-E8B8-4B63-A204-9FC7E5F97170}.Release|Mixed Platforms.ActiveCfg = Release|x86
		{7E982F7A-E8B8-4B63-A204-9FC7E5F97170}.Release|Mixed Platforms.Build.0 = Release|x86
		{7E982F7A-E8B8-4B63-A204-9FC7E5F97170}.Release|x86.ActiveCfg = Release|x86
		{7E982F7A-E8B8-4B63-A204-9FC7E5F97170}.Release|x86.Build.0 = Release|x86
		{948B3C2D-715A-4B65-9847-36B71E90B40A}.Debug|Any CPU.ActiveCfg = Debug|Any CPU
		{948B3C2D-715A-4B65-9847-36B71E90B40A}.Debug|Any CPU.Build.0 = Debug|Any CPU
		{948B3C2D-715A-4B65-9847-36B71E90B40A}.Debug|Mixed Platforms.ActiveCfg = Debug|Any CPU
		{948B3C2D-715A-4B65-9847-36B71E90B40A}.Debug|Mixed Platforms.Build.0 = Debug|Any CPU
		{948B3C2D-715A-4B65-9847-36B71E90B40A}.Debug|x86.ActiveCfg = Debug|Any CPU
		{948B3C2D-715A-4B65-9847-36B71E90B40A}.Debug|x86.Build.0 = Debug|Any CPU
		{948B3C2D-715A-4B65-9847-36B71E90B40A}.Release|Any CPU.ActiveCfg = Release|Any CPU
		{948B3C2D-715A-4B65-9847-36B71E90B40A}.Release|Any CPU.Build.0 = Release|Any CPU
		{948B3C2D-715A-4B65-9847-36B71E90B40A}.Release|Mixed Platforms.ActiveCfg = Release|Any CPU
		{948B3C2D-715A-4B65-9847-36B71E90B40A}.Release|Mixed Platforms.Build.0 = Release|Any CPU
		{948B3C2D-715A-4B65-9847-36B71E90B40A}.Release|x86.ActiveCfg = Release|Any CPU
		{948B3C2D-715A-4B65-9847-36B71E90B40A}.Release|x86.Build.0 = Release|Any CPU
		{16D926CB-C605-48A0-91FC-105C80AA685B}.Debug|Any CPU.ActiveCfg = Debug|Any CPU
		{16D926CB-C605-48A0-91FC-105C80AA685B}.Debug|Any CPU.Build.0 = Debug|Any CPU
		{16D926CB-C605-48A0-91FC-105C80AA685B}.Debug|Mixed Platforms.ActiveCfg = Debug|Any CPU
		{16D926CB-C605-48A0-91FC-105C80AA685B}.Debug|Mixed Platforms.Build.0 = Debug|Any CPU
		{16D926CB-C605-48A0-91FC-105C80AA685B}.Debug|x86.ActiveCfg = Debug|Any CPU
		{16D926CB-C605-48A0-91FC-105C80AA685B}.Debug|x86.Build.0 = Debug|Any CPU
		{16D926CB-C605-48A0-91FC-105C80AA685B}.Release|Any CPU.ActiveCfg = Release|Any CPU
		{16D926CB-C605-48A0-91FC-105C80AA685B}.Release|Any CPU.Build.0 = Release|Any CPU
		{16D926CB-C605-48A0-91FC-105C80AA685B}.Release|Mixed Platforms.ActiveCfg = Release|Any CPU
		{16D926CB-C605-48A0-91FC-105C80AA685B}.Release|Mixed Platforms.Build.0 = Release|Any CPU
		{16D926CB-C605-48A0-91FC-105C80AA685B}.Release|x86.ActiveCfg = Release|Any CPU
		{16D926CB-C605-48A0-91FC-105C80AA685B}.Release|x86.Build.0 = Release|Any CPU
		{200E288D-729A-4619-BAAC-50DE346700BD}.Debug|Any CPU.ActiveCfg = Debug|Any CPU
		{200E288D-729A-4619-BAAC-50DE346700BD}.Debug|Any CPU.Build.0 = Debug|Any CPU
		{200E288D-729A-4619-BAAC-50DE346700BD}.Debug|Mixed Platforms.ActiveCfg = Debug|Any CPU
		{200E288D-729A-4619-BAAC-50DE346700BD}.Debug|Mixed Platforms.Build.0 = Debug|Any CPU
		{200E288D-729A-4619-BAAC-50DE346700BD}.Debug|x86.ActiveCfg = Debug|Any CPU
		{200E288D-729A-4619-BAAC-50DE346700BD}.Debug|x86.Build.0 = Debug|Any CPU
		{200E288D-729A-4619-BAAC-50DE346700BD}.Release|Any CPU.ActiveCfg = Release|Any CPU
		{200E288D-729A-4619-BAAC-50DE346700BD}.Release|Any CPU.Build.0 = Release|Any CPU
		{200E288D-729A-4619-BAAC-50DE346700BD}.Release|Mixed Platforms.ActiveCfg = Release|Any CPU
		{200E288D-729A-4619-BAAC-50DE346700BD}.Release|Mixed Platforms.Build.0 = Release|Any CPU
		{200E288D-729A-4619-BAAC-50DE346700BD}.Release|x86.ActiveCfg = Release|Any CPU
		{200E288D-729A-4619-BAAC-50DE346700BD}.Release|x86.Build.0 = Release|Any CPU
		{773BFF09-076C-4FE5-A602-71FA8F87B1D0}.Debug|Any CPU.ActiveCfg = Debug|Any CPU
		{773BFF09-076C-4FE5-A602-71FA8F87B1D0}.Debug|Any CPU.Build.0 = Debug|Any CPU
		{773BFF09-076C-4FE5-A602-71FA8F87B1D0}.Debug|Mixed Platforms.ActiveCfg = Debug|Any CPU
		{773BFF09-076C-4FE5-A602-71FA8F87B1D0}.Debug|Mixed Platforms.Build.0 = Debug|Any CPU
		{773BFF09-076C-4FE5-A602-71FA8F87B1D0}.Debug|x86.ActiveCfg = Debug|Any CPU
		{773BFF09-076C-4FE5-A602-71FA8F87B1D0}.Debug|x86.Build.0 = Debug|Any CPU
		{773BFF09-076C-4FE5-A602-71FA8F87B1D0}.Release|Any CPU.ActiveCfg = Release|Any CPU
		{773BFF09-076C-4FE5-A602-71FA8F87B1D0}.Release|Any CPU.Build.0 = Release|Any CPU
		{773BFF09-076C-4FE5-A602-71FA8F87B1D0}.Release|Mixed Platforms.ActiveCfg = Release|Any CPU
		{773BFF09-076C-4FE5-A602-71FA8F87B1D0}.Release|Mixed Platforms.Build.0 = Release|Any CPU
		{773BFF09-076C-4FE5-A602-71FA8F87B1D0}.Release|x86.ActiveCfg = Release|Any CPU
		{773BFF09-076C-4FE5-A602-71FA8F87B1D0}.Release|x86.Build.0 = Release|Any CPU
		{D57CB190-A30E-4A3D-A674-F1766CE1CC72}.Debug|Any CPU.ActiveCfg = Debug|Any CPU
		{D57CB190-A30E-4A3D-A674-F1766CE1CC72}.Debug|Any CPU.Build.0 = Debug|Any CPU
		{D57CB190-A30E-4A3D-A674-F1766CE1CC72}.Debug|Mixed Platforms.ActiveCfg = Debug|Any CPU
		{D57CB190-A30E-4A3D-A674-F1766CE1CC72}.Debug|Mixed Platforms.Build.0 = Debug|Any CPU
		{D57CB190-A30E-4A3D-A674-F1766CE1CC72}.Debug|x86.ActiveCfg = Debug|Any CPU
		{D57CB190-A30E-4A3D-A674-F1766CE1CC72}.Debug|x86.Build.0 = Debug|Any CPU
		{D57CB190-A30E-4A3D-A674-F1766CE1CC72}.Release|Any CPU.ActiveCfg = Release|Any CPU
		{D57CB190-A30E-4A3D-A674-F1766CE1CC72}.Release|Any CPU.Build.0 = Release|Any CPU
		{D57CB190-A30E-4A3D-A674-F1766CE1CC72}.Release|Mixed Platforms.ActiveCfg = Release|Any CPU
		{D57CB190-A30E-4A3D-A674-F1766CE1CC72}.Release|Mixed Platforms.Build.0 = Release|Any CPU
		{D57CB190-A30E-4A3D-A674-F1766CE1CC72}.Release|x86.ActiveCfg = Release|Any CPU
		{D57CB190-A30E-4A3D-A674-F1766CE1CC72}.Release|x86.Build.0 = Release|Any CPU
		{1D308F1E-F990-4CB8-8613-609C3637130D}.Debug|Any CPU.ActiveCfg = Debug|x86
		{1D308F1E-F990-4CB8-8613-609C3637130D}.Debug|Any CPU.Build.0 = Debug|x86
		{1D308F1E-F990-4CB8-8613-609C3637130D}.Debug|Mixed Platforms.ActiveCfg = Debug|x86
		{1D308F1E-F990-4CB8-8613-609C3637130D}.Debug|Mixed Platforms.Build.0 = Debug|x86
		{1D308F1E-F990-4CB8-8613-609C3637130D}.Debug|x86.ActiveCfg = Debug|x86
		{1D308F1E-F990-4CB8-8613-609C3637130D}.Debug|x86.Build.0 = Debug|x86
		{1D308F1E-F990-4CB8-8613-609C3637130D}.Release|Any CPU.ActiveCfg = Release|x86
		{1D308F1E-F990-4CB8-8613-609C3637130D}.Release|Any CPU.Build.0 = Release|x86
		{1D308F1E-F990-4CB8-8613-609C3637130D}.Release|Mixed Platforms.ActiveCfg = Release|x86
		{1D308F1E-F990-4CB8-8613-609C3637130D}.Release|Mixed Platforms.Build.0 = Release|x86
		{1D308F1E-F990-4CB8-8613-609C3637130D}.Release|x86.ActiveCfg = Release|x86
		{1D308F1E-F990-4CB8-8613-609C3637130D}.Release|x86.Build.0 = Release|x86
		{7867A1CC-8039-4D7C-B493-7C06E5CDA327}.Debug|Any CPU.ActiveCfg = Debug|x86
		{7867A1CC-8039-4D7C-B493-7C06E5CDA327}.Debug|Any CPU.Build.0 = Debug|x86
		{7867A1CC-8039-4D7C-B493-7C06E5CDA327}.Debug|Mixed Platforms.ActiveCfg = Debug|x86
		{7867A1CC-8039-4D7C-B493-7C06E5CDA327}.Debug|Mixed Platforms.Build.0 = Debug|x86
		{7867A1CC-8039-4D7C-B493-7C06E5CDA327}.Debug|x86.ActiveCfg = Debug|x86
		{7867A1CC-8039-4D7C-B493-7C06E5CDA327}.Debug|x86.Build.0 = Debug|x86
		{7867A1CC-8039-4D7C-B493-7C06E5CDA327}.Release|Any CPU.ActiveCfg = Release|x86
		{7867A1CC-8039-4D7C-B493-7C06E5CDA327}.Release|Any CPU.Build.0 = Release|x86
		{7867A1CC-8039-4D7C-B493-7C06E5CDA327}.Release|Mixed Platforms.ActiveCfg = Release|x86
		{7867A1CC-8039-4D7C-B493-7C06E5CDA327}.Release|Mixed Platforms.Build.0 = Release|x86
		{7867A1CC-8039-4D7C-B493-7C06E5CDA327}.Release|x86.ActiveCfg = Release|x86
		{7867A1CC-8039-4D7C-B493-7C06E5CDA327}.Release|x86.Build.0 = Release|x86
		{0F163243-0BCB-44D6-B849-4ED207B27027}.Debug|Any CPU.ActiveCfg = Debug|Any CPU
		{0F163243-0BCB-44D6-B849-4ED207B27027}.Debug|Any CPU.Build.0 = Debug|Any CPU
		{0F163243-0BCB-44D6-B849-4ED207B27027}.Debug|Mixed Platforms.ActiveCfg = Debug|Any CPU
		{0F163243-0BCB-44D6-B849-4ED207B27027}.Debug|Mixed Platforms.Build.0 = Debug|Any CPU
		{0F163243-0BCB-44D6-B849-4ED207B27027}.Debug|x86.ActiveCfg = Debug|Any CPU
		{0F163243-0BCB-44D6-B849-4ED207B27027}.Debug|x86.Build.0 = Debug|Any CPU
		{0F163243-0BCB-44D6-B849-4ED207B27027}.Release|Any CPU.ActiveCfg = Release|Any CPU
		{0F163243-0BCB-44D6-B849-4ED207B27027}.Release|Any CPU.Build.0 = Release|Any CPU
		{0F163243-0BCB-44D6-B849-4ED207B27027}.Release|Mixed Platforms.ActiveCfg = Release|Any CPU
		{0F163243-0BCB-44D6-B849-4ED207B27027}.Release|Mixed Platforms.Build.0 = Release|Any CPU
		{0F163243-0BCB-44D6-B849-4ED207B27027}.Release|x86.ActiveCfg = Release|Any CPU
		{0F163243-0BCB-44D6-B849-4ED207B27027}.Release|x86.Build.0 = Release|Any CPU
		{FE37B6D4-73E5-40F2-A770-A974561430B8}.Debug|Any CPU.ActiveCfg = Debug|Any CPU
		{FE37B6D4-73E5-40F2-A770-A974561430B8}.Debug|Any CPU.Build.0 = Debug|Any CPU
		{FE37B6D4-73E5-40F2-A770-A974561430B8}.Debug|Mixed Platforms.ActiveCfg = Debug|Any CPU
		{FE37B6D4-73E5-40F2-A770-A974561430B8}.Debug|Mixed Platforms.Build.0 = Debug|Any CPU
		{FE37B6D4-73E5-40F2-A770-A974561430B8}.Debug|x86.ActiveCfg = Debug|Any CPU
		{FE37B6D4-73E5-40F2-A770-A974561430B8}.Debug|x86.Build.0 = Debug|Any CPU
		{FE37B6D4-73E5-40F2-A770-A974561430B8}.Release|Any CPU.ActiveCfg = Release|Any CPU
		{FE37B6D4-73E5-40F2-A770-A974561430B8}.Release|Any CPU.Build.0 = Release|Any CPU
		{FE37B6D4-73E5-40F2-A770-A974561430B8}.Release|Mixed Platforms.ActiveCfg = Release|Any CPU
		{FE37B6D4-73E5-40F2-A770-A974561430B8}.Release|Mixed Platforms.Build.0 = Release|Any CPU
		{FE37B6D4-73E5-40F2-A770-A974561430B8}.Release|x86.ActiveCfg = Release|Any CPU
		{FE37B6D4-73E5-40F2-A770-A974561430B8}.Release|x86.Build.0 = Release|Any CPU
		{0F0ACE8E-E606-4FCA-B6B2-2F1FD86121DE}.Debug|Any CPU.ActiveCfg = Debug|Any CPU
		{0F0ACE8E-E606-4FCA-B6B2-2F1FD86121DE}.Debug|Any CPU.Build.0 = Debug|Any CPU
		{0F0ACE8E-E606-4FCA-B6B2-2F1FD86121DE}.Debug|Mixed Platforms.ActiveCfg = Debug|Any CPU
		{0F0ACE8E-E606-4FCA-B6B2-2F1FD86121DE}.Debug|Mixed Platforms.Build.0 = Debug|Any CPU
		{0F0ACE8E-E606-4FCA-B6B2-2F1FD86121DE}.Debug|x86.ActiveCfg = Debug|Any CPU
		{0F0ACE8E-E606-4FCA-B6B2-2F1FD86121DE}.Debug|x86.Build.0 = Debug|Any CPU
		{0F0ACE8E-E606-4FCA-B6B2-2F1FD86121DE}.Release|Any CPU.ActiveCfg = Release|Any CPU
		{0F0ACE8E-E606-4FCA-B6B2-2F1FD86121DE}.Release|Any CPU.Build.0 = Release|Any CPU
		{0F0ACE8E-E606-4FCA-B6B2-2F1FD86121DE}.Release|Mixed Platforms.ActiveCfg = Release|Any CPU
		{0F0ACE8E-E606-4FCA-B6B2-2F1FD86121DE}.Release|Mixed Platforms.Build.0 = Release|Any CPU
		{0F0ACE8E-E606-4FCA-B6B2-2F1FD86121DE}.Release|x86.ActiveCfg = Release|Any CPU
		{0F0ACE8E-E606-4FCA-B6B2-2F1FD86121DE}.Release|x86.Build.0 = Release|Any CPU
		{2EC527E0-8748-4B08-8884-14785E65AB7D}.Debug|Any CPU.ActiveCfg = Debug|x86
		{2EC527E0-8748-4B08-8884-14785E65AB7D}.Debug|Any CPU.Build.0 = Debug|x86
		{2EC527E0-8748-4B08-8884-14785E65AB7D}.Debug|Mixed Platforms.ActiveCfg = Debug|x86
		{2EC527E0-8748-4B08-8884-14785E65AB7D}.Debug|Mixed Platforms.Build.0 = Debug|x86
		{2EC527E0-8748-4B08-8884-14785E65AB7D}.Debug|x86.ActiveCfg = Debug|x86
		{2EC527E0-8748-4B08-8884-14785E65AB7D}.Debug|x86.Build.0 = Debug|x86
		{2EC527E0-8748-4B08-8884-14785E65AB7D}.Release|Any CPU.ActiveCfg = Release|x86
		{2EC527E0-8748-4B08-8884-14785E65AB7D}.Release|Any CPU.Build.0 = Release|x86
		{2EC527E0-8748-4B08-8884-14785E65AB7D}.Release|Mixed Platforms.ActiveCfg = Release|x86
		{2EC527E0-8748-4B08-8884-14785E65AB7D}.Release|Mixed Platforms.Build.0 = Release|x86
		{2EC527E0-8748-4B08-8884-14785E65AB7D}.Release|x86.ActiveCfg = Release|x86
		{2EC527E0-8748-4B08-8884-14785E65AB7D}.Release|x86.Build.0 = Release|x86
		{D78CEFEE-52B2-42BC-9E50-94D990E9DFE2}.Debug|Any CPU.ActiveCfg = Debug|Any CPU
		{D78CEFEE-52B2-42BC-9E50-94D990E9DFE2}.Debug|Any CPU.Build.0 = Debug|Any CPU
		{D78CEFEE-52B2-42BC-9E50-94D990E9DFE2}.Debug|Mixed Platforms.ActiveCfg = Debug|Any CPU
		{D78CEFEE-52B2-42BC-9E50-94D990E9DFE2}.Debug|Mixed Platforms.Build.0 = Debug|Any CPU
		{D78CEFEE-52B2-42BC-9E50-94D990E9DFE2}.Debug|x86.ActiveCfg = Debug|Any CPU
		{D78CEFEE-52B2-42BC-9E50-94D990E9DFE2}.Release|Any CPU.ActiveCfg = Release|Any CPU
		{D78CEFEE-52B2-42BC-9E50-94D990E9DFE2}.Release|Any CPU.Build.0 = Release|Any CPU
		{D78CEFEE-52B2-42BC-9E50-94D990E9DFE2}.Release|Mixed Platforms.ActiveCfg = Release|Any CPU
		{D78CEFEE-52B2-42BC-9E50-94D990E9DFE2}.Release|Mixed Platforms.Build.0 = Release|Any CPU
		{D78CEFEE-52B2-42BC-9E50-94D990E9DFE2}.Release|x86.ActiveCfg = Release|Any CPU
		{F46953E0-CA12-4659-AE8C-88241B541F6C}.Debug|Any CPU.ActiveCfg = Debug|Any CPU
		{F46953E0-CA12-4659-AE8C-88241B541F6C}.Debug|Any CPU.Build.0 = Debug|Any CPU
		{F46953E0-CA12-4659-AE8C-88241B541F6C}.Debug|Mixed Platforms.ActiveCfg = Debug|Any CPU
		{F46953E0-CA12-4659-AE8C-88241B541F6C}.Debug|Mixed Platforms.Build.0 = Debug|Any CPU
		{F46953E0-CA12-4659-AE8C-88241B541F6C}.Debug|x86.ActiveCfg = Debug|Any CPU
		{F46953E0-CA12-4659-AE8C-88241B541F6C}.Debug|x86.Build.0 = Debug|Any CPU
		{F46953E0-CA12-4659-AE8C-88241B541F6C}.Release|Any CPU.ActiveCfg = Release|Any CPU
		{F46953E0-CA12-4659-AE8C-88241B541F6C}.Release|Any CPU.Build.0 = Release|Any CPU
		{F46953E0-CA12-4659-AE8C-88241B541F6C}.Release|Mixed Platforms.ActiveCfg = Release|Any CPU
		{F46953E0-CA12-4659-AE8C-88241B541F6C}.Release|Mixed Platforms.Build.0 = Release|Any CPU
		{F46953E0-CA12-4659-AE8C-88241B541F6C}.Release|x86.ActiveCfg = Release|Any CPU
		{F46953E0-CA12-4659-AE8C-88241B541F6C}.Release|x86.Build.0 = Release|Any CPU
		{75DDFD5C-6572-4D90-961A-4E08D65B8FE7}.Debug|Any CPU.ActiveCfg = Debug|x86
		{75DDFD5C-6572-4D90-961A-4E08D65B8FE7}.Debug|Any CPU.Build.0 = Debug|x86
		{75DDFD5C-6572-4D90-961A-4E08D65B8FE7}.Debug|Mixed Platforms.ActiveCfg = Debug|x86
		{75DDFD5C-6572-4D90-961A-4E08D65B8FE7}.Debug|Mixed Platforms.Build.0 = Debug|x86
		{75DDFD5C-6572-4D90-961A-4E08D65B8FE7}.Debug|x86.ActiveCfg = Debug|x86
		{75DDFD5C-6572-4D90-961A-4E08D65B8FE7}.Debug|x86.Build.0 = Debug|x86
		{75DDFD5C-6572-4D90-961A-4E08D65B8FE7}.Release|Any CPU.ActiveCfg = Release|x86
		{75DDFD5C-6572-4D90-961A-4E08D65B8FE7}.Release|Any CPU.Build.0 = Release|x86
		{75DDFD5C-6572-4D90-961A-4E08D65B8FE7}.Release|Mixed Platforms.ActiveCfg = Release|x86
		{75DDFD5C-6572-4D90-961A-4E08D65B8FE7}.Release|Mixed Platforms.Build.0 = Release|x86
		{75DDFD5C-6572-4D90-961A-4E08D65B8FE7}.Release|x86.ActiveCfg = Release|x86
		{75DDFD5C-6572-4D90-961A-4E08D65B8FE7}.Release|x86.Build.0 = Release|x86
		{75276EBA-15D7-4F08-8239-3C40E6835CB6}.Debug|Any CPU.ActiveCfg = Debug|Any CPU
		{75276EBA-15D7-4F08-8239-3C40E6835CB6}.Debug|Any CPU.Build.0 = Debug|Any CPU
		{75276EBA-15D7-4F08-8239-3C40E6835CB6}.Debug|Mixed Platforms.ActiveCfg = Debug|Any CPU
		{75276EBA-15D7-4F08-8239-3C40E6835CB6}.Debug|Mixed Platforms.Build.0 = Debug|Any CPU
		{75276EBA-15D7-4F08-8239-3C40E6835CB6}.Debug|x86.ActiveCfg = Debug|Any CPU
		{75276EBA-15D7-4F08-8239-3C40E6835CB6}.Debug|x86.Build.0 = Debug|Any CPU
		{75276EBA-15D7-4F08-8239-3C40E6835CB6}.Release|Any CPU.ActiveCfg = Release|Any CPU
		{75276EBA-15D7-4F08-8239-3C40E6835CB6}.Release|Any CPU.Build.0 = Release|Any CPU
		{75276EBA-15D7-4F08-8239-3C40E6835CB6}.Release|Mixed Platforms.ActiveCfg = Release|Any CPU
		{75276EBA-15D7-4F08-8239-3C40E6835CB6}.Release|Mixed Platforms.Build.0 = Release|Any CPU
		{75276EBA-15D7-4F08-8239-3C40E6835CB6}.Release|x86.ActiveCfg = Release|Any CPU
		{75276EBA-15D7-4F08-8239-3C40E6835CB6}.Release|x86.Build.0 = Release|Any CPU
		{C33E3B0E-C6A8-477D-A836-8418FB1EEF46}.Debug|Any CPU.ActiveCfg = Debug|x86
		{C33E3B0E-C6A8-477D-A836-8418FB1EEF46}.Debug|Any CPU.Build.0 = Debug|x86
		{C33E3B0E-C6A8-477D-A836-8418FB1EEF46}.Debug|Mixed Platforms.ActiveCfg = Debug|x86
		{C33E3B0E-C6A8-477D-A836-8418FB1EEF46}.Debug|Mixed Platforms.Build.0 = Debug|x86
		{C33E3B0E-C6A8-477D-A836-8418FB1EEF46}.Debug|x86.ActiveCfg = Debug|x86
		{C33E3B0E-C6A8-477D-A836-8418FB1EEF46}.Debug|x86.Build.0 = Debug|x86
		{C33E3B0E-C6A8-477D-A836-8418FB1EEF46}.Release|Any CPU.ActiveCfg = Release|x86
		{C33E3B0E-C6A8-477D-A836-8418FB1EEF46}.Release|Any CPU.Build.0 = Release|x86
		{C33E3B0E-C6A8-477D-A836-8418FB1EEF46}.Release|Mixed Platforms.ActiveCfg = Release|x86
		{C33E3B0E-C6A8-477D-A836-8418FB1EEF46}.Release|Mixed Platforms.Build.0 = Release|x86
		{C33E3B0E-C6A8-477D-A836-8418FB1EEF46}.Release|x86.ActiveCfg = Release|x86
		{C33E3B0E-C6A8-477D-A836-8418FB1EEF46}.Release|x86.Build.0 = Release|x86
		{BF76BEED-BCFB-488E-849E-D56F1F07D107}.Debug|Any CPU.ActiveCfg = Debug|Any CPU
		{BF76BEED-BCFB-488E-849E-D56F1F07D107}.Debug|Any CPU.Build.0 = Debug|Any CPU
		{BF76BEED-BCFB-488E-849E-D56F1F07D107}.Debug|Mixed Platforms.ActiveCfg = Debug|Any CPU
		{BF76BEED-BCFB-488E-849E-D56F1F07D107}.Debug|Mixed Platforms.Build.0 = Debug|Any CPU
		{BF76BEED-BCFB-488E-849E-D56F1F07D107}.Debug|x86.ActiveCfg = Debug|Any CPU
		{BF76BEED-BCFB-488E-849E-D56F1F07D107}.Debug|x86.Build.0 = Debug|Any CPU
		{BF76BEED-BCFB-488E-849E-D56F1F07D107}.Release|Any CPU.ActiveCfg = Release|Any CPU
		{BF76BEED-BCFB-488E-849E-D56F1F07D107}.Release|Any CPU.Build.0 = Release|Any CPU
		{BF76BEED-BCFB-488E-849E-D56F1F07D107}.Release|Mixed Platforms.ActiveCfg = Release|Any CPU
		{BF76BEED-BCFB-488E-849E-D56F1F07D107}.Release|Mixed Platforms.Build.0 = Release|Any CPU
		{BF76BEED-BCFB-488E-849E-D56F1F07D107}.Release|x86.ActiveCfg = Release|Any CPU
		{BF76BEED-BCFB-488E-849E-D56F1F07D107}.Release|x86.Build.0 = Release|Any CPU
		{F91017CC-7740-46F0-B86A-9FDB6E2E1EDB}.Debug|Any CPU.ActiveCfg = Debug|Any CPU
		{F91017CC-7740-46F0-B86A-9FDB6E2E1EDB}.Debug|Any CPU.Build.0 = Debug|Any CPU
		{F91017CC-7740-46F0-B86A-9FDB6E2E1EDB}.Debug|Mixed Platforms.ActiveCfg = Debug|Any CPU
		{F91017CC-7740-46F0-B86A-9FDB6E2E1EDB}.Debug|Mixed Platforms.Build.0 = Debug|Any CPU
		{F91017CC-7740-46F0-B86A-9FDB6E2E1EDB}.Debug|x86.ActiveCfg = Debug|Any CPU
		{F91017CC-7740-46F0-B86A-9FDB6E2E1EDB}.Release|Any CPU.ActiveCfg = Release|Any CPU
		{F91017CC-7740-46F0-B86A-9FDB6E2E1EDB}.Release|Any CPU.Build.0 = Release|Any CPU
		{F91017CC-7740-46F0-B86A-9FDB6E2E1EDB}.Release|Mixed Platforms.ActiveCfg = Release|Any CPU
		{F91017CC-7740-46F0-B86A-9FDB6E2E1EDB}.Release|Mixed Platforms.Build.0 = Release|Any CPU
		{F91017CC-7740-46F0-B86A-9FDB6E2E1EDB}.Release|x86.ActiveCfg = Release|Any CPU
		{028751A9-57C7-459C-BF38-878D68923835}.Debug|Any CPU.ActiveCfg = Debug|x86
		{028751A9-57C7-459C-BF38-878D68923835}.Debug|Mixed Platforms.ActiveCfg = Debug|x86
		{028751A9-57C7-459C-BF38-878D68923835}.Debug|Mixed Platforms.Build.0 = Debug|x86
		{028751A9-57C7-459C-BF38-878D68923835}.Debug|x86.ActiveCfg = Debug|x86
		{028751A9-57C7-459C-BF38-878D68923835}.Debug|x86.Build.0 = Debug|x86
		{028751A9-57C7-459C-BF38-878D68923835}.Release|Any CPU.ActiveCfg = Release|x86
		{028751A9-57C7-459C-BF38-878D68923835}.Release|Mixed Platforms.ActiveCfg = Release|x86
		{028751A9-57C7-459C-BF38-878D68923835}.Release|Mixed Platforms.Build.0 = Release|x86
		{028751A9-57C7-459C-BF38-878D68923835}.Release|x86.ActiveCfg = Release|x86
		{028751A9-57C7-459C-BF38-878D68923835}.Release|x86.Build.0 = Release|x86
		{DA2A8431-7328-4AE8-926F-E191700577A1}.Debug|Any CPU.ActiveCfg = Debug|Any CPU
		{DA2A8431-7328-4AE8-926F-E191700577A1}.Debug|Any CPU.Build.0 = Debug|Any CPU
		{DA2A8431-7328-4AE8-926F-E191700577A1}.Debug|Mixed Platforms.ActiveCfg = Debug|Any CPU
		{DA2A8431-7328-4AE8-926F-E191700577A1}.Debug|Mixed Platforms.Build.0 = Debug|Any CPU
		{DA2A8431-7328-4AE8-926F-E191700577A1}.Debug|x86.ActiveCfg = Debug|Any CPU
		{DA2A8431-7328-4AE8-926F-E191700577A1}.Release|Any CPU.ActiveCfg = Release|Any CPU
		{DA2A8431-7328-4AE8-926F-E191700577A1}.Release|Any CPU.Build.0 = Release|Any CPU
		{DA2A8431-7328-4AE8-926F-E191700577A1}.Release|Mixed Platforms.ActiveCfg = Release|Any CPU
		{DA2A8431-7328-4AE8-926F-E191700577A1}.Release|Mixed Platforms.Build.0 = Release|Any CPU
		{DA2A8431-7328-4AE8-926F-E191700577A1}.Release|x86.ActiveCfg = Release|Any CPU
		{59A4159D-1038-4770-91DF-154A22CDE411}.Debug|Any CPU.ActiveCfg = Debug|Any CPU
		{59A4159D-1038-4770-91DF-154A22CDE411}.Debug|Any CPU.Build.0 = Debug|Any CPU
		{59A4159D-1038-4770-91DF-154A22CDE411}.Debug|Mixed Platforms.ActiveCfg = Debug|Any CPU
		{59A4159D-1038-4770-91DF-154A22CDE411}.Debug|Mixed Platforms.Build.0 = Debug|Any CPU
		{59A4159D-1038-4770-91DF-154A22CDE411}.Debug|x86.ActiveCfg = Debug|Any CPU
		{59A4159D-1038-4770-91DF-154A22CDE411}.Release|Any CPU.ActiveCfg = Release|Any CPU
		{59A4159D-1038-4770-91DF-154A22CDE411}.Release|Any CPU.Build.0 = Release|Any CPU
		{59A4159D-1038-4770-91DF-154A22CDE411}.Release|Mixed Platforms.ActiveCfg = Release|Any CPU
		{59A4159D-1038-4770-91DF-154A22CDE411}.Release|Mixed Platforms.Build.0 = Release|Any CPU
		{59A4159D-1038-4770-91DF-154A22CDE411}.Release|x86.ActiveCfg = Release|Any CPU
		{987CDFB8-DC44-4873-9E19-7666DE222820}.Debug|Any CPU.ActiveCfg = Debug|Any CPU
		{987CDFB8-DC44-4873-9E19-7666DE222820}.Debug|Any CPU.Build.0 = Debug|Any CPU
		{987CDFB8-DC44-4873-9E19-7666DE222820}.Debug|Mixed Platforms.ActiveCfg = Debug|Any CPU
		{987CDFB8-DC44-4873-9E19-7666DE222820}.Debug|Mixed Platforms.Build.0 = Debug|Any CPU
		{987CDFB8-DC44-4873-9E19-7666DE222820}.Debug|x86.ActiveCfg = Debug|Any CPU
		{987CDFB8-DC44-4873-9E19-7666DE222820}.Release|Any CPU.ActiveCfg = Release|Any CPU
		{987CDFB8-DC44-4873-9E19-7666DE222820}.Release|Any CPU.Build.0 = Release|Any CPU
		{987CDFB8-DC44-4873-9E19-7666DE222820}.Release|Mixed Platforms.ActiveCfg = Release|Any CPU
		{987CDFB8-DC44-4873-9E19-7666DE222820}.Release|Mixed Platforms.Build.0 = Release|Any CPU
		{987CDFB8-DC44-4873-9E19-7666DE222820}.Release|x86.ActiveCfg = Release|Any CPU
		{D8D5BB16-DAA5-4755-A924-34AC8DCE19E8}.Debug|Any CPU.ActiveCfg = Debug|Any CPU
		{D8D5BB16-DAA5-4755-A924-34AC8DCE19E8}.Debug|Any CPU.Build.0 = Debug|Any CPU
		{D8D5BB16-DAA5-4755-A924-34AC8DCE19E8}.Debug|Mixed Platforms.ActiveCfg = Debug|Any CPU
		{D8D5BB16-DAA5-4755-A924-34AC8DCE19E8}.Debug|Mixed Platforms.Build.0 = Debug|Any CPU
		{D8D5BB16-DAA5-4755-A924-34AC8DCE19E8}.Debug|x86.ActiveCfg = Debug|Any CPU
		{D8D5BB16-DAA5-4755-A924-34AC8DCE19E8}.Release|Any CPU.ActiveCfg = Release|Any CPU
		{D8D5BB16-DAA5-4755-A924-34AC8DCE19E8}.Release|Any CPU.Build.0 = Release|Any CPU
		{D8D5BB16-DAA5-4755-A924-34AC8DCE19E8}.Release|Mixed Platforms.ActiveCfg = Release|Any CPU
		{D8D5BB16-DAA5-4755-A924-34AC8DCE19E8}.Release|Mixed Platforms.Build.0 = Release|Any CPU
		{D8D5BB16-DAA5-4755-A924-34AC8DCE19E8}.Release|x86.ActiveCfg = Release|Any CPU
		{4CF1CD7F-310C-4593-9250-F962CEB63DE8}.Debug|Any CPU.ActiveCfg = Debug|Any CPU
		{4CF1CD7F-310C-4593-9250-F962CEB63DE8}.Debug|Any CPU.Build.0 = Debug|Any CPU
		{4CF1CD7F-310C-4593-9250-F962CEB63DE8}.Debug|Mixed Platforms.ActiveCfg = Debug|Any CPU
		{4CF1CD7F-310C-4593-9250-F962CEB63DE8}.Debug|Mixed Platforms.Build.0 = Debug|Any CPU
		{4CF1CD7F-310C-4593-9250-F962CEB63DE8}.Debug|x86.ActiveCfg = Debug|Any CPU
		{4CF1CD7F-310C-4593-9250-F962CEB63DE8}.Release|Any CPU.ActiveCfg = Release|Any CPU
		{4CF1CD7F-310C-4593-9250-F962CEB63DE8}.Release|Any CPU.Build.0 = Release|Any CPU
		{4CF1CD7F-310C-4593-9250-F962CEB63DE8}.Release|Mixed Platforms.ActiveCfg = Release|Any CPU
		{4CF1CD7F-310C-4593-9250-F962CEB63DE8}.Release|Mixed Platforms.Build.0 = Release|Any CPU
		{4CF1CD7F-310C-4593-9250-F962CEB63DE8}.Release|x86.ActiveCfg = Release|Any CPU
		{BA3B2046-3E62-4BCC-814D-33B1ABE17211}.Debug|Any CPU.ActiveCfg = Debug|Any CPU
		{BA3B2046-3E62-4BCC-814D-33B1ABE17211}.Debug|Any CPU.Build.0 = Debug|Any CPU
		{BA3B2046-3E62-4BCC-814D-33B1ABE17211}.Debug|Mixed Platforms.ActiveCfg = Debug|Any CPU
		{BA3B2046-3E62-4BCC-814D-33B1ABE17211}.Debug|Mixed Platforms.Build.0 = Debug|Any CPU
		{BA3B2046-3E62-4BCC-814D-33B1ABE17211}.Debug|x86.ActiveCfg = Debug|Any CPU
		{BA3B2046-3E62-4BCC-814D-33B1ABE17211}.Release|Any CPU.ActiveCfg = Release|Any CPU
		{BA3B2046-3E62-4BCC-814D-33B1ABE17211}.Release|Any CPU.Build.0 = Release|Any CPU
		{BA3B2046-3E62-4BCC-814D-33B1ABE17211}.Release|Mixed Platforms.ActiveCfg = Release|Any CPU
		{BA3B2046-3E62-4BCC-814D-33B1ABE17211}.Release|Mixed Platforms.Build.0 = Release|Any CPU
		{BA3B2046-3E62-4BCC-814D-33B1ABE17211}.Release|x86.ActiveCfg = Release|Any CPU
		{FAD8F3BF-5491-47C5-A250-CDBA3218B6FD}.Debug|Any CPU.ActiveCfg = Debug|Any CPU
		{FAD8F3BF-5491-47C5-A250-CDBA3218B6FD}.Debug|Any CPU.Build.0 = Debug|Any CPU
		{FAD8F3BF-5491-47C5-A250-CDBA3218B6FD}.Debug|Mixed Platforms.ActiveCfg = Debug|Any CPU
		{FAD8F3BF-5491-47C5-A250-CDBA3218B6FD}.Debug|Mixed Platforms.Build.0 = Debug|Any CPU
		{FAD8F3BF-5491-47C5-A250-CDBA3218B6FD}.Debug|x86.ActiveCfg = Debug|Any CPU
		{FAD8F3BF-5491-47C5-A250-CDBA3218B6FD}.Release|Any CPU.ActiveCfg = Release|Any CPU
		{FAD8F3BF-5491-47C5-A250-CDBA3218B6FD}.Release|Any CPU.Build.0 = Release|Any CPU
		{FAD8F3BF-5491-47C5-A250-CDBA3218B6FD}.Release|Mixed Platforms.ActiveCfg = Release|Any CPU
		{FAD8F3BF-5491-47C5-A250-CDBA3218B6FD}.Release|Mixed Platforms.Build.0 = Release|Any CPU
		{FAD8F3BF-5491-47C5-A250-CDBA3218B6FD}.Release|x86.ActiveCfg = Release|Any CPU
		{31F451DF-6C15-4867-A2A3-241D9B1A882C}.Debug|Any CPU.ActiveCfg = Debug|Any CPU
		{31F451DF-6C15-4867-A2A3-241D9B1A882C}.Debug|Any CPU.Build.0 = Debug|Any CPU
		{31F451DF-6C15-4867-A2A3-241D9B1A882C}.Debug|Mixed Platforms.ActiveCfg = Debug|Any CPU
		{31F451DF-6C15-4867-A2A3-241D9B1A882C}.Debug|Mixed Platforms.Build.0 = Debug|Any CPU
		{31F451DF-6C15-4867-A2A3-241D9B1A882C}.Debug|x86.ActiveCfg = Debug|Any CPU
		{31F451DF-6C15-4867-A2A3-241D9B1A882C}.Release|Any CPU.ActiveCfg = Release|Any CPU
		{31F451DF-6C15-4867-A2A3-241D9B1A882C}.Release|Any CPU.Build.0 = Release|Any CPU
		{31F451DF-6C15-4867-A2A3-241D9B1A882C}.Release|Mixed Platforms.ActiveCfg = Release|Any CPU
		{31F451DF-6C15-4867-A2A3-241D9B1A882C}.Release|Mixed Platforms.Build.0 = Release|Any CPU
		{31F451DF-6C15-4867-A2A3-241D9B1A882C}.Release|x86.ActiveCfg = Release|Any CPU
		{93B6B8D5-7A3B-4E04-8CEA-44FCB3C4C79B}.Debug|Any CPU.ActiveCfg = Debug|Any CPU
		{93B6B8D5-7A3B-4E04-8CEA-44FCB3C4C79B}.Debug|Any CPU.Build.0 = Debug|Any CPU
		{93B6B8D5-7A3B-4E04-8CEA-44FCB3C4C79B}.Debug|Mixed Platforms.ActiveCfg = Debug|Any CPU
		{93B6B8D5-7A3B-4E04-8CEA-44FCB3C4C79B}.Debug|Mixed Platforms.Build.0 = Debug|Any CPU
		{93B6B8D5-7A3B-4E04-8CEA-44FCB3C4C79B}.Debug|x86.ActiveCfg = Debug|Any CPU
		{93B6B8D5-7A3B-4E04-8CEA-44FCB3C4C79B}.Release|Any CPU.ActiveCfg = Release|Any CPU
		{93B6B8D5-7A3B-4E04-8CEA-44FCB3C4C79B}.Release|Any CPU.Build.0 = Release|Any CPU
		{93B6B8D5-7A3B-4E04-8CEA-44FCB3C4C79B}.Release|Mixed Platforms.ActiveCfg = Release|Any CPU
		{93B6B8D5-7A3B-4E04-8CEA-44FCB3C4C79B}.Release|Mixed Platforms.Build.0 = Release|Any CPU
		{93B6B8D5-7A3B-4E04-8CEA-44FCB3C4C79B}.Release|x86.ActiveCfg = Release|Any CPU
		{C591ACC7-7103-4CD4-ABD6-8B2A458FB6E0}.Debug|Any CPU.ActiveCfg = Debug|Any CPU
		{C591ACC7-7103-4CD4-ABD6-8B2A458FB6E0}.Debug|Any CPU.Build.0 = Debug|Any CPU
		{C591ACC7-7103-4CD4-ABD6-8B2A458FB6E0}.Debug|Mixed Platforms.ActiveCfg = Debug|Any CPU
		{C591ACC7-7103-4CD4-ABD6-8B2A458FB6E0}.Debug|Mixed Platforms.Build.0 = Debug|Any CPU
		{C591ACC7-7103-4CD4-ABD6-8B2A458FB6E0}.Debug|x86.ActiveCfg = Debug|Any CPU
		{C591ACC7-7103-4CD4-ABD6-8B2A458FB6E0}.Release|Any CPU.ActiveCfg = Release|Any CPU
		{C591ACC7-7103-4CD4-ABD6-8B2A458FB6E0}.Release|Any CPU.Build.0 = Release|Any CPU
		{C591ACC7-7103-4CD4-ABD6-8B2A458FB6E0}.Release|Mixed Platforms.ActiveCfg = Release|Any CPU
		{C591ACC7-7103-4CD4-ABD6-8B2A458FB6E0}.Release|Mixed Platforms.Build.0 = Release|Any CPU
		{C591ACC7-7103-4CD4-ABD6-8B2A458FB6E0}.Release|x86.ActiveCfg = Release|Any CPU
		{2F47B55E-AE00-45EC-8AC8-797159AC07B7}.Debug|Any CPU.ActiveCfg = Debug|Any CPU
		{2F47B55E-AE00-45EC-8AC8-797159AC07B7}.Debug|Any CPU.Build.0 = Debug|Any CPU
		{2F47B55E-AE00-45EC-8AC8-797159AC07B7}.Debug|Mixed Platforms.ActiveCfg = Debug|Any CPU
		{2F47B55E-AE00-45EC-8AC8-797159AC07B7}.Debug|Mixed Platforms.Build.0 = Debug|Any CPU
		{2F47B55E-AE00-45EC-8AC8-797159AC07B7}.Debug|x86.ActiveCfg = Debug|Any CPU
		{2F47B55E-AE00-45EC-8AC8-797159AC07B7}.Release|Any CPU.ActiveCfg = Release|Any CPU
		{2F47B55E-AE00-45EC-8AC8-797159AC07B7}.Release|Any CPU.Build.0 = Release|Any CPU
		{2F47B55E-AE00-45EC-8AC8-797159AC07B7}.Release|Mixed Platforms.ActiveCfg = Release|Any CPU
		{2F47B55E-AE00-45EC-8AC8-797159AC07B7}.Release|Mixed Platforms.Build.0 = Release|Any CPU
		{2F47B55E-AE00-45EC-8AC8-797159AC07B7}.Release|x86.ActiveCfg = Release|Any CPU
	EndGlobalSection
	GlobalSection(SolutionProperties) = preSolution
		HideSolutionNode = FALSE
	EndGlobalSection
	GlobalSection(NestedProjects) = preSolution
		{948B3C2D-715A-4B65-9847-36B71E90B40A} = {2EE2B650-8DC1-452D-A3A4-70CE4DA91315}
		{16D926CB-C605-48A0-91FC-105C80AA685B} = {2EE2B650-8DC1-452D-A3A4-70CE4DA91315}
		{200E288D-729A-4619-BAAC-50DE346700BD} = {2EE2B650-8DC1-452D-A3A4-70CE4DA91315}
		{773BFF09-076C-4FE5-A602-71FA8F87B1D0} = {2EE2B650-8DC1-452D-A3A4-70CE4DA91315}
		{1D308F1E-F990-4CB8-8613-609C3637130D} = {2EE2B650-8DC1-452D-A3A4-70CE4DA91315}
		{7867A1CC-8039-4D7C-B493-7C06E5CDA327} = {2EE2B650-8DC1-452D-A3A4-70CE4DA91315}
		{0F163243-0BCB-44D6-B849-4ED207B27027} = {2EE2B650-8DC1-452D-A3A4-70CE4DA91315}
		{2EC527E0-8748-4B08-8884-14785E65AB7D} = {2EE2B650-8DC1-452D-A3A4-70CE4DA91315}
		{75276EBA-15D7-4F08-8239-3C40E6835CB6} = {2EE2B650-8DC1-452D-A3A4-70CE4DA91315}
		{C33E3B0E-C6A8-477D-A836-8418FB1EEF46} = {2EE2B650-8DC1-452D-A3A4-70CE4DA91315}
		{BF76BEED-BCFB-488E-849E-D56F1F07D107} = {2EE2B650-8DC1-452D-A3A4-70CE4DA91315}
		{028751A9-57C7-459C-BF38-878D68923835} = {2EE2B650-8DC1-452D-A3A4-70CE4DA91315}
		{4CF1CD7F-310C-4593-9250-F962CEB63DE8} = {2EE2B650-8DC1-452D-A3A4-70CE4DA91315}
		{93B6B8D5-7A3B-4E04-8CEA-44FCB3C4C79B} = {2EE2B650-8DC1-452D-A3A4-70CE4DA91315}
		{D57CB190-A30E-4A3D-A674-F1766CE1CC72} = {D663DF3D-C732-4D29-9258-F5C7DC53BD8D}
		{FE37B6D4-73E5-40F2-A770-A974561430B8} = {D663DF3D-C732-4D29-9258-F5C7DC53BD8D}
		{0F0ACE8E-E606-4FCA-B6B2-2F1FD86121DE} = {D663DF3D-C732-4D29-9258-F5C7DC53BD8D}
		{D78CEFEE-52B2-42BC-9E50-94D990E9DFE2} = {D663DF3D-C732-4D29-9258-F5C7DC53BD8D}
		{F46953E0-CA12-4659-AE8C-88241B541F6C} = {D663DF3D-C732-4D29-9258-F5C7DC53BD8D}
		{75DDFD5C-6572-4D90-961A-4E08D65B8FE7} = {D663DF3D-C732-4D29-9258-F5C7DC53BD8D}
		{F91017CC-7740-46F0-B86A-9FDB6E2E1EDB} = {D663DF3D-C732-4D29-9258-F5C7DC53BD8D}
		{DA2A8431-7328-4AE8-926F-E191700577A1} = {D663DF3D-C732-4D29-9258-F5C7DC53BD8D}
		{59A4159D-1038-4770-91DF-154A22CDE411} = {D663DF3D-C732-4D29-9258-F5C7DC53BD8D}
		{987CDFB8-DC44-4873-9E19-7666DE222820} = {D663DF3D-C732-4D29-9258-F5C7DC53BD8D}
		{D8D5BB16-DAA5-4755-A924-34AC8DCE19E8} = {D663DF3D-C732-4D29-9258-F5C7DC53BD8D}
		{BA3B2046-3E62-4BCC-814D-33B1ABE17211} = {D663DF3D-C732-4D29-9258-F5C7DC53BD8D}
		{FAD8F3BF-5491-47C5-A250-CDBA3218B6FD} = {F7505F47-93A3-44A5-9224-B2A11BB14828}
		{31F451DF-6C15-4867-A2A3-241D9B1A882C} = {F7505F47-93A3-44A5-9224-B2A11BB14828}
		{C591ACC7-7103-4CD4-ABD6-8B2A458FB6E0} = {1286743E-25AE-404B-8F51-47C26C3ADAB5}
		{2F47B55E-AE00-45EC-8AC8-797159AC07B7} = {1286743E-25AE-404B-8F51-47C26C3ADAB5}
	EndGlobalSection
EndGlobal
