
Microsoft Visual Studio Solution File, Format Version 12.00
# Visual Studio 2013
VisualStudioVersion = 12.0.31101.0
MinimumVisualStudioVersion = 10.0.40219.1
Project("{FAE04EC0-301F-11D3-BF4B-00C04F79EFBC}") = "FiresecClient", "FiresecClient\FiresecClient.csproj", "{A135A543-8B1D-4775-BBCD-B0AB37589087}"
EndProject
Project("{2150E333-8FDC-42A3-9474-1A3956D46DE8}") = "Common", "Common", "{12D72A82-E9D2-45C1-81F6-729D8345D070}"
EndProject
Project("{FAE04EC0-301F-11D3-BF4B-00C04F79EFBC}") = "RubezhAPI", "..\Common\RubezhAPI\RubezhAPI.csproj", "{75DDFD5C-6572-4D90-961A-4E08D65B8FE7}"
EndProject
Project("{FAE04EC0-301F-11D3-BF4B-00C04F79EFBC}") = "Common", "..\Common\Common\Common.csproj", "{FE37B6D4-73E5-40F2-A770-A974561430B8}"
EndProject
Project("{FAE04EC0-301F-11D3-BF4B-00C04F79EFBC}") = "RubezhLicense", "..\Common\RubezhLicense\RubezhLicense.csproj", "{E6D24912-812B-42B4-B6B0-97CA33C0F4AF}"
EndProject
Project("{FAE04EC0-301F-11D3-BF4B-00C04F79EFBC}") = "Infrastructure.Common", "..\Common\Infrastructure.Common\Infrastructure.Common.csproj", "{D57CB190-A30E-4A3D-A674-F1766CE1CC72}"
EndProject
Project("{FAE04EC0-301F-11D3-BF4B-00C04F79EFBC}") = "Infrastructure.Automation", "..\Common\Infrastructure.Automation\Infrastructure.Automation.csproj", "{AE2102F4-C2B3-4CA3-850F-69C93E23DFB7}"
EndProject
Project("{FAE04EC0-301F-11D3-BF4B-00C04F79EFBC}") = "RubezhDAL", "..\Common\RubezhDAL\RubezhDAL.csproj", "{E1D3CDA0-1DE6-47D3-8D2F-C56B297E8007}"
EndProject
Project("{FAE04EC0-301F-11D3-BF4B-00C04F79EFBC}") = "RviClient", "..\Common\RviClient\RviClient.csproj", "{112658EB-3244-4922-AEF7-6376E688B7A7}"
EndProject
Project("{FAE04EC0-301F-11D3-BF4B-00C04F79EFBC}") = "GKProcessor", "..\Common\GKProcessor\GKProcessor.csproj", "{62564D14-0234-4947-8218-2C7D74721023}"
EndProject
Project("{FAE04EC0-301F-11D3-BF4B-00C04F79EFBC}") = "RubezhClient", "..\Common\RubezhClient\RubezhClient.csproj", "{F46953E0-CA12-4659-AE8C-88241B541F6C}"
EndProject
Global
	GlobalSection(SolutionConfigurationPlatforms) = preSolution
		Debug|Any CPU = Debug|Any CPU
		Debug|x64 = Debug|x64
		Debug|x86 = Debug|x86
		Release|Any CPU = Release|Any CPU
		Release|x64 = Release|x64
		Release|x86 = Release|x86
	EndGlobalSection
	GlobalSection(ProjectConfigurationPlatforms) = postSolution
		{A135A543-8B1D-4775-BBCD-B0AB37589087}.Debug|Any CPU.ActiveCfg = Debug|Any CPU
		{A135A543-8B1D-4775-BBCD-B0AB37589087}.Debug|Any CPU.Build.0 = Debug|Any CPU
		{A135A543-8B1D-4775-BBCD-B0AB37589087}.Debug|x64.ActiveCfg = Debug|Any CPU
		{A135A543-8B1D-4775-BBCD-B0AB37589087}.Debug|x86.ActiveCfg = Debug|Any CPU
		{A135A543-8B1D-4775-BBCD-B0AB37589087}.Release|Any CPU.ActiveCfg = Release|Any CPU
		{A135A543-8B1D-4775-BBCD-B0AB37589087}.Release|Any CPU.Build.0 = Release|Any CPU
		{A135A543-8B1D-4775-BBCD-B0AB37589087}.Release|x64.ActiveCfg = Release|Any CPU
		{A135A543-8B1D-4775-BBCD-B0AB37589087}.Release|x86.ActiveCfg = Release|Any CPU
		{75DDFD5C-6572-4D90-961A-4E08D65B8FE7}.Debug|Any CPU.ActiveCfg = Debug|Any CPU
		{75DDFD5C-6572-4D90-961A-4E08D65B8FE7}.Debug|Any CPU.Build.0 = Debug|Any CPU
		{75DDFD5C-6572-4D90-961A-4E08D65B8FE7}.Debug|x64.ActiveCfg = Debug|x64
		{75DDFD5C-6572-4D90-961A-4E08D65B8FE7}.Debug|x64.Build.0 = Debug|x64
		{75DDFD5C-6572-4D90-961A-4E08D65B8FE7}.Debug|x86.ActiveCfg = Debug|x86
		{75DDFD5C-6572-4D90-961A-4E08D65B8FE7}.Debug|x86.Build.0 = Debug|x86
		{75DDFD5C-6572-4D90-961A-4E08D65B8FE7}.Release|Any CPU.ActiveCfg = Release|Any CPU
		{75DDFD5C-6572-4D90-961A-4E08D65B8FE7}.Release|Any CPU.Build.0 = Release|Any CPU
		{75DDFD5C-6572-4D90-961A-4E08D65B8FE7}.Release|x64.ActiveCfg = Release|x64
		{75DDFD5C-6572-4D90-961A-4E08D65B8FE7}.Release|x64.Build.0 = Release|x64
		{75DDFD5C-6572-4D90-961A-4E08D65B8FE7}.Release|x86.ActiveCfg = Release|x86
		{75DDFD5C-6572-4D90-961A-4E08D65B8FE7}.Release|x86.Build.0 = Release|x86
		{FE37B6D4-73E5-40F2-A770-A974561430B8}.Debug|Any CPU.ActiveCfg = Debug|Any CPU
		{FE37B6D4-73E5-40F2-A770-A974561430B8}.Debug|Any CPU.Build.0 = Debug|Any CPU
		{FE37B6D4-73E5-40F2-A770-A974561430B8}.Debug|x64.ActiveCfg = Debug|x64
		{FE37B6D4-73E5-40F2-A770-A974561430B8}.Debug|x64.Build.0 = Debug|x64
		{FE37B6D4-73E5-40F2-A770-A974561430B8}.Debug|x86.ActiveCfg = Debug|x86
		{FE37B6D4-73E5-40F2-A770-A974561430B8}.Debug|x86.Build.0 = Debug|x86
		{FE37B6D4-73E5-40F2-A770-A974561430B8}.Release|Any CPU.ActiveCfg = Release|Any CPU
		{FE37B6D4-73E5-40F2-A770-A974561430B8}.Release|Any CPU.Build.0 = Release|Any CPU
		{FE37B6D4-73E5-40F2-A770-A974561430B8}.Release|x64.ActiveCfg = Release|x64
		{FE37B6D4-73E5-40F2-A770-A974561430B8}.Release|x64.Build.0 = Release|x64
		{FE37B6D4-73E5-40F2-A770-A974561430B8}.Release|x86.ActiveCfg = Release|x86
		{FE37B6D4-73E5-40F2-A770-A974561430B8}.Release|x86.Build.0 = Release|x86
		{E6D24912-812B-42B4-B6B0-97CA33C0F4AF}.Debug|Any CPU.ActiveCfg = Debug|Any CPU
		{E6D24912-812B-42B4-B6B0-97CA33C0F4AF}.Debug|Any CPU.Build.0 = Debug|Any CPU
		{E6D24912-812B-42B4-B6B0-97CA33C0F4AF}.Debug|x64.ActiveCfg = Debug|Any CPU
		{E6D24912-812B-42B4-B6B0-97CA33C0F4AF}.Debug|x86.ActiveCfg = Debug|Any CPU
		{E6D24912-812B-42B4-B6B0-97CA33C0F4AF}.Release|Any CPU.ActiveCfg = Release|Any CPU
		{E6D24912-812B-42B4-B6B0-97CA33C0F4AF}.Release|Any CPU.Build.0 = Release|Any CPU
		{E6D24912-812B-42B4-B6B0-97CA33C0F4AF}.Release|x64.ActiveCfg = Release|Any CPU
		{E6D24912-812B-42B4-B6B0-97CA33C0F4AF}.Release|x86.ActiveCfg = Release|Any CPU
		{D57CB190-A30E-4A3D-A674-F1766CE1CC72}.Debug|Any CPU.ActiveCfg = Debug|Any CPU
		{D57CB190-A30E-4A3D-A674-F1766CE1CC72}.Debug|Any CPU.Build.0 = Debug|Any CPU
		{D57CB190-A30E-4A3D-A674-F1766CE1CC72}.Debug|x64.ActiveCfg = Debug|Any CPU
		{D57CB190-A30E-4A3D-A674-F1766CE1CC72}.Debug|x86.ActiveCfg = Debug|x86
		{D57CB190-A30E-4A3D-A674-F1766CE1CC72}.Debug|x86.Build.0 = Debug|x86
		{D57CB190-A30E-4A3D-A674-F1766CE1CC72}.Release|Any CPU.ActiveCfg = Release|Any CPU
		{D57CB190-A30E-4A3D-A674-F1766CE1CC72}.Release|Any CPU.Build.0 = Release|Any CPU
		{D57CB190-A30E-4A3D-A674-F1766CE1CC72}.Release|x64.ActiveCfg = Release|Any CPU
		{D57CB190-A30E-4A3D-A674-F1766CE1CC72}.Release|x86.ActiveCfg = Release|x86
		{D57CB190-A30E-4A3D-A674-F1766CE1CC72}.Release|x86.Build.0 = Release|x86
		{AE2102F4-C2B3-4CA3-850F-69C93E23DFB7}.Debug|Any CPU.ActiveCfg = Debug|Any CPU
		{AE2102F4-C2B3-4CA3-850F-69C93E23DFB7}.Debug|Any CPU.Build.0 = Debug|Any CPU
		{AE2102F4-C2B3-4CA3-850F-69C93E23DFB7}.Debug|x64.ActiveCfg = Debug|Any CPU
		{AE2102F4-C2B3-4CA3-850F-69C93E23DFB7}.Debug|x86.ActiveCfg = Debug|Any CPU
		{AE2102F4-C2B3-4CA3-850F-69C93E23DFB7}.Release|Any CPU.ActiveCfg = Release|Any CPU
		{AE2102F4-C2B3-4CA3-850F-69C93E23DFB7}.Release|Any CPU.Build.0 = Release|Any CPU
		{AE2102F4-C2B3-4CA3-850F-69C93E23DFB7}.Release|x64.ActiveCfg = Release|Any CPU
		{AE2102F4-C2B3-4CA3-850F-69C93E23DFB7}.Release|x86.ActiveCfg = Release|Any CPU
		{E1D3CDA0-1DE6-47D3-8D2F-C56B297E8007}.Debug|Any CPU.ActiveCfg = Debug|Any CPU
		{E1D3CDA0-1DE6-47D3-8D2F-C56B297E8007}.Debug|Any CPU.Build.0 = Debug|Any CPU
		{E1D3CDA0-1DE6-47D3-8D2F-C56B297E8007}.Debug|x64.ActiveCfg = Debug|Any CPU
		{E1D3CDA0-1DE6-47D3-8D2F-C56B297E8007}.Debug|x86.ActiveCfg = Debug|Any CPU
		{E1D3CDA0-1DE6-47D3-8D2F-C56B297E8007}.Release|Any CPU.ActiveCfg = Release|Any CPU
		{E1D3CDA0-1DE6-47D3-8D2F-C56B297E8007}.Release|Any CPU.Build.0 = Release|Any CPU
		{E1D3CDA0-1DE6-47D3-8D2F-C56B297E8007}.Release|x64.ActiveCfg = Release|Any CPU
		{E1D3CDA0-1DE6-47D3-8D2F-C56B297E8007}.Release|x86.ActiveCfg = Release|Any CPU
		{112658EB-3244-4922-AEF7-6376E688B7A7}.Debug|Any CPU.ActiveCfg = Debug|Any CPU
		{112658EB-3244-4922-AEF7-6376E688B7A7}.Debug|Any CPU.Build.0 = Debug|Any CPU
		{112658EB-3244-4922-AEF7-6376E688B7A7}.Debug|x64.ActiveCfg = Debug|Any CPU
		{112658EB-3244-4922-AEF7-6376E688B7A7}.Debug|x86.ActiveCfg = Debug|Any CPU
		{112658EB-3244-4922-AEF7-6376E688B7A7}.Release|Any CPU.ActiveCfg = Release|Any CPU
		{112658EB-3244-4922-AEF7-6376E688B7A7}.Release|Any CPU.Build.0 = Release|Any CPU
		{112658EB-3244-4922-AEF7-6376E688B7A7}.Release|x64.ActiveCfg = Release|Any CPU
		{112658EB-3244-4922-AEF7-6376E688B7A7}.Release|x86.ActiveCfg = Release|Any CPU
		{62564D14-0234-4947-8218-2C7D74721023}.Debug|Any CPU.ActiveCfg = Debug|Any CPU
		{62564D14-0234-4947-8218-2C7D74721023}.Debug|Any CPU.Build.0 = Debug|Any CPU
		{62564D14-0234-4947-8218-2C7D74721023}.Debug|x64.ActiveCfg = Debug|Any CPU
		{62564D14-0234-4947-8218-2C7D74721023}.Debug|x86.ActiveCfg = Debug|Any CPU
		{62564D14-0234-4947-8218-2C7D74721023}.Release|Any CPU.ActiveCfg = Release|Any CPU
		{62564D14-0234-4947-8218-2C7D74721023}.Release|Any CPU.Build.0 = Release|Any CPU
		{62564D14-0234-4947-8218-2C7D74721023}.Release|x64.ActiveCfg = Release|Any CPU
		{62564D14-0234-4947-8218-2C7D74721023}.Release|x86.ActiveCfg = Release|Any CPU
		{F46953E0-CA12-4659-AE8C-88241B541F6C}.Debug|Any CPU.ActiveCfg = Debug|Any CPU
		{F46953E0-CA12-4659-AE8C-88241B541F6C}.Debug|Any CPU.Build.0 = Debug|Any CPU
		{F46953E0-CA12-4659-AE8C-88241B541F6C}.Debug|x64.ActiveCfg = Debug|Any CPU
		{F46953E0-CA12-4659-AE8C-88241B541F6C}.Debug|x86.ActiveCfg = Debug|x86
		{F46953E0-CA12-4659-AE8C-88241B541F6C}.Debug|x86.Build.0 = Debug|x86
		{F46953E0-CA12-4659-AE8C-88241B541F6C}.Release|Any CPU.ActiveCfg = Release|Any CPU
		{F46953E0-CA12-4659-AE8C-88241B541F6C}.Release|Any CPU.Build.0 = Release|Any CPU
		{F46953E0-CA12-4659-AE8C-88241B541F6C}.Release|x64.ActiveCfg = Release|Any CPU
		{F46953E0-CA12-4659-AE8C-88241B541F6C}.Release|x86.ActiveCfg = Release|x86
		{F46953E0-CA12-4659-AE8C-88241B541F6C}.Release|x86.Build.0 = Release|x86
	EndGlobalSection
	GlobalSection(SolutionProperties) = preSolution
		HideSolutionNode = FALSE
	EndGlobalSection
	GlobalSection(NestedProjects) = preSolution
		{75DDFD5C-6572-4D90-961A-4E08D65B8FE7} = {12D72A82-E9D2-45C1-81F6-729D8345D070}
		{FE37B6D4-73E5-40F2-A770-A974561430B8} = {12D72A82-E9D2-45C1-81F6-729D8345D070}
		{E6D24912-812B-42B4-B6B0-97CA33C0F4AF} = {12D72A82-E9D2-45C1-81F6-729D8345D070}
		{D57CB190-A30E-4A3D-A674-F1766CE1CC72} = {12D72A82-E9D2-45C1-81F6-729D8345D070}
		{AE2102F4-C2B3-4CA3-850F-69C93E23DFB7} = {12D72A82-E9D2-45C1-81F6-729D8345D070}
		{E1D3CDA0-1DE6-47D3-8D2F-C56B297E8007} = {12D72A82-E9D2-45C1-81F6-729D8345D070}
		{112658EB-3244-4922-AEF7-6376E688B7A7} = {12D72A82-E9D2-45C1-81F6-729D8345D070}
		{62564D14-0234-4947-8218-2C7D74721023} = {12D72A82-E9D2-45C1-81F6-729D8345D070}
		{F46953E0-CA12-4659-AE8C-88241B541F6C} = {12D72A82-E9D2-45C1-81F6-729D8345D070}
	EndGlobalSection
EndGlobal
