
Microsoft Visual Studio Solution File, Format Version 12.00
# Visual Studio 2013
VisualStudioVersion = 12.0.31101.0
MinimumVisualStudioVersion = 10.0.40219.1
Project("{FAE04EC0-301F-11D3-BF4B-00C04F79EFBC}") = "Infrastructure.Common", "..\Common\Infrastructure.Common\Infrastructure.Common.csproj", "{D57CB190-A30E-4A3D-A674-F1766CE1CC72}"
EndProject
Project("{2150E333-8FDC-42A3-9474-1A3956D46DE8}") = "Common", "Common", "{33DF6BA1-9DEC-4597-B1A1-380CA8AB951F}"
EndProject
Project("{FAE04EC0-301F-11D3-BF4B-00C04F79EFBC}") = "StrazhDeviceSDK", "ChinaSKDDriver\StrazhDeviceSDK.csproj", "{77C8D1E5-51B4-45F9-93DF-D114433771E2}"
EndProject
Project("{FAE04EC0-301F-11D3-BF4B-00C04F79EFBC}") = "ChinaSKDDriverTest", "ChinaSKDDriverTest\ChinaSKDDriverTest.csproj", "{594FC4CC-2EF9-485A-B621-55321463C0A2}"
EndProject
Project("{8BC9CEB8-8B4A-11D0-8D11-00A0C91BC942}") = "CPPWrapper", "CPPWrapper\CPPWrapper.vcxproj", "{87243C6D-86C2-81BE-1FEE-F0392D9B1CC8}"
EndProject
Project("{FAE04EC0-301F-11D3-BF4B-00C04F79EFBC}") = "FiresecAPI", "..\Common\FiresecServiceAPI\FiresecAPI.csproj", "{75DDFD5C-6572-4D90-961A-4E08D65B8FE7}"
EndProject
Project("{FAE04EC0-301F-11D3-BF4B-00C04F79EFBC}") = "Controls", "..\Common\Controls\Controls.csproj", "{0F0ACE8E-E606-4FCA-B6B2-2F1FD86121DE}"
EndProject
Project("{2150E333-8FDC-42A3-9474-1A3956D46DE8}") = ".nuget", ".nuget", "{ACCB8B7D-C9F9-4882-A662-E086FB1BFF0E}"
	ProjectSection(SolutionItems) = preProject
		.nuget\NuGet.Config = .nuget\NuGet.Config
		.nuget\NuGet.exe = .nuget\NuGet.exe
		.nuget\NuGet.targets = .nuget\NuGet.targets
	EndProjectSection
EndProject
Global
	GlobalSection(SolutionConfigurationPlatforms) = preSolution
		Debug|Any CPU = Debug|Any CPU
		Debug|Mixed Platforms = Debug|Mixed Platforms
		Debug|Win32 = Debug|Win32
		Debug|x64 = Debug|x64
		Debug|x86 = Debug|x86
		Release|Any CPU = Release|Any CPU
		Release|Mixed Platforms = Release|Mixed Platforms
		Release|Win32 = Release|Win32
		Release|x64 = Release|x64
		Release|x86 = Release|x86
	EndGlobalSection
	GlobalSection(ProjectConfigurationPlatforms) = postSolution
		{D57CB190-A30E-4A3D-A674-F1766CE1CC72}.Debug|Any CPU.ActiveCfg = Debug|Any CPU
		{D57CB190-A30E-4A3D-A674-F1766CE1CC72}.Debug|Any CPU.Build.0 = Debug|Any CPU
		{D57CB190-A30E-4A3D-A674-F1766CE1CC72}.Debug|Mixed Platforms.ActiveCfg = Debug|x86
		{D57CB190-A30E-4A3D-A674-F1766CE1CC72}.Debug|Mixed Platforms.Build.0 = Debug|x86
		{D57CB190-A30E-4A3D-A674-F1766CE1CC72}.Debug|Win32.ActiveCfg = Debug|x86
		{D57CB190-A30E-4A3D-A674-F1766CE1CC72}.Debug|x64.ActiveCfg = Debug|x86
		{D57CB190-A30E-4A3D-A674-F1766CE1CC72}.Debug|x86.ActiveCfg = Debug|x86
		{D57CB190-A30E-4A3D-A674-F1766CE1CC72}.Debug|x86.Build.0 = Debug|x86
		{D57CB190-A30E-4A3D-A674-F1766CE1CC72}.Release|Any CPU.ActiveCfg = Release|Any CPU
		{D57CB190-A30E-4A3D-A674-F1766CE1CC72}.Release|Any CPU.Build.0 = Release|Any CPU
		{D57CB190-A30E-4A3D-A674-F1766CE1CC72}.Release|Mixed Platforms.ActiveCfg = Release|x86
		{D57CB190-A30E-4A3D-A674-F1766CE1CC72}.Release|Mixed Platforms.Build.0 = Release|x86
		{D57CB190-A30E-4A3D-A674-F1766CE1CC72}.Release|Win32.ActiveCfg = Release|x86
		{D57CB190-A30E-4A3D-A674-F1766CE1CC72}.Release|x64.ActiveCfg = Release|x86
		{D57CB190-A30E-4A3D-A674-F1766CE1CC72}.Release|x86.ActiveCfg = Release|x86
		{D57CB190-A30E-4A3D-A674-F1766CE1CC72}.Release|x86.Build.0 = Release|x86
		{77C8D1E5-51B4-45F9-93DF-D114433771E2}.Debug|Any CPU.ActiveCfg = Debug|Any CPU
		{77C8D1E5-51B4-45F9-93DF-D114433771E2}.Debug|Any CPU.Build.0 = Debug|Any CPU
		{77C8D1E5-51B4-45F9-93DF-D114433771E2}.Debug|Mixed Platforms.ActiveCfg = Debug|Any CPU
		{77C8D1E5-51B4-45F9-93DF-D114433771E2}.Debug|Mixed Platforms.Build.0 = Debug|Any CPU
		{77C8D1E5-51B4-45F9-93DF-D114433771E2}.Debug|Win32.ActiveCfg = Debug|Any CPU
		{77C8D1E5-51B4-45F9-93DF-D114433771E2}.Debug|x64.ActiveCfg = Debug|Any CPU
		{77C8D1E5-51B4-45F9-93DF-D114433771E2}.Debug|x86.ActiveCfg = Debug|Any CPU
		{77C8D1E5-51B4-45F9-93DF-D114433771E2}.Release|Any CPU.ActiveCfg = Release|Any CPU
		{77C8D1E5-51B4-45F9-93DF-D114433771E2}.Release|Any CPU.Build.0 = Release|Any CPU
		{77C8D1E5-51B4-45F9-93DF-D114433771E2}.Release|Mixed Platforms.ActiveCfg = Release|Any CPU
		{77C8D1E5-51B4-45F9-93DF-D114433771E2}.Release|Mixed Platforms.Build.0 = Release|Any CPU
		{77C8D1E5-51B4-45F9-93DF-D114433771E2}.Release|Win32.ActiveCfg = Release|Any CPU
		{77C8D1E5-51B4-45F9-93DF-D114433771E2}.Release|x64.ActiveCfg = Release|Any CPU
		{77C8D1E5-51B4-45F9-93DF-D114433771E2}.Release|x86.ActiveCfg = Release|Any CPU
		{594FC4CC-2EF9-485A-B621-55321463C0A2}.Debug|Any CPU.ActiveCfg = Debug|x86
		{594FC4CC-2EF9-485A-B621-55321463C0A2}.Debug|Mixed Platforms.ActiveCfg = Debug|x86
		{594FC4CC-2EF9-485A-B621-55321463C0A2}.Debug|Mixed Platforms.Build.0 = Debug|x86
		{594FC4CC-2EF9-485A-B621-55321463C0A2}.Debug|Win32.ActiveCfg = Debug|x86
		{594FC4CC-2EF9-485A-B621-55321463C0A2}.Debug|x64.ActiveCfg = Debug|x86
		{594FC4CC-2EF9-485A-B621-55321463C0A2}.Debug|x86.ActiveCfg = Debug|x86
		{594FC4CC-2EF9-485A-B621-55321463C0A2}.Debug|x86.Build.0 = Debug|x86
		{594FC4CC-2EF9-485A-B621-55321463C0A2}.Release|Any CPU.ActiveCfg = Release|x86
		{594FC4CC-2EF9-485A-B621-55321463C0A2}.Release|Mixed Platforms.ActiveCfg = Release|x86
		{594FC4CC-2EF9-485A-B621-55321463C0A2}.Release|Mixed Platforms.Build.0 = Release|x86
		{594FC4CC-2EF9-485A-B621-55321463C0A2}.Release|Win32.ActiveCfg = Release|x86
		{594FC4CC-2EF9-485A-B621-55321463C0A2}.Release|x64.ActiveCfg = Release|x86
		{594FC4CC-2EF9-485A-B621-55321463C0A2}.Release|x86.ActiveCfg = Release|x86
		{594FC4CC-2EF9-485A-B621-55321463C0A2}.Release|x86.Build.0 = Release|x86
		{87243C6D-86C2-81BE-1FEE-F0392D9B1CC8}.Debug|Any CPU.ActiveCfg = Debug|Win32
		{87243C6D-86C2-81BE-1FEE-F0392D9B1CC8}.Debug|Mixed Platforms.ActiveCfg = Debug|Win32
		{87243C6D-86C2-81BE-1FEE-F0392D9B1CC8}.Debug|Mixed Platforms.Build.0 = Debug|Win32
		{87243C6D-86C2-81BE-1FEE-F0392D9B1CC8}.Debug|Win32.ActiveCfg = Debug|Win32
		{87243C6D-86C2-81BE-1FEE-F0392D9B1CC8}.Debug|Win32.Build.0 = Debug|Win32
		{87243C6D-86C2-81BE-1FEE-F0392D9B1CC8}.Debug|x64.ActiveCfg = Debug|Win32
		{87243C6D-86C2-81BE-1FEE-F0392D9B1CC8}.Debug|x86.ActiveCfg = Debug|Win32
		{87243C6D-86C2-81BE-1FEE-F0392D9B1CC8}.Release|Any CPU.ActiveCfg = Release|Win32
		{87243C6D-86C2-81BE-1FEE-F0392D9B1CC8}.Release|Mixed Platforms.ActiveCfg = Release|Win32
		{87243C6D-86C2-81BE-1FEE-F0392D9B1CC8}.Release|Mixed Platforms.Build.0 = Release|Win32
		{87243C6D-86C2-81BE-1FEE-F0392D9B1CC8}.Release|Win32.ActiveCfg = Release|Win32
		{87243C6D-86C2-81BE-1FEE-F0392D9B1CC8}.Release|Win32.Build.0 = Release|Win32
		{87243C6D-86C2-81BE-1FEE-F0392D9B1CC8}.Release|x64.ActiveCfg = Release|Win32
		{87243C6D-86C2-81BE-1FEE-F0392D9B1CC8}.Release|x86.ActiveCfg = Release|Win32
		{75DDFD5C-6572-4D90-961A-4E08D65B8FE7}.Debug|Any CPU.ActiveCfg = Debug|Any CPU
		{75DDFD5C-6572-4D90-961A-4E08D65B8FE7}.Debug|Any CPU.Build.0 = Debug|Any CPU
		{75DDFD5C-6572-4D90-961A-4E08D65B8FE7}.Debug|Mixed Platforms.ActiveCfg = Debug|Any CPU
		{75DDFD5C-6572-4D90-961A-4E08D65B8FE7}.Debug|Mixed Platforms.Build.0 = Debug|Any CPU
		{75DDFD5C-6572-4D90-961A-4E08D65B8FE7}.Debug|Win32.ActiveCfg = Debug|Any CPU
		{75DDFD5C-6572-4D90-961A-4E08D65B8FE7}.Debug|x64.ActiveCfg = Debug|x64
		{75DDFD5C-6572-4D90-961A-4E08D65B8FE7}.Debug|x64.Build.0 = Debug|x64
		{75DDFD5C-6572-4D90-961A-4E08D65B8FE7}.Debug|x86.ActiveCfg = Debug|x86
		{75DDFD5C-6572-4D90-961A-4E08D65B8FE7}.Debug|x86.Build.0 = Debug|x86
		{75DDFD5C-6572-4D90-961A-4E08D65B8FE7}.Release|Any CPU.ActiveCfg = Release|Any CPU
		{75DDFD5C-6572-4D90-961A-4E08D65B8FE7}.Release|Any CPU.Build.0 = Release|Any CPU
		{75DDFD5C-6572-4D90-961A-4E08D65B8FE7}.Release|Mixed Platforms.ActiveCfg = Release|Any CPU
		{75DDFD5C-6572-4D90-961A-4E08D65B8FE7}.Release|Mixed Platforms.Build.0 = Release|Any CPU
		{75DDFD5C-6572-4D90-961A-4E08D65B8FE7}.Release|Win32.ActiveCfg = Release|Any CPU
		{75DDFD5C-6572-4D90-961A-4E08D65B8FE7}.Release|x64.ActiveCfg = Release|x64
		{75DDFD5C-6572-4D90-961A-4E08D65B8FE7}.Release|x64.Build.0 = Release|x64
		{75DDFD5C-6572-4D90-961A-4E08D65B8FE7}.Release|x86.ActiveCfg = Release|x86
		{75DDFD5C-6572-4D90-961A-4E08D65B8FE7}.Release|x86.Build.0 = Release|x86
		{0F0ACE8E-E606-4FCA-B6B2-2F1FD86121DE}.Debug|Any CPU.ActiveCfg = Debug|Any CPU
		{0F0ACE8E-E606-4FCA-B6B2-2F1FD86121DE}.Debug|Any CPU.Build.0 = Debug|Any CPU
		{0F0ACE8E-E606-4FCA-B6B2-2F1FD86121DE}.Debug|Mixed Platforms.ActiveCfg = Debug|x86
		{0F0ACE8E-E606-4FCA-B6B2-2F1FD86121DE}.Debug|Mixed Platforms.Build.0 = Debug|x86
		{0F0ACE8E-E606-4FCA-B6B2-2F1FD86121DE}.Debug|Win32.ActiveCfg = Debug|x86
		{0F0ACE8E-E606-4FCA-B6B2-2F1FD86121DE}.Debug|Win32.Build.0 = Debug|x86
		{0F0ACE8E-E606-4FCA-B6B2-2F1FD86121DE}.Debug|x64.ActiveCfg = Debug|Any CPU
		{0F0ACE8E-E606-4FCA-B6B2-2F1FD86121DE}.Debug|x86.ActiveCfg = Debug|x86
		{0F0ACE8E-E606-4FCA-B6B2-2F1FD86121DE}.Debug|x86.Build.0 = Debug|x86
		{0F0ACE8E-E606-4FCA-B6B2-2F1FD86121DE}.Release|Any CPU.ActiveCfg = Release|Any CPU
		{0F0ACE8E-E606-4FCA-B6B2-2F1FD86121DE}.Release|Any CPU.Build.0 = Release|Any CPU
		{0F0ACE8E-E606-4FCA-B6B2-2F1FD86121DE}.Release|Mixed Platforms.ActiveCfg = Release|x86
		{0F0ACE8E-E606-4FCA-B6B2-2F1FD86121DE}.Release|Mixed Platforms.Build.0 = Release|x86
		{0F0ACE8E-E606-4FCA-B6B2-2F1FD86121DE}.Release|Win32.ActiveCfg = Release|x86
		{0F0ACE8E-E606-4FCA-B6B2-2F1FD86121DE}.Release|Win32.Build.0 = Release|x86
		{0F0ACE8E-E606-4FCA-B6B2-2F1FD86121DE}.Release|x64.ActiveCfg = Release|Any CPU
		{0F0ACE8E-E606-4FCA-B6B2-2F1FD86121DE}.Release|x86.ActiveCfg = Release|x86
		{0F0ACE8E-E606-4FCA-B6B2-2F1FD86121DE}.Release|x86.Build.0 = Release|x86
	EndGlobalSection
	GlobalSection(SolutionProperties) = preSolution
		HideSolutionNode = FALSE
	EndGlobalSection
	GlobalSection(NestedProjects) = preSolution
		{D57CB190-A30E-4A3D-A674-F1766CE1CC72} = {33DF6BA1-9DEC-4597-B1A1-380CA8AB951F}
		{75DDFD5C-6572-4D90-961A-4E08D65B8FE7} = {33DF6BA1-9DEC-4597-B1A1-380CA8AB951F}
		{0F0ACE8E-E606-4FCA-B6B2-2F1FD86121DE} = {33DF6BA1-9DEC-4597-B1A1-380CA8AB951F}
	EndGlobalSection
EndGlobal
