
Microsoft Visual Studio Solution File, Format Version 11.00
# Visual Studio 2010
Project("{FAE04EC0-301F-11D3-BF4B-00C04F79EFBC}") = "FiresecService", "FiresecService\FiresecService.csproj", "{903CA80D-886E-43AF-A631-BEB260F8F93D}"
EndProject
Project("{FAE04EC0-301F-11D3-BF4B-00C04F79EFBC}") = "Common", "..\Common\Common\Common.csproj", "{FE37B6D4-73E5-40F2-A770-A974561430B8}"
EndProject
Project("{FAE04EC0-301F-11D3-BF4B-00C04F79EFBC}") = "FiresecAPI", "..\Common\FiresecServiceAPI\FiresecAPI.csproj", "{75DDFD5C-6572-4D90-961A-4E08D65B8FE7}"
EndProject
Project("{FAE04EC0-301F-11D3-BF4B-00C04F79EFBC}") = "Controls", "..\Common\Controls\Controls.csproj", "{0F0ACE8E-E606-4FCA-B6B2-2F1FD86121DE}"
EndProject
Project("{2150E333-8FDC-42A3-9474-1A3956D46DE8}") = "Common", "Common", "{55FE10AF-A462-4908-B710-8824101701E1}"
EndProject
Project("{FAE04EC0-301F-11D3-BF4B-00C04F79EFBC}") = "Infrastructure.Common", "..\Common\Infrastructure.Common\Infrastructure.Common.csproj", "{D57CB190-A30E-4A3D-A674-F1766CE1CC72}"
EndProject
Project("{FAE04EC0-301F-11D3-BF4B-00C04F79EFBC}") = "FiresecService.SKUD", "FiresecService.SKUD\FiresecService.SKUD.csproj", "{B1E83A53-F3FF-4FF0-9FD7-B51E866BF0E0}"
EndProject
Project("{FAE04EC0-301F-11D3-BF4B-00C04F79EFBC}") = "Infrustructure.Plans", "..\Common\Infrustructure.Plans\Infrustructure.Plans.csproj", "{DA2A8431-7328-4AE8-926F-E191700577A1}"
EndProject
Project("{FAE04EC0-301F-11D3-BF4B-00C04F79EFBC}") = "FiresecDB", "..\Common\FiresecDB\FiresecDB.csproj", "{2D008E4B-D69F-4248-B92E-AF54D2D19196}"
EndProject
Project("{FAE04EC0-301F-11D3-BF4B-00C04F79EFBC}") = "FS2Database", "..\ServerFS2\FS2Database\FS2Database.csproj", "{AC115AEC-105A-4D2A-A5EC-D796BF4AE45D}"
EndProject
Project("{FAE04EC0-301F-11D3-BF4B-00C04F79EFBC}") = "FS2API", "..\Common\FS2Api\FS2API.csproj", "{C591ACC7-7103-4CD4-ABD6-8B2A458FB6E0}"
EndProject
Project("{FAE04EC0-301F-11D3-BF4B-00C04F79EFBC}") = "GKProcessor", "..\Common\GKProcessor\GKProcessor.csproj", "{62564D14-0234-4947-8218-2C7D74721023}"
EndProject
Global
	GlobalSection(SolutionConfigurationPlatforms) = preSolution
		Debug|Any CPU = Debug|Any CPU
		Debug|Mixed Platforms = Debug|Mixed Platforms
		Debug|x64 = Debug|x64
		Debug|x86 = Debug|x86
		Release|Any CPU = Release|Any CPU
		Release|Mixed Platforms = Release|Mixed Platforms
		Release|x64 = Release|x64
		Release|x86 = Release|x86
	EndGlobalSection
	GlobalSection(ProjectConfigurationPlatforms) = postSolution
		{903CA80D-886E-43AF-A631-BEB260F8F93D}.Debug|Any CPU.ActiveCfg = Debug|Any CPU
		{903CA80D-886E-43AF-A631-BEB260F8F93D}.Debug|Any CPU.Build.0 = Debug|Any CPU
		{903CA80D-886E-43AF-A631-BEB260F8F93D}.Debug|Mixed Platforms.ActiveCfg = Debug|Any CPU
		{903CA80D-886E-43AF-A631-BEB260F8F93D}.Debug|Mixed Platforms.Build.0 = Debug|Any CPU
		{903CA80D-886E-43AF-A631-BEB260F8F93D}.Debug|x64.ActiveCfg = Debug|Any CPU
		{903CA80D-886E-43AF-A631-BEB260F8F93D}.Debug|x86.ActiveCfg = Debug|Any CPU
		{903CA80D-886E-43AF-A631-BEB260F8F93D}.Release|Any CPU.ActiveCfg = Release|Any CPU
		{903CA80D-886E-43AF-A631-BEB260F8F93D}.Release|Any CPU.Build.0 = Release|Any CPU
		{903CA80D-886E-43AF-A631-BEB260F8F93D}.Release|Mixed Platforms.ActiveCfg = Release|Any CPU
		{903CA80D-886E-43AF-A631-BEB260F8F93D}.Release|Mixed Platforms.Build.0 = Release|Any CPU
		{903CA80D-886E-43AF-A631-BEB260F8F93D}.Release|x64.ActiveCfg = Release|Any CPU
		{903CA80D-886E-43AF-A631-BEB260F8F93D}.Release|x86.ActiveCfg = Release|Any CPU
		{FE37B6D4-73E5-40F2-A770-A974561430B8}.Debug|Any CPU.ActiveCfg = Debug|x86
		{FE37B6D4-73E5-40F2-A770-A974561430B8}.Debug|Any CPU.Build.0 = Debug|x86
		{FE37B6D4-73E5-40F2-A770-A974561430B8}.Debug|Mixed Platforms.ActiveCfg = Debug|x86
		{FE37B6D4-73E5-40F2-A770-A974561430B8}.Debug|Mixed Platforms.Build.0 = Debug|x86
		{FE37B6D4-73E5-40F2-A770-A974561430B8}.Debug|x64.ActiveCfg = Debug|x86
		{FE37B6D4-73E5-40F2-A770-A974561430B8}.Debug|x64.Build.0 = Debug|x86
		{FE37B6D4-73E5-40F2-A770-A974561430B8}.Debug|x86.ActiveCfg = Debug|x86
		{FE37B6D4-73E5-40F2-A770-A974561430B8}.Debug|x86.Build.0 = Debug|x86
		{FE37B6D4-73E5-40F2-A770-A974561430B8}.Release|Any CPU.ActiveCfg = Release|Any CPU
		{FE37B6D4-73E5-40F2-A770-A974561430B8}.Release|Any CPU.Build.0 = Release|Any CPU
		{FE37B6D4-73E5-40F2-A770-A974561430B8}.Release|Mixed Platforms.ActiveCfg = Release|x86
		{FE37B6D4-73E5-40F2-A770-A974561430B8}.Release|Mixed Platforms.Build.0 = Release|x86
		{FE37B6D4-73E5-40F2-A770-A974561430B8}.Release|x64.ActiveCfg = Release|x64
		{FE37B6D4-73E5-40F2-A770-A974561430B8}.Release|x64.Build.0 = Release|x64
		{FE37B6D4-73E5-40F2-A770-A974561430B8}.Release|x86.ActiveCfg = Release|x86
		{FE37B6D4-73E5-40F2-A770-A974561430B8}.Release|x86.Build.0 = Release|x86
		{75DDFD5C-6572-4D90-961A-4E08D65B8FE7}.Debug|Any CPU.ActiveCfg = Debug|x86
		{75DDFD5C-6572-4D90-961A-4E08D65B8FE7}.Debug|Any CPU.Build.0 = Debug|x86
		{75DDFD5C-6572-4D90-961A-4E08D65B8FE7}.Debug|Mixed Platforms.ActiveCfg = Debug|x86
		{75DDFD5C-6572-4D90-961A-4E08D65B8FE7}.Debug|Mixed Platforms.Build.0 = Debug|x86
		{75DDFD5C-6572-4D90-961A-4E08D65B8FE7}.Debug|x64.ActiveCfg = Debug|x86
		{75DDFD5C-6572-4D90-961A-4E08D65B8FE7}.Debug|x64.Build.0 = Debug|x86
		{75DDFD5C-6572-4D90-961A-4E08D65B8FE7}.Debug|x86.ActiveCfg = Debug|x86
		{75DDFD5C-6572-4D90-961A-4E08D65B8FE7}.Debug|x86.Build.0 = Debug|x86
		{75DDFD5C-6572-4D90-961A-4E08D65B8FE7}.Release|Any CPU.ActiveCfg = Release|x86
		{75DDFD5C-6572-4D90-961A-4E08D65B8FE7}.Release|Mixed Platforms.ActiveCfg = Release|x86
		{75DDFD5C-6572-4D90-961A-4E08D65B8FE7}.Release|Mixed Platforms.Build.0 = Release|x86
		{75DDFD5C-6572-4D90-961A-4E08D65B8FE7}.Release|x64.ActiveCfg = Release|x64
		{75DDFD5C-6572-4D90-961A-4E08D65B8FE7}.Release|x64.Build.0 = Release|x64
		{75DDFD5C-6572-4D90-961A-4E08D65B8FE7}.Release|x86.ActiveCfg = Release|x86
		{75DDFD5C-6572-4D90-961A-4E08D65B8FE7}.Release|x86.Build.0 = Release|x86
		{0F0ACE8E-E606-4FCA-B6B2-2F1FD86121DE}.Debug|Any CPU.ActiveCfg = Debug|x86
		{0F0ACE8E-E606-4FCA-B6B2-2F1FD86121DE}.Debug|Any CPU.Build.0 = Debug|x86
		{0F0ACE8E-E606-4FCA-B6B2-2F1FD86121DE}.Debug|Mixed Platforms.ActiveCfg = Debug|x86
		{0F0ACE8E-E606-4FCA-B6B2-2F1FD86121DE}.Debug|Mixed Platforms.Build.0 = Debug|x86
		{0F0ACE8E-E606-4FCA-B6B2-2F1FD86121DE}.Debug|x64.ActiveCfg = Debug|x86
		{0F0ACE8E-E606-4FCA-B6B2-2F1FD86121DE}.Debug|x64.Build.0 = Debug|x86
		{0F0ACE8E-E606-4FCA-B6B2-2F1FD86121DE}.Debug|x86.ActiveCfg = Debug|x86
		{0F0ACE8E-E606-4FCA-B6B2-2F1FD86121DE}.Debug|x86.Build.0 = Debug|x86
		{0F0ACE8E-E606-4FCA-B6B2-2F1FD86121DE}.Release|Any CPU.ActiveCfg = Release|Any CPU
		{0F0ACE8E-E606-4FCA-B6B2-2F1FD86121DE}.Release|Any CPU.Build.0 = Release|Any CPU
		{0F0ACE8E-E606-4FCA-B6B2-2F1FD86121DE}.Release|Mixed Platforms.ActiveCfg = Release|x86
		{0F0ACE8E-E606-4FCA-B6B2-2F1FD86121DE}.Release|Mixed Platforms.Build.0 = Release|x86
		{0F0ACE8E-E606-4FCA-B6B2-2F1FD86121DE}.Release|x64.ActiveCfg = Release|Any CPU
		{0F0ACE8E-E606-4FCA-B6B2-2F1FD86121DE}.Release|x86.ActiveCfg = Release|x86
		{0F0ACE8E-E606-4FCA-B6B2-2F1FD86121DE}.Release|x86.Build.0 = Release|x86
		{D57CB190-A30E-4A3D-A674-F1766CE1CC72}.Debug|Any CPU.ActiveCfg = Debug|x86
		{D57CB190-A30E-4A3D-A674-F1766CE1CC72}.Debug|Any CPU.Build.0 = Debug|x86
		{D57CB190-A30E-4A3D-A674-F1766CE1CC72}.Debug|Mixed Platforms.ActiveCfg = Debug|x86
		{D57CB190-A30E-4A3D-A674-F1766CE1CC72}.Debug|Mixed Platforms.Build.0 = Debug|x86
		{D57CB190-A30E-4A3D-A674-F1766CE1CC72}.Debug|x64.ActiveCfg = Debug|x86
		{D57CB190-A30E-4A3D-A674-F1766CE1CC72}.Debug|x64.Build.0 = Debug|x86
		{D57CB190-A30E-4A3D-A674-F1766CE1CC72}.Debug|x86.ActiveCfg = Debug|x86
		{D57CB190-A30E-4A3D-A674-F1766CE1CC72}.Debug|x86.Build.0 = Debug|x86
		{D57CB190-A30E-4A3D-A674-F1766CE1CC72}.Release|Any CPU.ActiveCfg = Release|Any CPU
		{D57CB190-A30E-4A3D-A674-F1766CE1CC72}.Release|Any CPU.Build.0 = Release|Any CPU
		{D57CB190-A30E-4A3D-A674-F1766CE1CC72}.Release|Mixed Platforms.ActiveCfg = Release|Any CPU
		{D57CB190-A30E-4A3D-A674-F1766CE1CC72}.Release|Mixed Platforms.Build.0 = Release|Any CPU
		{D57CB190-A30E-4A3D-A674-F1766CE1CC72}.Release|x64.ActiveCfg = Release|Any CPU
		{D57CB190-A30E-4A3D-A674-F1766CE1CC72}.Release|x86.ActiveCfg = Release|x86
		{D57CB190-A30E-4A3D-A674-F1766CE1CC72}.Release|x86.Build.0 = Release|x86
		{B1E83A53-F3FF-4FF0-9FD7-B51E866BF0E0}.Debug|Any CPU.ActiveCfg = Debug|Any CPU
		{B1E83A53-F3FF-4FF0-9FD7-B51E866BF0E0}.Debug|Any CPU.Build.0 = Debug|Any CPU
		{B1E83A53-F3FF-4FF0-9FD7-B51E866BF0E0}.Debug|Mixed Platforms.ActiveCfg = Debug|Any CPU
		{B1E83A53-F3FF-4FF0-9FD7-B51E866BF0E0}.Debug|Mixed Platforms.Build.0 = Debug|Any CPU
		{B1E83A53-F3FF-4FF0-9FD7-B51E866BF0E0}.Debug|x64.ActiveCfg = Debug|Any CPU
		{B1E83A53-F3FF-4FF0-9FD7-B51E866BF0E0}.Debug|x86.ActiveCfg = Debug|Any CPU
		{B1E83A53-F3FF-4FF0-9FD7-B51E866BF0E0}.Release|Any CPU.ActiveCfg = Release|Any CPU
		{B1E83A53-F3FF-4FF0-9FD7-B51E866BF0E0}.Release|Any CPU.Build.0 = Release|Any CPU
		{B1E83A53-F3FF-4FF0-9FD7-B51E866BF0E0}.Release|Mixed Platforms.ActiveCfg = Release|Any CPU
		{B1E83A53-F3FF-4FF0-9FD7-B51E866BF0E0}.Release|Mixed Platforms.Build.0 = Release|Any CPU
		{B1E83A53-F3FF-4FF0-9FD7-B51E866BF0E0}.Release|x64.ActiveCfg = Release|Any CPU
		{B1E83A53-F3FF-4FF0-9FD7-B51E866BF0E0}.Release|x86.ActiveCfg = Release|Any CPU
		{DA2A8431-7328-4AE8-926F-E191700577A1}.Debug|Any CPU.ActiveCfg = Debug|Any CPU
		{DA2A8431-7328-4AE8-926F-E191700577A1}.Debug|Any CPU.Build.0 = Debug|Any CPU
		{DA2A8431-7328-4AE8-926F-E191700577A1}.Debug|Mixed Platforms.ActiveCfg = Debug|Any CPU
		{DA2A8431-7328-4AE8-926F-E191700577A1}.Debug|Mixed Platforms.Build.0 = Debug|Any CPU
		{DA2A8431-7328-4AE8-926F-E191700577A1}.Debug|x64.ActiveCfg = Debug|Any CPU
		{DA2A8431-7328-4AE8-926F-E191700577A1}.Debug|x86.ActiveCfg = Debug|Any CPU
		{DA2A8431-7328-4AE8-926F-E191700577A1}.Release|Any CPU.ActiveCfg = Release|Any CPU
		{DA2A8431-7328-4AE8-926F-E191700577A1}.Release|Any CPU.Build.0 = Release|Any CPU
		{DA2A8431-7328-4AE8-926F-E191700577A1}.Release|Mixed Platforms.ActiveCfg = Release|Any CPU
		{DA2A8431-7328-4AE8-926F-E191700577A1}.Release|Mixed Platforms.Build.0 = Release|Any CPU
		{DA2A8431-7328-4AE8-926F-E191700577A1}.Release|x64.ActiveCfg = Release|Any CPU
		{DA2A8431-7328-4AE8-926F-E191700577A1}.Release|x86.ActiveCfg = Release|Any CPU
		{2D008E4B-D69F-4248-B92E-AF54D2D19196}.Debug|Any CPU.ActiveCfg = Debug|Any CPU
		{2D008E4B-D69F-4248-B92E-AF54D2D19196}.Debug|Any CPU.Build.0 = Debug|Any CPU
		{2D008E4B-D69F-4248-B92E-AF54D2D19196}.Debug|Mixed Platforms.ActiveCfg = Debug|Any CPU
		{2D008E4B-D69F-4248-B92E-AF54D2D19196}.Debug|Mixed Platforms.Build.0 = Debug|Any CPU
		{2D008E4B-D69F-4248-B92E-AF54D2D19196}.Debug|x64.ActiveCfg = Debug|Any CPU
		{2D008E4B-D69F-4248-B92E-AF54D2D19196}.Debug|x86.ActiveCfg = Debug|Any CPU
		{2D008E4B-D69F-4248-B92E-AF54D2D19196}.Release|Any CPU.ActiveCfg = Release|Any CPU
		{2D008E4B-D69F-4248-B92E-AF54D2D19196}.Release|Any CPU.Build.0 = Release|Any CPU
		{2D008E4B-D69F-4248-B92E-AF54D2D19196}.Release|Mixed Platforms.ActiveCfg = Release|Any CPU
		{2D008E4B-D69F-4248-B92E-AF54D2D19196}.Release|Mixed Platforms.Build.0 = Release|Any CPU
		{2D008E4B-D69F-4248-B92E-AF54D2D19196}.Release|x64.ActiveCfg = Release|Any CPU
		{2D008E4B-D69F-4248-B92E-AF54D2D19196}.Release|x86.ActiveCfg = Release|Any CPU
		{AC115AEC-105A-4D2A-A5EC-D796BF4AE45D}.Debug|Any CPU.ActiveCfg = Debug|Any CPU
		{AC115AEC-105A-4D2A-A5EC-D796BF4AE45D}.Debug|Any CPU.Build.0 = Debug|Any CPU
		{AC115AEC-105A-4D2A-A5EC-D796BF4AE45D}.Debug|Mixed Platforms.ActiveCfg = Debug|Any CPU
		{AC115AEC-105A-4D2A-A5EC-D796BF4AE45D}.Debug|Mixed Platforms.Build.0 = Debug|Any CPU
		{AC115AEC-105A-4D2A-A5EC-D796BF4AE45D}.Debug|x64.ActiveCfg = Debug|Any CPU
		{AC115AEC-105A-4D2A-A5EC-D796BF4AE45D}.Debug|x86.ActiveCfg = Debug|Any CPU
		{AC115AEC-105A-4D2A-A5EC-D796BF4AE45D}.Release|Any CPU.ActiveCfg = Release|Any CPU
		{AC115AEC-105A-4D2A-A5EC-D796BF4AE45D}.Release|Any CPU.Build.0 = Release|Any CPU
		{AC115AEC-105A-4D2A-A5EC-D796BF4AE45D}.Release|Mixed Platforms.ActiveCfg = Release|Any CPU
		{AC115AEC-105A-4D2A-A5EC-D796BF4AE45D}.Release|Mixed Platforms.Build.0 = Release|Any CPU
		{AC115AEC-105A-4D2A-A5EC-D796BF4AE45D}.Release|x64.ActiveCfg = Release|Any CPU
		{AC115AEC-105A-4D2A-A5EC-D796BF4AE45D}.Release|x86.ActiveCfg = Release|Any CPU
		{C591ACC7-7103-4CD4-ABD6-8B2A458FB6E0}.Debug|Any CPU.ActiveCfg = Debug|Any CPU
		{C591ACC7-7103-4CD4-ABD6-8B2A458FB6E0}.Debug|Any CPU.Build.0 = Debug|Any CPU
		{C591ACC7-7103-4CD4-ABD6-8B2A458FB6E0}.Debug|Mixed Platforms.ActiveCfg = Debug|Any CPU
		{C591ACC7-7103-4CD4-ABD6-8B2A458FB6E0}.Debug|Mixed Platforms.Build.0 = Debug|Any CPU
		{C591ACC7-7103-4CD4-ABD6-8B2A458FB6E0}.Debug|x64.ActiveCfg = Debug|Any CPU
		{C591ACC7-7103-4CD4-ABD6-8B2A458FB6E0}.Debug|x86.ActiveCfg = Debug|Any CPU
		{C591ACC7-7103-4CD4-ABD6-8B2A458FB6E0}.Release|Any CPU.ActiveCfg = Release|Any CPU
		{C591ACC7-7103-4CD4-ABD6-8B2A458FB6E0}.Release|Any CPU.Build.0 = Release|Any CPU
		{C591ACC7-7103-4CD4-ABD6-8B2A458FB6E0}.Release|Mixed Platforms.ActiveCfg = Release|Any CPU
		{C591ACC7-7103-4CD4-ABD6-8B2A458FB6E0}.Release|Mixed Platforms.Build.0 = Release|Any CPU
		{C591ACC7-7103-4CD4-ABD6-8B2A458FB6E0}.Release|x64.ActiveCfg = Release|Any CPU
		{C591ACC7-7103-4CD4-ABD6-8B2A458FB6E0}.Release|x86.ActiveCfg = Release|Any CPU
		{62564D14-0234-4947-8218-2C7D74721023}.Debug|Any CPU.ActiveCfg = Debug|Any CPU
		{62564D14-0234-4947-8218-2C7D74721023}.Debug|Any CPU.Build.0 = Debug|Any CPU
		{62564D14-0234-4947-8218-2C7D74721023}.Debug|Mixed Platforms.ActiveCfg = Debug|Any CPU
		{62564D14-0234-4947-8218-2C7D74721023}.Debug|Mixed Platforms.Build.0 = Debug|Any CPU
		{62564D14-0234-4947-8218-2C7D74721023}.Debug|x64.ActiveCfg = Debug|Any CPU
		{62564D14-0234-4947-8218-2C7D74721023}.Debug|x86.ActiveCfg = Debug|Any CPU
		{62564D14-0234-4947-8218-2C7D74721023}.Release|Any CPU.ActiveCfg = Release|Any CPU
		{62564D14-0234-4947-8218-2C7D74721023}.Release|Any CPU.Build.0 = Release|Any CPU
		{62564D14-0234-4947-8218-2C7D74721023}.Release|Mixed Platforms.ActiveCfg = Release|Any CPU
		{62564D14-0234-4947-8218-2C7D74721023}.Release|Mixed Platforms.Build.0 = Release|Any CPU
		{62564D14-0234-4947-8218-2C7D74721023}.Release|x64.ActiveCfg = Release|Any CPU
		{62564D14-0234-4947-8218-2C7D74721023}.Release|x86.ActiveCfg = Release|Any CPU
	EndGlobalSection
	GlobalSection(SolutionProperties) = preSolution
		HideSolutionNode = FALSE
	EndGlobalSection
	GlobalSection(NestedProjects) = preSolution
		{75DDFD5C-6572-4D90-961A-4E08D65B8FE7} = {55FE10AF-A462-4908-B710-8824101701E1}
		{0F0ACE8E-E606-4FCA-B6B2-2F1FD86121DE} = {55FE10AF-A462-4908-B710-8824101701E1}
		{FE37B6D4-73E5-40F2-A770-A974561430B8} = {55FE10AF-A462-4908-B710-8824101701E1}
		{D57CB190-A30E-4A3D-A674-F1766CE1CC72} = {55FE10AF-A462-4908-B710-8824101701E1}
		{DA2A8431-7328-4AE8-926F-E191700577A1} = {55FE10AF-A462-4908-B710-8824101701E1}
		{2D008E4B-D69F-4248-B92E-AF54D2D19196} = {55FE10AF-A462-4908-B710-8824101701E1}
		{AC115AEC-105A-4D2A-A5EC-D796BF4AE45D} = {55FE10AF-A462-4908-B710-8824101701E1}
		{C591ACC7-7103-4CD4-ABD6-8B2A458FB6E0} = {55FE10AF-A462-4908-B710-8824101701E1}
		{62564D14-0234-4947-8218-2C7D74721023} = {55FE10AF-A462-4908-B710-8824101701E1}
	EndGlobalSection
EndGlobal
