
Microsoft Visual Studio Solution File, Format Version 12.00
# Visual Studio 2013
VisualStudioVersion = 12.0.31101.0
MinimumVisualStudioVersion = 10.0.40219.1
Project("{2150E333-8FDC-42A3-9474-1A3956D46DE8}") = "Modules", "Modules", "{7C5CB4A0-7F30-446F-96ED-0E3693176556}"
EndProject
Project("{FAE04EC0-301F-11D3-BF4B-00C04F79EFBC}") = "PlansModule", "Modules\PlansModule\PlansModule.csproj", "{299872B9-B3DB-45C0-867B-53F6D49A7E87}"
EndProject
Project("{FAE04EC0-301F-11D3-BF4B-00C04F79EFBC}") = "Infrastructure.Common.Windows", "..\Common\Infrastructure.Common.Windows\Infrastructure.Common.Windows.csproj", "{D57CB190-A30E-4A3D-A674-F1766CE1CC72}"
EndProject
Project("{2150E333-8FDC-42A3-9474-1A3956D46DE8}") = "Common", "Common", "{785CAF4E-9859-4BC8-BBD8-7410571BE9E1}"
EndProject
Project("{FAE04EC0-301F-11D3-BF4B-00C04F79EFBC}") = "Common", "..\Common\Common\Common.csproj", "{FE37B6D4-73E5-40F2-A770-A974561430B8}"
EndProject
Project("{FAE04EC0-301F-11D3-BF4B-00C04F79EFBC}") = "Controls", "..\Common\Controls\Controls.csproj", "{0F0ACE8E-E606-4FCA-B6B2-2F1FD86121DE}"
EndProject
Project("{FAE04EC0-301F-11D3-BF4B-00C04F79EFBC}") = "DeviceControls", "..\Common\DeviceControls\DeviceControls.csproj", "{D78CEFEE-52B2-42BC-9E50-94D990E9DFE2}"
EndProject
Project("{FAE04EC0-301F-11D3-BF4B-00C04F79EFBC}") = "RubezhClient", "..\Common\RubezhClient\RubezhClient.csproj", "{F46953E0-CA12-4659-AE8C-88241B541F6C}"
EndProject
Project("{FAE04EC0-301F-11D3-BF4B-00C04F79EFBC}") = "RubezhAPI", "..\Common\RubezhAPI\RubezhAPI.csproj", "{75DDFD5C-6572-4D90-961A-4E08D65B8FE7}"
EndProject
Project("{FAE04EC0-301F-11D3-BF4B-00C04F79EFBC}") = "GKModule", "Modules\GKModule\GKModule.csproj", "{8122CF0A-AC1D-4D4D-B20B-49BB565114A8}"
EndProject
Project("{FAE04EC0-301F-11D3-BF4B-00C04F79EFBC}") = "Infrastructure.Client", "..\Common\Infrastructure.Client\Infrastructure.Client.csproj", "{F91017CC-7740-46F0-B86A-9FDB6E2E1EDB}"
EndProject
Project("{FAE04EC0-301F-11D3-BF4B-00C04F79EFBC}") = "Infrustructure.Plans", "..\Common\Infrustructure.Plans\Infrustructure.Plans.csproj", "{DA2A8431-7328-4AE8-926F-E191700577A1}"
EndProject
Project("{FAE04EC0-301F-11D3-BF4B-00C04F79EFBC}") = "ReportsModule", "Modules\ReportsModule\ReportsModule.csproj", "{AF43EDF4-713E-4184-AA60-AC12504EF236}"
EndProject
Project("{FAE04EC0-301F-11D3-BF4B-00C04F79EFBC}") = "VideoModule", "Modules\VideoModule\VideoModule.csproj", "{E723E393-6C3A-4976-8F40-7EC1ED0DFAB0}"
EndProject
Project("{FAE04EC0-301F-11D3-BF4B-00C04F79EFBC}") = "FireMonitor", "FireMonitor\FireMonitor.csproj", "{D1EA90C8-D176-442F-A5DD-8AB97B476821}"
	ProjectSection(ProjectDependencies) = postProject
		{8122CF0A-AC1D-4D4D-B20B-49BB565114A8} = {8122CF0A-AC1D-4D4D-B20B-49BB565114A8}
		{B7A9E349-55EF-4A5F-A7C3-52EB03CCF2AE} = {B7A9E349-55EF-4A5F-A7C3-52EB03CCF2AE}
		{EACD3C52-8D58-4A73-BDE4-E67E619BCD72} = {EACD3C52-8D58-4A73-BDE4-E67E619BCD72}
		{9193BC5C-3DEF-49B0-844A-9385B1540381} = {9193BC5C-3DEF-49B0-844A-9385B1540381}
		{E723E393-6C3A-4976-8F40-7EC1ED0DFAB0} = {E723E393-6C3A-4976-8F40-7EC1ED0DFAB0}
		{B41920A5-73BF-4A3F-A939-ACABF290BEF8} = {B41920A5-73BF-4A3F-A939-ACABF290BEF8}
		{299872B9-B3DB-45C0-867B-53F6D49A7E87} = {299872B9-B3DB-45C0-867B-53F6D49A7E87}
		{73F998DB-9666-44C2-A57F-FEE34BF72A96} = {73F998DB-9666-44C2-A57F-FEE34BF72A96}
		{112658EB-3244-4922-AEF7-6376E688B7A7} = {112658EB-3244-4922-AEF7-6376E688B7A7}
		{AF43EDF4-713E-4184-AA60-AC12504EF236} = {AF43EDF4-713E-4184-AA60-AC12504EF236}
		{8D427CFB-D784-41AC-B2B4-354B017AD556} = {8D427CFB-D784-41AC-B2B4-354B017AD556}
	EndProjectSection
EndProject
Project("{FAE04EC0-301F-11D3-BF4B-00C04F79EFBC}") = "DiagnosticsModule", "Modules\DiagnosticsModule\DiagnosticsModule.csproj", "{B7A9E349-55EF-4A5F-A7C3-52EB03CCF2AE}"
EndProject
Project("{FAE04EC0-301F-11D3-BF4B-00C04F79EFBC}") = "Revisor", "Revisor\Revisor.csproj", "{73F998DB-9666-44C2-A57F-FEE34BF72A96}"
EndProject
Project("{FAE04EC0-301F-11D3-BF4B-00C04F79EFBC}") = "Infrastructure", "Infrastructure\Infrastructure.csproj", "{2A951DA3-6221-43E1-8B88-13A591FAA53B}"
EndProject
Project("{FAE04EC0-301F-11D3-BF4B-00C04F79EFBC}") = "PlansModule.Kursk", "Modules\PlansModule.Kursk\PlansModule.Kursk.csproj", "{B41920A5-73BF-4A3F-A939-ACABF290BEF8}"
EndProject
Project("{FAE04EC0-301F-11D3-BF4B-00C04F79EFBC}") = "GKProcessor", "..\Common\GKProcessor\GKProcessor.csproj", "{62564D14-0234-4947-8218-2C7D74721023}"
EndProject
Project("{FAE04EC0-301F-11D3-BF4B-00C04F79EFBC}") = "FireMonitor.Layout", "FireMonitor.Layout\FireMonitor.Layout.csproj", "{A82CFA86-AAA0-4894-9BBF-A6C087A235BA}"
EndProject
Project("{FAE04EC0-301F-11D3-BF4B-00C04F79EFBC}") = "SKDModule", "Modules\SKDModule\SKDModule.csproj", "{8D427CFB-D784-41AC-B2B4-354B017AD556}"
EndProject
Project("{FAE04EC0-301F-11D3-BF4B-00C04F79EFBC}") = "AutomationModule", "Modules\AutomationModule\AutomationModule.csproj", "{EACD3C52-8D58-4A73-BDE4-E67E619BCD72}"
EndProject
Project("{FAE04EC0-301F-11D3-BF4B-00C04F79EFBC}") = "Infrastructure.Designer", "..\Common\Infrastructure.Designer\Infrastructure.Designer.csproj", "{9193BC5C-3DEF-49B0-844A-9385B1540381}"
EndProject
Project("{FAE04EC0-301F-11D3-BF4B-00C04F79EFBC}") = "RviClient", "..\Common\RviClient\RviClient.csproj", "{112658EB-3244-4922-AEF7-6376E688B7A7}"
EndProject
Project("{FAE04EC0-301F-11D3-BF4B-00C04F79EFBC}") = "JournalModule", "Modules\JournalModule\JournalModule.csproj", "{73FD68C0-A071-4BC1-8299-0EDB03B9C119}"
EndProject
Project("{FAE04EC0-301F-11D3-BF4B-00C04F79EFBC}") = "Infrastructure.Automation", "..\Common\Infrastructure.Automation\Infrastructure.Automation.csproj", "{AE2102F4-C2B3-4CA3-850F-69C93E23DFB7}"
EndProject
Project("{FAE04EC0-301F-11D3-BF4B-00C04F79EFBC}") = "RubezhDAL", "..\Common\RubezhDAL\RubezhDAL.csproj", "{E1D3CDA0-1DE6-47D3-8D2F-C56B297E8007}"
EndProject
Project("{FAE04EC0-301F-11D3-BF4B-00C04F79EFBC}") = "RubezhLicense", "..\Common\RubezhLicense\RubezhLicense.csproj", "{E6D24912-812B-42B4-B6B0-97CA33C0F4AF}"
EndProject
Project("{2150E333-8FDC-42A3-9474-1A3956D46DE8}") = "Tests", "Tests", "{2C052D4D-6DD3-490B-8816-B939B988324D}"
EndProject
Project("{FAE04EC0-301F-11D3-BF4B-00C04F79EFBC}") = "SKDModuleTest", "SKDModuleTest\SKDModuleTest.csproj", "{E6C327AC-43D4-45F0-8C3C-7747F9E6C02D}"
EndProject
Global
	GlobalSection(SolutionConfigurationPlatforms) = preSolution
		Debug|Any CPU = Debug|Any CPU
		Debug|Mixed Platforms = Debug|Mixed Platforms
		Debug|x64 = Debug|x64
		Debug|x86 = Debug|x86
		Release|Any CPU = Release|Any CPU
		Release|Mixed Platforms = Release|Mixed Platforms
		Release|x64 = Release|x64
		Release|x86 = Release|x86
	EndGlobalSection
	GlobalSection(ProjectConfigurationPlatforms) = postSolution
		{299872B9-B3DB-45C0-867B-53F6D49A7E87}.Debug|Any CPU.ActiveCfg = Debug|x86
		{299872B9-B3DB-45C0-867B-53F6D49A7E87}.Debug|Any CPU.Build.0 = Debug|x86
		{299872B9-B3DB-45C0-867B-53F6D49A7E87}.Debug|Mixed Platforms.ActiveCfg = Debug|x86
		{299872B9-B3DB-45C0-867B-53F6D49A7E87}.Debug|Mixed Platforms.Build.0 = Debug|x86
		{299872B9-B3DB-45C0-867B-53F6D49A7E87}.Debug|x64.ActiveCfg = Debug|x86
		{299872B9-B3DB-45C0-867B-53F6D49A7E87}.Debug|x86.ActiveCfg = Debug|x86
		{299872B9-B3DB-45C0-867B-53F6D49A7E87}.Debug|x86.Build.0 = Debug|x86
		{299872B9-B3DB-45C0-867B-53F6D49A7E87}.Release|Any CPU.ActiveCfg = Release|x86
		{299872B9-B3DB-45C0-867B-53F6D49A7E87}.Release|Any CPU.Build.0 = Release|x86
		{299872B9-B3DB-45C0-867B-53F6D49A7E87}.Release|Mixed Platforms.ActiveCfg = Release|x86
		{299872B9-B3DB-45C0-867B-53F6D49A7E87}.Release|Mixed Platforms.Build.0 = Release|x86
		{299872B9-B3DB-45C0-867B-53F6D49A7E87}.Release|x64.ActiveCfg = Release|x86
		{299872B9-B3DB-45C0-867B-53F6D49A7E87}.Release|x86.ActiveCfg = Release|x86
		{299872B9-B3DB-45C0-867B-53F6D49A7E87}.Release|x86.Build.0 = Release|x86
		{D57CB190-A30E-4A3D-A674-F1766CE1CC72}.Debug|Any CPU.ActiveCfg = Debug|x86
		{D57CB190-A30E-4A3D-A674-F1766CE1CC72}.Debug|Any CPU.Build.0 = Debug|x86
		{D57CB190-A30E-4A3D-A674-F1766CE1CC72}.Debug|Mixed Platforms.ActiveCfg = Debug|x86
		{D57CB190-A30E-4A3D-A674-F1766CE1CC72}.Debug|Mixed Platforms.Build.0 = Debug|x86
		{D57CB190-A30E-4A3D-A674-F1766CE1CC72}.Debug|x64.ActiveCfg = Debug|x86
		{D57CB190-A30E-4A3D-A674-F1766CE1CC72}.Debug|x86.ActiveCfg = Debug|x86
		{D57CB190-A30E-4A3D-A674-F1766CE1CC72}.Debug|x86.Build.0 = Debug|x86
		{D57CB190-A30E-4A3D-A674-F1766CE1CC72}.Release|Any CPU.ActiveCfg = Release|x86
		{D57CB190-A30E-4A3D-A674-F1766CE1CC72}.Release|Any CPU.Build.0 = Release|x86
		{D57CB190-A30E-4A3D-A674-F1766CE1CC72}.Release|Mixed Platforms.ActiveCfg = Release|x86
		{D57CB190-A30E-4A3D-A674-F1766CE1CC72}.Release|Mixed Platforms.Build.0 = Release|x86
		{D57CB190-A30E-4A3D-A674-F1766CE1CC72}.Release|x64.ActiveCfg = Release|x86
		{D57CB190-A30E-4A3D-A674-F1766CE1CC72}.Release|x86.ActiveCfg = Release|x86
		{D57CB190-A30E-4A3D-A674-F1766CE1CC72}.Release|x86.Build.0 = Release|x86
		{FE37B6D4-73E5-40F2-A770-A974561430B8}.Debug|Any CPU.ActiveCfg = Debug|x86
		{FE37B6D4-73E5-40F2-A770-A974561430B8}.Debug|Any CPU.Build.0 = Debug|x86
		{FE37B6D4-73E5-40F2-A770-A974561430B8}.Debug|Mixed Platforms.ActiveCfg = Debug|x86
		{FE37B6D4-73E5-40F2-A770-A974561430B8}.Debug|Mixed Platforms.Build.0 = Debug|x86
		{FE37B6D4-73E5-40F2-A770-A974561430B8}.Debug|x64.ActiveCfg = Debug|x64
		{FE37B6D4-73E5-40F2-A770-A974561430B8}.Debug|x64.Build.0 = Debug|x64
		{FE37B6D4-73E5-40F2-A770-A974561430B8}.Debug|x86.ActiveCfg = Debug|x86
		{FE37B6D4-73E5-40F2-A770-A974561430B8}.Debug|x86.Build.0 = Debug|x86
		{FE37B6D4-73E5-40F2-A770-A974561430B8}.Release|Any CPU.ActiveCfg = Release|x86
		{FE37B6D4-73E5-40F2-A770-A974561430B8}.Release|Any CPU.Build.0 = Release|x86
		{FE37B6D4-73E5-40F2-A770-A974561430B8}.Release|Mixed Platforms.ActiveCfg = Release|x86
		{FE37B6D4-73E5-40F2-A770-A974561430B8}.Release|Mixed Platforms.Build.0 = Release|x86
		{FE37B6D4-73E5-40F2-A770-A974561430B8}.Release|x64.ActiveCfg = Release|x86
		{FE37B6D4-73E5-40F2-A770-A974561430B8}.Release|x64.Build.0 = Release|x86
		{FE37B6D4-73E5-40F2-A770-A974561430B8}.Release|x86.ActiveCfg = Release|x86
		{FE37B6D4-73E5-40F2-A770-A974561430B8}.Release|x86.Build.0 = Release|x86
		{0F0ACE8E-E606-4FCA-B6B2-2F1FD86121DE}.Debug|Any CPU.ActiveCfg = Debug|x86
		{0F0ACE8E-E606-4FCA-B6B2-2F1FD86121DE}.Debug|Any CPU.Build.0 = Debug|x86
		{0F0ACE8E-E606-4FCA-B6B2-2F1FD86121DE}.Debug|Mixed Platforms.ActiveCfg = Debug|x86
		{0F0ACE8E-E606-4FCA-B6B2-2F1FD86121DE}.Debug|Mixed Platforms.Build.0 = Debug|x86
		{0F0ACE8E-E606-4FCA-B6B2-2F1FD86121DE}.Debug|x64.ActiveCfg = Debug|x86
		{0F0ACE8E-E606-4FCA-B6B2-2F1FD86121DE}.Debug|x86.ActiveCfg = Debug|x86
		{0F0ACE8E-E606-4FCA-B6B2-2F1FD86121DE}.Debug|x86.Build.0 = Debug|x86
		{0F0ACE8E-E606-4FCA-B6B2-2F1FD86121DE}.Release|Any CPU.ActiveCfg = Release|x86
		{0F0ACE8E-E606-4FCA-B6B2-2F1FD86121DE}.Release|Any CPU.Build.0 = Release|x86
		{0F0ACE8E-E606-4FCA-B6B2-2F1FD86121DE}.Release|Mixed Platforms.ActiveCfg = Release|x86
		{0F0ACE8E-E606-4FCA-B6B2-2F1FD86121DE}.Release|Mixed Platforms.Build.0 = Release|x86
		{0F0ACE8E-E606-4FCA-B6B2-2F1FD86121DE}.Release|x64.ActiveCfg = Release|x86
		{0F0ACE8E-E606-4FCA-B6B2-2F1FD86121DE}.Release|x86.ActiveCfg = Release|x86
		{0F0ACE8E-E606-4FCA-B6B2-2F1FD86121DE}.Release|x86.Build.0 = Release|x86
		{D78CEFEE-52B2-42BC-9E50-94D990E9DFE2}.Debug|Any CPU.ActiveCfg = Debug|Any CPU
		{D78CEFEE-52B2-42BC-9E50-94D990E9DFE2}.Debug|Any CPU.Build.0 = Debug|Any CPU
		{D78CEFEE-52B2-42BC-9E50-94D990E9DFE2}.Debug|Mixed Platforms.ActiveCfg = Debug|Any CPU
		{D78CEFEE-52B2-42BC-9E50-94D990E9DFE2}.Debug|Mixed Platforms.Build.0 = Debug|Any CPU
		{D78CEFEE-52B2-42BC-9E50-94D990E9DFE2}.Debug|x64.ActiveCfg = Debug|Any CPU
		{D78CEFEE-52B2-42BC-9E50-94D990E9DFE2}.Debug|x86.ActiveCfg = Debug|Any CPU
		{D78CEFEE-52B2-42BC-9E50-94D990E9DFE2}.Debug|x86.Build.0 = Debug|Any CPU
		{D78CEFEE-52B2-42BC-9E50-94D990E9DFE2}.Release|Any CPU.ActiveCfg = Release|Any CPU
		{D78CEFEE-52B2-42BC-9E50-94D990E9DFE2}.Release|Any CPU.Build.0 = Release|Any CPU
		{D78CEFEE-52B2-42BC-9E50-94D990E9DFE2}.Release|Mixed Platforms.ActiveCfg = Release|Any CPU
		{D78CEFEE-52B2-42BC-9E50-94D990E9DFE2}.Release|Mixed Platforms.Build.0 = Release|Any CPU
		{D78CEFEE-52B2-42BC-9E50-94D990E9DFE2}.Release|x64.ActiveCfg = Release|Any CPU
		{D78CEFEE-52B2-42BC-9E50-94D990E9DFE2}.Release|x86.ActiveCfg = Release|Any CPU
		{F46953E0-CA12-4659-AE8C-88241B541F6C}.Debug|Any CPU.ActiveCfg = Debug|x86
		{F46953E0-CA12-4659-AE8C-88241B541F6C}.Debug|Any CPU.Build.0 = Debug|x86
		{F46953E0-CA12-4659-AE8C-88241B541F6C}.Debug|Mixed Platforms.ActiveCfg = Debug|x86
		{F46953E0-CA12-4659-AE8C-88241B541F6C}.Debug|Mixed Platforms.Build.0 = Debug|x86
		{F46953E0-CA12-4659-AE8C-88241B541F6C}.Debug|x64.ActiveCfg = Debug|x86
		{F46953E0-CA12-4659-AE8C-88241B541F6C}.Debug|x86.ActiveCfg = Debug|x86
		{F46953E0-CA12-4659-AE8C-88241B541F6C}.Debug|x86.Build.0 = Debug|x86
		{F46953E0-CA12-4659-AE8C-88241B541F6C}.Release|Any CPU.ActiveCfg = Release|x86
		{F46953E0-CA12-4659-AE8C-88241B541F6C}.Release|Any CPU.Build.0 = Release|x86
		{F46953E0-CA12-4659-AE8C-88241B541F6C}.Release|Mixed Platforms.ActiveCfg = Release|x86
		{F46953E0-CA12-4659-AE8C-88241B541F6C}.Release|Mixed Platforms.Build.0 = Release|x86
		{F46953E0-CA12-4659-AE8C-88241B541F6C}.Release|x64.ActiveCfg = Release|x86
		{F46953E0-CA12-4659-AE8C-88241B541F6C}.Release|x86.ActiveCfg = Release|x86
		{F46953E0-CA12-4659-AE8C-88241B541F6C}.Release|x86.Build.0 = Release|x86
		{75DDFD5C-6572-4D90-961A-4E08D65B8FE7}.Debug|Any CPU.ActiveCfg = Debug|x86
		{75DDFD5C-6572-4D90-961A-4E08D65B8FE7}.Debug|Any CPU.Build.0 = Debug|x86
		{75DDFD5C-6572-4D90-961A-4E08D65B8FE7}.Debug|Mixed Platforms.ActiveCfg = Debug|x86
		{75DDFD5C-6572-4D90-961A-4E08D65B8FE7}.Debug|Mixed Platforms.Build.0 = Debug|x86
		{75DDFD5C-6572-4D90-961A-4E08D65B8FE7}.Debug|x64.ActiveCfg = Debug|x64
		{75DDFD5C-6572-4D90-961A-4E08D65B8FE7}.Debug|x64.Build.0 = Debug|x64
		{75DDFD5C-6572-4D90-961A-4E08D65B8FE7}.Debug|x86.ActiveCfg = Debug|x86
		{75DDFD5C-6572-4D90-961A-4E08D65B8FE7}.Debug|x86.Build.0 = Debug|x86
		{75DDFD5C-6572-4D90-961A-4E08D65B8FE7}.Release|Any CPU.ActiveCfg = Release|x86
		{75DDFD5C-6572-4D90-961A-4E08D65B8FE7}.Release|Any CPU.Build.0 = Release|x86
		{75DDFD5C-6572-4D90-961A-4E08D65B8FE7}.Release|Mixed Platforms.ActiveCfg = Release|x86
		{75DDFD5C-6572-4D90-961A-4E08D65B8FE7}.Release|Mixed Platforms.Build.0 = Release|x86
		{75DDFD5C-6572-4D90-961A-4E08D65B8FE7}.Release|x64.ActiveCfg = Release|x86
		{75DDFD5C-6572-4D90-961A-4E08D65B8FE7}.Release|x64.Build.0 = Release|x86
		{75DDFD5C-6572-4D90-961A-4E08D65B8FE7}.Release|x86.ActiveCfg = Release|x86
		{75DDFD5C-6572-4D90-961A-4E08D65B8FE7}.Release|x86.Build.0 = Release|x86
		{8122CF0A-AC1D-4D4D-B20B-49BB565114A8}.Debug|Any CPU.ActiveCfg = Debug|Any CPU
		{8122CF0A-AC1D-4D4D-B20B-49BB565114A8}.Debug|Any CPU.Build.0 = Debug|Any CPU
		{8122CF0A-AC1D-4D4D-B20B-49BB565114A8}.Debug|Mixed Platforms.ActiveCfg = Debug|Any CPU
		{8122CF0A-AC1D-4D4D-B20B-49BB565114A8}.Debug|Mixed Platforms.Build.0 = Debug|Any CPU
		{8122CF0A-AC1D-4D4D-B20B-49BB565114A8}.Debug|x64.ActiveCfg = Debug|Any CPU
		{8122CF0A-AC1D-4D4D-B20B-49BB565114A8}.Debug|x86.ActiveCfg = Debug|Any CPU
		{8122CF0A-AC1D-4D4D-B20B-49BB565114A8}.Debug|x86.Build.0 = Debug|Any CPU
		{8122CF0A-AC1D-4D4D-B20B-49BB565114A8}.Release|Any CPU.ActiveCfg = Release|Any CPU
		{8122CF0A-AC1D-4D4D-B20B-49BB565114A8}.Release|Any CPU.Build.0 = Release|Any CPU
		{8122CF0A-AC1D-4D4D-B20B-49BB565114A8}.Release|Mixed Platforms.ActiveCfg = Release|Any CPU
		{8122CF0A-AC1D-4D4D-B20B-49BB565114A8}.Release|Mixed Platforms.Build.0 = Release|Any CPU
		{8122CF0A-AC1D-4D4D-B20B-49BB565114A8}.Release|x64.ActiveCfg = Release|Any CPU
		{8122CF0A-AC1D-4D4D-B20B-49BB565114A8}.Release|x86.ActiveCfg = Release|Any CPU
		{F91017CC-7740-46F0-B86A-9FDB6E2E1EDB}.Debug|Any CPU.ActiveCfg = Debug|Any CPU
		{F91017CC-7740-46F0-B86A-9FDB6E2E1EDB}.Debug|Any CPU.Build.0 = Debug|Any CPU
		{F91017CC-7740-46F0-B86A-9FDB6E2E1EDB}.Debug|Mixed Platforms.ActiveCfg = Debug|Any CPU
		{F91017CC-7740-46F0-B86A-9FDB6E2E1EDB}.Debug|Mixed Platforms.Build.0 = Debug|Any CPU
		{F91017CC-7740-46F0-B86A-9FDB6E2E1EDB}.Debug|x64.ActiveCfg = Debug|Any CPU
		{F91017CC-7740-46F0-B86A-9FDB6E2E1EDB}.Debug|x86.ActiveCfg = Debug|Any CPU
		{F91017CC-7740-46F0-B86A-9FDB6E2E1EDB}.Debug|x86.Build.0 = Debug|Any CPU
		{F91017CC-7740-46F0-B86A-9FDB6E2E1EDB}.Release|Any CPU.ActiveCfg = Release|Any CPU
		{F91017CC-7740-46F0-B86A-9FDB6E2E1EDB}.Release|Any CPU.Build.0 = Release|Any CPU
		{F91017CC-7740-46F0-B86A-9FDB6E2E1EDB}.Release|Mixed Platforms.ActiveCfg = Release|Any CPU
		{F91017CC-7740-46F0-B86A-9FDB6E2E1EDB}.Release|Mixed Platforms.Build.0 = Release|Any CPU
		{F91017CC-7740-46F0-B86A-9FDB6E2E1EDB}.Release|x64.ActiveCfg = Release|Any CPU
		{F91017CC-7740-46F0-B86A-9FDB6E2E1EDB}.Release|x86.ActiveCfg = Release|Any CPU
		{DA2A8431-7328-4AE8-926F-E191700577A1}.Debug|Any CPU.ActiveCfg = Debug|Any CPU
		{DA2A8431-7328-4AE8-926F-E191700577A1}.Debug|Any CPU.Build.0 = Debug|Any CPU
		{DA2A8431-7328-4AE8-926F-E191700577A1}.Debug|Mixed Platforms.ActiveCfg = Debug|Any CPU
		{DA2A8431-7328-4AE8-926F-E191700577A1}.Debug|Mixed Platforms.Build.0 = Debug|Any CPU
		{DA2A8431-7328-4AE8-926F-E191700577A1}.Debug|x64.ActiveCfg = Debug|Any CPU
		{DA2A8431-7328-4AE8-926F-E191700577A1}.Debug|x86.ActiveCfg = Debug|Any CPU
		{DA2A8431-7328-4AE8-926F-E191700577A1}.Debug|x86.Build.0 = Debug|Any CPU
		{DA2A8431-7328-4AE8-926F-E191700577A1}.Release|Any CPU.ActiveCfg = Release|Any CPU
		{DA2A8431-7328-4AE8-926F-E191700577A1}.Release|Any CPU.Build.0 = Release|Any CPU
		{DA2A8431-7328-4AE8-926F-E191700577A1}.Release|Mixed Platforms.ActiveCfg = Release|Any CPU
		{DA2A8431-7328-4AE8-926F-E191700577A1}.Release|Mixed Platforms.Build.0 = Release|Any CPU
		{DA2A8431-7328-4AE8-926F-E191700577A1}.Release|x64.ActiveCfg = Release|Any CPU
		{DA2A8431-7328-4AE8-926F-E191700577A1}.Release|x86.ActiveCfg = Release|Any CPU
		{AF43EDF4-713E-4184-AA60-AC12504EF236}.Debug|Any CPU.ActiveCfg = Debug|Any CPU
		{AF43EDF4-713E-4184-AA60-AC12504EF236}.Debug|Any CPU.Build.0 = Debug|Any CPU
		{AF43EDF4-713E-4184-AA60-AC12504EF236}.Debug|Mixed Platforms.ActiveCfg = Debug|Any CPU
		{AF43EDF4-713E-4184-AA60-AC12504EF236}.Debug|Mixed Platforms.Build.0 = Debug|Any CPU
		{AF43EDF4-713E-4184-AA60-AC12504EF236}.Debug|x64.ActiveCfg = Debug|Any CPU
		{AF43EDF4-713E-4184-AA60-AC12504EF236}.Debug|x86.ActiveCfg = Debug|Any CPU
		{AF43EDF4-713E-4184-AA60-AC12504EF236}.Debug|x86.Build.0 = Debug|Any CPU
		{AF43EDF4-713E-4184-AA60-AC12504EF236}.Release|Any CPU.ActiveCfg = Release|Any CPU
		{AF43EDF4-713E-4184-AA60-AC12504EF236}.Release|Any CPU.Build.0 = Release|Any CPU
		{AF43EDF4-713E-4184-AA60-AC12504EF236}.Release|Mixed Platforms.ActiveCfg = Release|Any CPU
		{AF43EDF4-713E-4184-AA60-AC12504EF236}.Release|Mixed Platforms.Build.0 = Release|Any CPU
		{AF43EDF4-713E-4184-AA60-AC12504EF236}.Release|x64.ActiveCfg = Release|Any CPU
		{AF43EDF4-713E-4184-AA60-AC12504EF236}.Release|x86.ActiveCfg = Release|Any CPU
		{AF43EDF4-713E-4184-AA60-AC12504EF236}.Release|x86.Build.0 = Release|Any CPU
		{E723E393-6C3A-4976-8F40-7EC1ED0DFAB0}.Debug|Any CPU.ActiveCfg = Debug|x86
		{E723E393-6C3A-4976-8F40-7EC1ED0DFAB0}.Debug|Any CPU.Build.0 = Debug|x86
		{E723E393-6C3A-4976-8F40-7EC1ED0DFAB0}.Debug|Mixed Platforms.ActiveCfg = Debug|Any CPU
		{E723E393-6C3A-4976-8F40-7EC1ED0DFAB0}.Debug|Mixed Platforms.Build.0 = Debug|Any CPU
		{E723E393-6C3A-4976-8F40-7EC1ED0DFAB0}.Debug|x64.ActiveCfg = Debug|Any CPU
		{E723E393-6C3A-4976-8F40-7EC1ED0DFAB0}.Debug|x86.ActiveCfg = Debug|x86
		{E723E393-6C3A-4976-8F40-7EC1ED0DFAB0}.Debug|x86.Build.0 = Debug|x86
		{E723E393-6C3A-4976-8F40-7EC1ED0DFAB0}.Release|Any CPU.ActiveCfg = Release|Any CPU
		{E723E393-6C3A-4976-8F40-7EC1ED0DFAB0}.Release|Any CPU.Build.0 = Release|Any CPU
		{E723E393-6C3A-4976-8F40-7EC1ED0DFAB0}.Release|Mixed Platforms.ActiveCfg = Release|Any CPU
		{E723E393-6C3A-4976-8F40-7EC1ED0DFAB0}.Release|Mixed Platforms.Build.0 = Release|Any CPU
		{E723E393-6C3A-4976-8F40-7EC1ED0DFAB0}.Release|x64.ActiveCfg = Release|x86
		{E723E393-6C3A-4976-8F40-7EC1ED0DFAB0}.Release|x64.Build.0 = Release|x86
		{E723E393-6C3A-4976-8F40-7EC1ED0DFAB0}.Release|x86.ActiveCfg = Release|x86
		{E723E393-6C3A-4976-8F40-7EC1ED0DFAB0}.Release|x86.Build.0 = Release|x86
		{D1EA90C8-D176-442F-A5DD-8AB97B476821}.Debug|Any CPU.ActiveCfg = Debug|Any CPU
		{D1EA90C8-D176-442F-A5DD-8AB97B476821}.Debug|Any CPU.Build.0 = Debug|Any CPU
		{D1EA90C8-D176-442F-A5DD-8AB97B476821}.Debug|Mixed Platforms.ActiveCfg = Debug|Any CPU
		{D1EA90C8-D176-442F-A5DD-8AB97B476821}.Debug|Mixed Platforms.Build.0 = Debug|Any CPU
		{D1EA90C8-D176-442F-A5DD-8AB97B476821}.Debug|x64.ActiveCfg = Debug|Any CPU
		{D1EA90C8-D176-442F-A5DD-8AB97B476821}.Debug|x86.ActiveCfg = Debug|Any CPU
		{D1EA90C8-D176-442F-A5DD-8AB97B476821}.Debug|x86.Build.0 = Debug|Any CPU
		{D1EA90C8-D176-442F-A5DD-8AB97B476821}.Release|Any CPU.ActiveCfg = Release|Any CPU
		{D1EA90C8-D176-442F-A5DD-8AB97B476821}.Release|Any CPU.Build.0 = Release|Any CPU
		{D1EA90C8-D176-442F-A5DD-8AB97B476821}.Release|Mixed Platforms.ActiveCfg = Release|Any CPU
		{D1EA90C8-D176-442F-A5DD-8AB97B476821}.Release|Mixed Platforms.Build.0 = Release|Any CPU
		{D1EA90C8-D176-442F-A5DD-8AB97B476821}.Release|x64.ActiveCfg = Release|Any CPU
		{D1EA90C8-D176-442F-A5DD-8AB97B476821}.Release|x86.ActiveCfg = Release|Any CPU
		{B7A9E349-55EF-4A5F-A7C3-52EB03CCF2AE}.Debug|Any CPU.ActiveCfg = Debug|Any CPU
		{B7A9E349-55EF-4A5F-A7C3-52EB03CCF2AE}.Debug|Any CPU.Build.0 = Debug|Any CPU
		{B7A9E349-55EF-4A5F-A7C3-52EB03CCF2AE}.Debug|Mixed Platforms.ActiveCfg = Debug|Any CPU
		{B7A9E349-55EF-4A5F-A7C3-52EB03CCF2AE}.Debug|Mixed Platforms.Build.0 = Debug|Any CPU
		{B7A9E349-55EF-4A5F-A7C3-52EB03CCF2AE}.Debug|x64.ActiveCfg = Debug|Any CPU
		{B7A9E349-55EF-4A5F-A7C3-52EB03CCF2AE}.Debug|x86.ActiveCfg = Debug|Any CPU
		{B7A9E349-55EF-4A5F-A7C3-52EB03CCF2AE}.Debug|x86.Build.0 = Debug|Any CPU
		{B7A9E349-55EF-4A5F-A7C3-52EB03CCF2AE}.Release|Any CPU.ActiveCfg = Release|Any CPU
		{B7A9E349-55EF-4A5F-A7C3-52EB03CCF2AE}.Release|Any CPU.Build.0 = Release|Any CPU
		{B7A9E349-55EF-4A5F-A7C3-52EB03CCF2AE}.Release|Mixed Platforms.ActiveCfg = Release|Any CPU
		{B7A9E349-55EF-4A5F-A7C3-52EB03CCF2AE}.Release|Mixed Platforms.Build.0 = Release|Any CPU
		{B7A9E349-55EF-4A5F-A7C3-52EB03CCF2AE}.Release|x64.ActiveCfg = Release|Any CPU
		{B7A9E349-55EF-4A5F-A7C3-52EB03CCF2AE}.Release|x86.ActiveCfg = Release|Any CPU
		{73F998DB-9666-44C2-A57F-FEE34BF72A96}.Debug|Any CPU.ActiveCfg = Debug|x86
		{73F998DB-9666-44C2-A57F-FEE34BF72A96}.Debug|Mixed Platforms.ActiveCfg = Debug|x86
		{73F998DB-9666-44C2-A57F-FEE34BF72A96}.Debug|Mixed Platforms.Build.0 = Debug|x86
		{73F998DB-9666-44C2-A57F-FEE34BF72A96}.Debug|x64.ActiveCfg = Debug|x86
		{73F998DB-9666-44C2-A57F-FEE34BF72A96}.Debug|x86.ActiveCfg = Debug|x86
		{73F998DB-9666-44C2-A57F-FEE34BF72A96}.Debug|x86.Build.0 = Debug|x86
		{73F998DB-9666-44C2-A57F-FEE34BF72A96}.Release|Any CPU.ActiveCfg = Release|x86
		{73F998DB-9666-44C2-A57F-FEE34BF72A96}.Release|Mixed Platforms.ActiveCfg = Release|x86
		{73F998DB-9666-44C2-A57F-FEE34BF72A96}.Release|Mixed Platforms.Build.0 = Release|x86
		{73F998DB-9666-44C2-A57F-FEE34BF72A96}.Release|x64.ActiveCfg = Release|x86
		{73F998DB-9666-44C2-A57F-FEE34BF72A96}.Release|x86.ActiveCfg = Release|x86
		{73F998DB-9666-44C2-A57F-FEE34BF72A96}.Release|x86.Build.0 = Release|x86
		{2A951DA3-6221-43E1-8B88-13A591FAA53B}.Debug|Any CPU.ActiveCfg = Debug|Any CPU
		{2A951DA3-6221-43E1-8B88-13A591FAA53B}.Debug|Any CPU.Build.0 = Debug|Any CPU
		{2A951DA3-6221-43E1-8B88-13A591FAA53B}.Debug|Mixed Platforms.ActiveCfg = Debug|x86
		{2A951DA3-6221-43E1-8B88-13A591FAA53B}.Debug|Mixed Platforms.Build.0 = Debug|x86
		{2A951DA3-6221-43E1-8B88-13A591FAA53B}.Debug|x64.ActiveCfg = Debug|x86
		{2A951DA3-6221-43E1-8B88-13A591FAA53B}.Debug|x86.ActiveCfg = Debug|x86
		{2A951DA3-6221-43E1-8B88-13A591FAA53B}.Debug|x86.Build.0 = Debug|x86
		{2A951DA3-6221-43E1-8B88-13A591FAA53B}.Release|Any CPU.ActiveCfg = Release|Any CPU
		{2A951DA3-6221-43E1-8B88-13A591FAA53B}.Release|Any CPU.Build.0 = Release|Any CPU
		{2A951DA3-6221-43E1-8B88-13A591FAA53B}.Release|Mixed Platforms.ActiveCfg = Release|x86
		{2A951DA3-6221-43E1-8B88-13A591FAA53B}.Release|Mixed Platforms.Build.0 = Release|x86
		{2A951DA3-6221-43E1-8B88-13A591FAA53B}.Release|x64.ActiveCfg = Release|x86
		{2A951DA3-6221-43E1-8B88-13A591FAA53B}.Release|x86.ActiveCfg = Release|x86
		{2A951DA3-6221-43E1-8B88-13A591FAA53B}.Release|x86.Build.0 = Release|x86
		{B41920A5-73BF-4A3F-A939-ACABF290BEF8}.Debug|Any CPU.ActiveCfg = Debug|Any CPU
		{B41920A5-73BF-4A3F-A939-ACABF290BEF8}.Debug|Any CPU.Build.0 = Debug|Any CPU
		{B41920A5-73BF-4A3F-A939-ACABF290BEF8}.Debug|Mixed Platforms.ActiveCfg = Debug|Any CPU
		{B41920A5-73BF-4A3F-A939-ACABF290BEF8}.Debug|Mixed Platforms.Build.0 = Debug|Any CPU
		{B41920A5-73BF-4A3F-A939-ACABF290BEF8}.Debug|x64.ActiveCfg = Debug|Any CPU
		{B41920A5-73BF-4A3F-A939-ACABF290BEF8}.Debug|x86.ActiveCfg = Debug|Any CPU
		{B41920A5-73BF-4A3F-A939-ACABF290BEF8}.Release|Any CPU.ActiveCfg = Release|Any CPU
		{B41920A5-73BF-4A3F-A939-ACABF290BEF8}.Release|Any CPU.Build.0 = Release|Any CPU
		{B41920A5-73BF-4A3F-A939-ACABF290BEF8}.Release|Mixed Platforms.ActiveCfg = Release|Any CPU
		{B41920A5-73BF-4A3F-A939-ACABF290BEF8}.Release|Mixed Platforms.Build.0 = Release|Any CPU
		{B41920A5-73BF-4A3F-A939-ACABF290BEF8}.Release|x64.ActiveCfg = Release|Any CPU
		{B41920A5-73BF-4A3F-A939-ACABF290BEF8}.Release|x86.ActiveCfg = Release|Any CPU
		{62564D14-0234-4947-8218-2C7D74721023}.Debug|Any CPU.ActiveCfg = Debug|Any CPU
		{62564D14-0234-4947-8218-2C7D74721023}.Debug|Any CPU.Build.0 = Debug|Any CPU
		{62564D14-0234-4947-8218-2C7D74721023}.Debug|Mixed Platforms.ActiveCfg = Debug|Any CPU
		{62564D14-0234-4947-8218-2C7D74721023}.Debug|Mixed Platforms.Build.0 = Debug|Any CPU
		{62564D14-0234-4947-8218-2C7D74721023}.Debug|x64.ActiveCfg = Debug|Any CPU
		{62564D14-0234-4947-8218-2C7D74721023}.Debug|x86.ActiveCfg = Debug|Any CPU
		{62564D14-0234-4947-8218-2C7D74721023}.Release|Any CPU.ActiveCfg = Release|Any CPU
		{62564D14-0234-4947-8218-2C7D74721023}.Release|Any CPU.Build.0 = Release|Any CPU
		{62564D14-0234-4947-8218-2C7D74721023}.Release|Mixed Platforms.ActiveCfg = Release|Any CPU
		{62564D14-0234-4947-8218-2C7D74721023}.Release|Mixed Platforms.Build.0 = Release|Any CPU
		{62564D14-0234-4947-8218-2C7D74721023}.Release|x64.ActiveCfg = Release|Any CPU
		{62564D14-0234-4947-8218-2C7D74721023}.Release|x86.ActiveCfg = Release|Any CPU
		{A82CFA86-AAA0-4894-9BBF-A6C087A235BA}.Debug|Any CPU.ActiveCfg = Debug|x64
		{A82CFA86-AAA0-4894-9BBF-A6C087A235BA}.Debug|Mixed Platforms.ActiveCfg = Debug|x64
		{A82CFA86-AAA0-4894-9BBF-A6C087A235BA}.Debug|Mixed Platforms.Build.0 = Debug|x64
		{A82CFA86-AAA0-4894-9BBF-A6C087A235BA}.Debug|x64.ActiveCfg = Debug|x64
		{A82CFA86-AAA0-4894-9BBF-A6C087A235BA}.Debug|x64.Build.0 = Debug|x64
		{A82CFA86-AAA0-4894-9BBF-A6C087A235BA}.Debug|x86.ActiveCfg = Debug|x86
		{A82CFA86-AAA0-4894-9BBF-A6C087A235BA}.Debug|x86.Build.0 = Debug|x86
		{A82CFA86-AAA0-4894-9BBF-A6C087A235BA}.Release|Any CPU.ActiveCfg = Release|x64
		{A82CFA86-AAA0-4894-9BBF-A6C087A235BA}.Release|Mixed Platforms.ActiveCfg = Release|x64
		{A82CFA86-AAA0-4894-9BBF-A6C087A235BA}.Release|Mixed Platforms.Build.0 = Release|x64
		{A82CFA86-AAA0-4894-9BBF-A6C087A235BA}.Release|x64.ActiveCfg = Release|x64
		{A82CFA86-AAA0-4894-9BBF-A6C087A235BA}.Release|x64.Build.0 = Release|x64
		{A82CFA86-AAA0-4894-9BBF-A6C087A235BA}.Release|x86.ActiveCfg = Release|x86
		{A82CFA86-AAA0-4894-9BBF-A6C087A235BA}.Release|x86.Build.0 = Release|x86
		{8D427CFB-D784-41AC-B2B4-354B017AD556}.Debug|Any CPU.ActiveCfg = Debug|Any CPU
		{8D427CFB-D784-41AC-B2B4-354B017AD556}.Debug|Any CPU.Build.0 = Debug|Any CPU
		{8D427CFB-D784-41AC-B2B4-354B017AD556}.Debug|Mixed Platforms.ActiveCfg = Debug|Any CPU
		{8D427CFB-D784-41AC-B2B4-354B017AD556}.Debug|Mixed Platforms.Build.0 = Debug|Any CPU
		{8D427CFB-D784-41AC-B2B4-354B017AD556}.Debug|x64.ActiveCfg = Debug|Any CPU
		{8D427CFB-D784-41AC-B2B4-354B017AD556}.Debug|x86.ActiveCfg = Debug|Any CPU
		{8D427CFB-D784-41AC-B2B4-354B017AD556}.Release|Any CPU.ActiveCfg = Release|Any CPU
		{8D427CFB-D784-41AC-B2B4-354B017AD556}.Release|Any CPU.Build.0 = Release|Any CPU
		{8D427CFB-D784-41AC-B2B4-354B017AD556}.Release|Mixed Platforms.ActiveCfg = Release|Any CPU
		{8D427CFB-D784-41AC-B2B4-354B017AD556}.Release|Mixed Platforms.Build.0 = Release|Any CPU
		{8D427CFB-D784-41AC-B2B4-354B017AD556}.Release|x64.ActiveCfg = Release|Any CPU
		{8D427CFB-D784-41AC-B2B4-354B017AD556}.Release|x86.ActiveCfg = Release|Any CPU
		{EACD3C52-8D58-4A73-BDE4-E67E619BCD72}.Debug|Any CPU.ActiveCfg = Debug|Any CPU
		{EACD3C52-8D58-4A73-BDE4-E67E619BCD72}.Debug|Any CPU.Build.0 = Debug|Any CPU
		{EACD3C52-8D58-4A73-BDE4-E67E619BCD72}.Debug|Mixed Platforms.ActiveCfg = Debug|Any CPU
		{EACD3C52-8D58-4A73-BDE4-E67E619BCD72}.Debug|Mixed Platforms.Build.0 = Debug|Any CPU
		{EACD3C52-8D58-4A73-BDE4-E67E619BCD72}.Debug|x64.ActiveCfg = Debug|Any CPU
		{EACD3C52-8D58-4A73-BDE4-E67E619BCD72}.Debug|x86.ActiveCfg = Debug|Any CPU
		{EACD3C52-8D58-4A73-BDE4-E67E619BCD72}.Release|Any CPU.ActiveCfg = Release|Any CPU
		{EACD3C52-8D58-4A73-BDE4-E67E619BCD72}.Release|Any CPU.Build.0 = Release|Any CPU
		{EACD3C52-8D58-4A73-BDE4-E67E619BCD72}.Release|Mixed Platforms.ActiveCfg = Release|Any CPU
		{EACD3C52-8D58-4A73-BDE4-E67E619BCD72}.Release|Mixed Platforms.Build.0 = Release|Any CPU
		{EACD3C52-8D58-4A73-BDE4-E67E619BCD72}.Release|x64.ActiveCfg = Release|Any CPU
		{EACD3C52-8D58-4A73-BDE4-E67E619BCD72}.Release|x86.ActiveCfg = Release|Any CPU
		{9193BC5C-3DEF-49B0-844A-9385B1540381}.Debug|Any CPU.ActiveCfg = Debug|Any CPU
		{9193BC5C-3DEF-49B0-844A-9385B1540381}.Debug|Any CPU.Build.0 = Debug|Any CPU
		{9193BC5C-3DEF-49B0-844A-9385B1540381}.Debug|Mixed Platforms.ActiveCfg = Debug|Any CPU
		{9193BC5C-3DEF-49B0-844A-9385B1540381}.Debug|Mixed Platforms.Build.0 = Debug|Any CPU
		{9193BC5C-3DEF-49B0-844A-9385B1540381}.Debug|x64.ActiveCfg = Debug|Any CPU
		{9193BC5C-3DEF-49B0-844A-9385B1540381}.Debug|x86.ActiveCfg = Debug|Any CPU
		{9193BC5C-3DEF-49B0-844A-9385B1540381}.Release|Any CPU.ActiveCfg = Release|Any CPU
		{9193BC5C-3DEF-49B0-844A-9385B1540381}.Release|Any CPU.Build.0 = Release|Any CPU
		{9193BC5C-3DEF-49B0-844A-9385B1540381}.Release|Mixed Platforms.ActiveCfg = Release|Any CPU
		{9193BC5C-3DEF-49B0-844A-9385B1540381}.Release|Mixed Platforms.Build.0 = Release|Any CPU
		{9193BC5C-3DEF-49B0-844A-9385B1540381}.Release|x64.ActiveCfg = Release|Any CPU
		{9193BC5C-3DEF-49B0-844A-9385B1540381}.Release|x86.ActiveCfg = Release|Any CPU
		{112658EB-3244-4922-AEF7-6376E688B7A7}.Debug|Any CPU.ActiveCfg = Debug|Any CPU
		{112658EB-3244-4922-AEF7-6376E688B7A7}.Debug|Any CPU.Build.0 = Debug|Any CPU
		{112658EB-3244-4922-AEF7-6376E688B7A7}.Debug|Mixed Platforms.ActiveCfg = Debug|Any CPU
		{112658EB-3244-4922-AEF7-6376E688B7A7}.Debug|Mixed Platforms.Build.0 = Debug|Any CPU
		{112658EB-3244-4922-AEF7-6376E688B7A7}.Debug|x64.ActiveCfg = Debug|Any CPU
		{112658EB-3244-4922-AEF7-6376E688B7A7}.Debug|x86.ActiveCfg = Debug|Any CPU
		{112658EB-3244-4922-AEF7-6376E688B7A7}.Release|Any CPU.ActiveCfg = Release|Any CPU
		{112658EB-3244-4922-AEF7-6376E688B7A7}.Release|Any CPU.Build.0 = Release|Any CPU
		{112658EB-3244-4922-AEF7-6376E688B7A7}.Release|Mixed Platforms.ActiveCfg = Release|Any CPU
		{112658EB-3244-4922-AEF7-6376E688B7A7}.Release|Mixed Platforms.Build.0 = Release|Any CPU
		{112658EB-3244-4922-AEF7-6376E688B7A7}.Release|x64.ActiveCfg = Release|Any CPU
		{112658EB-3244-4922-AEF7-6376E688B7A7}.Release|x86.ActiveCfg = Release|Any CPU
		{73FD68C0-A071-4BC1-8299-0EDB03B9C119}.Debug|Any CPU.ActiveCfg = Debug|Any CPU
		{73FD68C0-A071-4BC1-8299-0EDB03B9C119}.Debug|Any CPU.Build.0 = Debug|Any CPU
		{73FD68C0-A071-4BC1-8299-0EDB03B9C119}.Debug|Mixed Platforms.ActiveCfg = Debug|x86
		{73FD68C0-A071-4BC1-8299-0EDB03B9C119}.Debug|Mixed Platforms.Build.0 = Debug|x86
		{73FD68C0-A071-4BC1-8299-0EDB03B9C119}.Debug|x64.ActiveCfg = Debug|Any CPU
		{73FD68C0-A071-4BC1-8299-0EDB03B9C119}.Debug|x86.ActiveCfg = Debug|x86
		{73FD68C0-A071-4BC1-8299-0EDB03B9C119}.Debug|x86.Build.0 = Debug|x86
		{73FD68C0-A071-4BC1-8299-0EDB03B9C119}.Release|Any CPU.ActiveCfg = Release|Any CPU
		{73FD68C0-A071-4BC1-8299-0EDB03B9C119}.Release|Any CPU.Build.0 = Release|Any CPU
		{73FD68C0-A071-4BC1-8299-0EDB03B9C119}.Release|Mixed Platforms.ActiveCfg = Release|x86
		{73FD68C0-A071-4BC1-8299-0EDB03B9C119}.Release|Mixed Platforms.Build.0 = Release|x86
		{73FD68C0-A071-4BC1-8299-0EDB03B9C119}.Release|x64.ActiveCfg = Release|Any CPU
		{73FD68C0-A071-4BC1-8299-0EDB03B9C119}.Release|x86.ActiveCfg = Release|x86
		{73FD68C0-A071-4BC1-8299-0EDB03B9C119}.Release|x86.Build.0 = Release|x86
		{AE2102F4-C2B3-4CA3-850F-69C93E23DFB7}.Debug|Any CPU.ActiveCfg = Debug|Any CPU
		{AE2102F4-C2B3-4CA3-850F-69C93E23DFB7}.Debug|Any CPU.Build.0 = Debug|Any CPU
		{AE2102F4-C2B3-4CA3-850F-69C93E23DFB7}.Debug|Mixed Platforms.ActiveCfg = Debug|Any CPU
		{AE2102F4-C2B3-4CA3-850F-69C93E23DFB7}.Debug|Mixed Platforms.Build.0 = Debug|Any CPU
		{AE2102F4-C2B3-4CA3-850F-69C93E23DFB7}.Debug|x64.ActiveCfg = Debug|Any CPU
		{AE2102F4-C2B3-4CA3-850F-69C93E23DFB7}.Debug|x86.ActiveCfg = Debug|Any CPU
		{AE2102F4-C2B3-4CA3-850F-69C93E23DFB7}.Release|Any CPU.ActiveCfg = Release|Any CPU
		{AE2102F4-C2B3-4CA3-850F-69C93E23DFB7}.Release|Any CPU.Build.0 = Release|Any CPU
		{AE2102F4-C2B3-4CA3-850F-69C93E23DFB7}.Release|Mixed Platforms.ActiveCfg = Release|Any CPU
		{AE2102F4-C2B3-4CA3-850F-69C93E23DFB7}.Release|Mixed Platforms.Build.0 = Release|Any CPU
		{AE2102F4-C2B3-4CA3-850F-69C93E23DFB7}.Release|x64.ActiveCfg = Release|Any CPU
		{AE2102F4-C2B3-4CA3-850F-69C93E23DFB7}.Release|x86.ActiveCfg = Release|Any CPU
		{E1D3CDA0-1DE6-47D3-8D2F-C56B297E8007}.Debug|Any CPU.ActiveCfg = Debug|Any CPU
		{E1D3CDA0-1DE6-47D3-8D2F-C56B297E8007}.Debug|Any CPU.Build.0 = Debug|Any CPU
		{E1D3CDA0-1DE6-47D3-8D2F-C56B297E8007}.Debug|Mixed Platforms.ActiveCfg = Debug|Any CPU
		{E1D3CDA0-1DE6-47D3-8D2F-C56B297E8007}.Debug|Mixed Platforms.Build.0 = Debug|Any CPU
		{E1D3CDA0-1DE6-47D3-8D2F-C56B297E8007}.Debug|x64.ActiveCfg = Debug|Any CPU
		{E1D3CDA0-1DE6-47D3-8D2F-C56B297E8007}.Debug|x86.ActiveCfg = Debug|Any CPU
		{E1D3CDA0-1DE6-47D3-8D2F-C56B297E8007}.Release|Any CPU.ActiveCfg = Release|Any CPU
		{E1D3CDA0-1DE6-47D3-8D2F-C56B297E8007}.Release|Any CPU.Build.0 = Release|Any CPU
		{E1D3CDA0-1DE6-47D3-8D2F-C56B297E8007}.Release|Mixed Platforms.ActiveCfg = Release|Any CPU
		{E1D3CDA0-1DE6-47D3-8D2F-C56B297E8007}.Release|Mixed Platforms.Build.0 = Release|Any CPU
		{E1D3CDA0-1DE6-47D3-8D2F-C56B297E8007}.Release|x64.ActiveCfg = Release|Any CPU
		{E1D3CDA0-1DE6-47D3-8D2F-C56B297E8007}.Release|x86.ActiveCfg = Release|Any CPU
		{E6D24912-812B-42B4-B6B0-97CA33C0F4AF}.Debug|Any CPU.ActiveCfg = Debug|Any CPU
		{E6D24912-812B-42B4-B6B0-97CA33C0F4AF}.Debug|Any CPU.Build.0 = Debug|Any CPU
		{E6D24912-812B-42B4-B6B0-97CA33C0F4AF}.Debug|Mixed Platforms.ActiveCfg = Debug|Any CPU
		{E6D24912-812B-42B4-B6B0-97CA33C0F4AF}.Debug|Mixed Platforms.Build.0 = Debug|Any CPU
		{E6D24912-812B-42B4-B6B0-97CA33C0F4AF}.Debug|x64.ActiveCfg = Debug|Any CPU
		{E6D24912-812B-42B4-B6B0-97CA33C0F4AF}.Debug|x86.ActiveCfg = Debug|Any CPU
		{E6D24912-812B-42B4-B6B0-97CA33C0F4AF}.Release|Any CPU.ActiveCfg = Release|Any CPU
		{E6D24912-812B-42B4-B6B0-97CA33C0F4AF}.Release|Any CPU.Build.0 = Release|Any CPU
		{E6D24912-812B-42B4-B6B0-97CA33C0F4AF}.Release|Mixed Platforms.ActiveCfg = Release|Any CPU
		{E6D24912-812B-42B4-B6B0-97CA33C0F4AF}.Release|Mixed Platforms.Build.0 = Release|Any CPU
		{E6D24912-812B-42B4-B6B0-97CA33C0F4AF}.Release|x64.ActiveCfg = Release|Any CPU
		{E6D24912-812B-42B4-B6B0-97CA33C0F4AF}.Release|x86.ActiveCfg = Release|Any CPU
		{E6C327AC-43D4-45F0-8C3C-7747F9E6C02D}.Debug|Any CPU.ActiveCfg = Debug|Any CPU
		{E6C327AC-43D4-45F0-8C3C-7747F9E6C02D}.Debug|Any CPU.Build.0 = Debug|Any CPU
		{E6C327AC-43D4-45F0-8C3C-7747F9E6C02D}.Debug|Mixed Platforms.ActiveCfg = Debug|Any CPU
		{E6C327AC-43D4-45F0-8C3C-7747F9E6C02D}.Debug|Mixed Platforms.Build.0 = Debug|Any CPU
		{E6C327AC-43D4-45F0-8C3C-7747F9E6C02D}.Debug|x64.ActiveCfg = Debug|Any CPU
		{E6C327AC-43D4-45F0-8C3C-7747F9E6C02D}.Debug|x86.ActiveCfg = Debug|Any CPU
		{E6C327AC-43D4-45F0-8C3C-7747F9E6C02D}.Release|Any CPU.ActiveCfg = Release|Any CPU
		{E6C327AC-43D4-45F0-8C3C-7747F9E6C02D}.Release|Any CPU.Build.0 = Release|Any CPU
		{E6C327AC-43D4-45F0-8C3C-7747F9E6C02D}.Release|Mixed Platforms.ActiveCfg = Release|Any CPU
		{E6C327AC-43D4-45F0-8C3C-7747F9E6C02D}.Release|Mixed Platforms.Build.0 = Release|Any CPU
		{E6C327AC-43D4-45F0-8C3C-7747F9E6C02D}.Release|x64.ActiveCfg = Release|Any CPU
		{E6C327AC-43D4-45F0-8C3C-7747F9E6C02D}.Release|x86.ActiveCfg = Release|Any CPU
	EndGlobalSection
	GlobalSection(SolutionProperties) = preSolution
		HideSolutionNode = FALSE
	EndGlobalSection
	GlobalSection(NestedProjects) = preSolution
		{299872B9-B3DB-45C0-867B-53F6D49A7E87} = {7C5CB4A0-7F30-446F-96ED-0E3693176556}
		{D57CB190-A30E-4A3D-A674-F1766CE1CC72} = {785CAF4E-9859-4BC8-BBD8-7410571BE9E1}
		{FE37B6D4-73E5-40F2-A770-A974561430B8} = {785CAF4E-9859-4BC8-BBD8-7410571BE9E1}
		{0F0ACE8E-E606-4FCA-B6B2-2F1FD86121DE} = {785CAF4E-9859-4BC8-BBD8-7410571BE9E1}
		{D78CEFEE-52B2-42BC-9E50-94D990E9DFE2} = {785CAF4E-9859-4BC8-BBD8-7410571BE9E1}
		{F46953E0-CA12-4659-AE8C-88241B541F6C} = {785CAF4E-9859-4BC8-BBD8-7410571BE9E1}
		{75DDFD5C-6572-4D90-961A-4E08D65B8FE7} = {785CAF4E-9859-4BC8-BBD8-7410571BE9E1}
		{8122CF0A-AC1D-4D4D-B20B-49BB565114A8} = {7C5CB4A0-7F30-446F-96ED-0E3693176556}
		{F91017CC-7740-46F0-B86A-9FDB6E2E1EDB} = {785CAF4E-9859-4BC8-BBD8-7410571BE9E1}
		{DA2A8431-7328-4AE8-926F-E191700577A1} = {785CAF4E-9859-4BC8-BBD8-7410571BE9E1}
		{AF43EDF4-713E-4184-AA60-AC12504EF236} = {7C5CB4A0-7F30-446F-96ED-0E3693176556}
		{E723E393-6C3A-4976-8F40-7EC1ED0DFAB0} = {7C5CB4A0-7F30-446F-96ED-0E3693176556}
		{B7A9E349-55EF-4A5F-A7C3-52EB03CCF2AE} = {7C5CB4A0-7F30-446F-96ED-0E3693176556}
		{B41920A5-73BF-4A3F-A939-ACABF290BEF8} = {7C5CB4A0-7F30-446F-96ED-0E3693176556}
		{62564D14-0234-4947-8218-2C7D74721023} = {785CAF4E-9859-4BC8-BBD8-7410571BE9E1}
		{8D427CFB-D784-41AC-B2B4-354B017AD556} = {7C5CB4A0-7F30-446F-96ED-0E3693176556}
		{EACD3C52-8D58-4A73-BDE4-E67E619BCD72} = {7C5CB4A0-7F30-446F-96ED-0E3693176556}
		{9193BC5C-3DEF-49B0-844A-9385B1540381} = {785CAF4E-9859-4BC8-BBD8-7410571BE9E1}
		{112658EB-3244-4922-AEF7-6376E688B7A7} = {785CAF4E-9859-4BC8-BBD8-7410571BE9E1}
		{73FD68C0-A071-4BC1-8299-0EDB03B9C119} = {7C5CB4A0-7F30-446F-96ED-0E3693176556}
		{AE2102F4-C2B3-4CA3-850F-69C93E23DFB7} = {785CAF4E-9859-4BC8-BBD8-7410571BE9E1}
		{E1D3CDA0-1DE6-47D3-8D2F-C56B297E8007} = {785CAF4E-9859-4BC8-BBD8-7410571BE9E1}
		{E6D24912-812B-42B4-B6B0-97CA33C0F4AF} = {785CAF4E-9859-4BC8-BBD8-7410571BE9E1}
		{E6C327AC-43D4-45F0-8C3C-7747F9E6C02D} = {2C052D4D-6DD3-490B-8816-B939B988324D}
	EndGlobalSection
EndGlobal
