
Microsoft Visual Studio Solution File, Format Version 12.00
# Visual Studio 2013
VisualStudioVersion = 12.0.31101.0
MinimumVisualStudioVersion = 10.0.40219.1
Project("{FAE04EC0-301F-11D3-BF4B-00C04F79EFBC}") = "GKSDK", "GKSDK\GKSDK.csproj", "{DAB729A2-DCD1-46E9-9200-8967D332CACF}"
EndProject
Project("{2150E333-8FDC-42A3-9474-1A3956D46DE8}") = "Common", "Common", "{08485621-39BD-487F-802F-36E666506685}"
EndProject
Project("{FAE04EC0-301F-11D3-BF4B-00C04F79EFBC}") = "Common", "..\Common\Common\Common.csproj", "{FE37B6D4-73E5-40F2-A770-A974561430B8}"
EndProject
Project("{FAE04EC0-301F-11D3-BF4B-00C04F79EFBC}") = "Controls", "..\Common\Controls\Controls.csproj", "{0F0ACE8E-E606-4FCA-B6B2-2F1FD86121DE}"
EndProject
Project("{FAE04EC0-301F-11D3-BF4B-00C04F79EFBC}") = "RubezhAPI", "..\Common\RubezhAPI\RubezhAPI.csproj", "{75DDFD5C-6572-4D90-961A-4E08D65B8FE7}"
EndProject
Project("{FAE04EC0-301F-11D3-BF4B-00C04F79EFBC}") = "Infrastructure.Common.Windows", "..\Common\Infrastructure.Common.Windows\Infrastructure.Common.Windows.csproj", "{D57CB190-A30E-4A3D-A674-F1766CE1CC72}"
EndProject
Project("{FAE04EC0-301F-11D3-BF4B-00C04F79EFBC}") = "Infrastructure.Plans", "..\Common\Infrastructure.Plans\Infrastructure.Plans.csproj", "{DA2A8431-7328-4AE8-926F-E191700577A1}"
EndProject
Project("{FAE04EC0-301F-11D3-BF4B-00C04F79EFBC}") = "GKProcessor", "..\Common\GKProcessor\GKProcessor.csproj", "{62564D14-0234-4947-8218-2C7D74721023}"
EndProject
Project("{FAE04EC0-301F-11D3-BF4B-00C04F79EFBC}") = "RubezhClient", "..\Common\RubezhClient\RubezhClient.csproj", "{F46953E0-CA12-4659-AE8C-88241B541F6C}"
EndProject
Project("{FAE04EC0-301F-11D3-BF4B-00C04F79EFBC}") = "Infrastructure", "..\FireMonitor\Infrastructure\Infrastructure.csproj", "{2A951DA3-6221-43E1-8B88-13A591FAA53B}"
EndProject
Global
	GlobalSection(SolutionConfigurationPlatforms) = preSolution
		Debug|Any CPU = Debug|Any CPU
		Debug|Mixed Platforms = Debug|Mixed Platforms
		Debug|x64 = Debug|x64
		Debug|x86 = Debug|x86
		Release|Any CPU = Release|Any CPU
		Release|Mixed Platforms = Release|Mixed Platforms
		Release|x64 = Release|x64
		Release|x86 = Release|x86
	EndGlobalSection
	GlobalSection(ProjectConfigurationPlatforms) = postSolution
		{DAB729A2-DCD1-46E9-9200-8967D332CACF}.Debug|Any CPU.ActiveCfg = Debug|x86
		{DAB729A2-DCD1-46E9-9200-8967D332CACF}.Debug|Mixed Platforms.ActiveCfg = Debug|x86
		{DAB729A2-DCD1-46E9-9200-8967D332CACF}.Debug|Mixed Platforms.Build.0 = Debug|x86
		{DAB729A2-DCD1-46E9-9200-8967D332CACF}.Debug|x64.ActiveCfg = Debug|x86
		{DAB729A2-DCD1-46E9-9200-8967D332CACF}.Debug|x86.ActiveCfg = Debug|x86
		{DAB729A2-DCD1-46E9-9200-8967D332CACF}.Debug|x86.Build.0 = Debug|x86
		{DAB729A2-DCD1-46E9-9200-8967D332CACF}.Release|Any CPU.ActiveCfg = Release|x86
		{DAB729A2-DCD1-46E9-9200-8967D332CACF}.Release|Mixed Platforms.ActiveCfg = Release|x86
		{DAB729A2-DCD1-46E9-9200-8967D332CACF}.Release|Mixed Platforms.Build.0 = Release|x86
		{DAB729A2-DCD1-46E9-9200-8967D332CACF}.Release|x64.ActiveCfg = Release|x86
		{DAB729A2-DCD1-46E9-9200-8967D332CACF}.Release|x86.ActiveCfg = Release|x86
		{DAB729A2-DCD1-46E9-9200-8967D332CACF}.Release|x86.Build.0 = Release|x86
		{FE37B6D4-73E5-40F2-A770-A974561430B8}.Debug|Any CPU.ActiveCfg = Debug|Any CPU
		{FE37B6D4-73E5-40F2-A770-A974561430B8}.Debug|Any CPU.Build.0 = Debug|Any CPU
		{FE37B6D4-73E5-40F2-A770-A974561430B8}.Debug|Mixed Platforms.ActiveCfg = Debug|x86
		{FE37B6D4-73E5-40F2-A770-A974561430B8}.Debug|Mixed Platforms.Build.0 = Debug|x86
		{FE37B6D4-73E5-40F2-A770-A974561430B8}.Debug|x64.ActiveCfg = Debug|x64
		{FE37B6D4-73E5-40F2-A770-A974561430B8}.Debug|x64.Build.0 = Debug|x64
		{FE37B6D4-73E5-40F2-A770-A974561430B8}.Debug|x86.ActiveCfg = Debug|x86
		{FE37B6D4-73E5-40F2-A770-A974561430B8}.Debug|x86.Build.0 = Debug|x86
		{FE37B6D4-73E5-40F2-A770-A974561430B8}.Release|Any CPU.ActiveCfg = Release|Any CPU
		{FE37B6D4-73E5-40F2-A770-A974561430B8}.Release|Any CPU.Build.0 = Release|Any CPU
		{FE37B6D4-73E5-40F2-A770-A974561430B8}.Release|Mixed Platforms.ActiveCfg = Release|x86
		{FE37B6D4-73E5-40F2-A770-A974561430B8}.Release|Mixed Platforms.Build.0 = Release|x86
		{FE37B6D4-73E5-40F2-A770-A974561430B8}.Release|x64.ActiveCfg = Release|x64
		{FE37B6D4-73E5-40F2-A770-A974561430B8}.Release|x64.Build.0 = Release|x64
		{FE37B6D4-73E5-40F2-A770-A974561430B8}.Release|x86.ActiveCfg = Release|x86
		{FE37B6D4-73E5-40F2-A770-A974561430B8}.Release|x86.Build.0 = Release|x86
		{0F0ACE8E-E606-4FCA-B6B2-2F1FD86121DE}.Debug|Any CPU.ActiveCfg = Debug|Any CPU
		{0F0ACE8E-E606-4FCA-B6B2-2F1FD86121DE}.Debug|Any CPU.Build.0 = Debug|Any CPU
		{0F0ACE8E-E606-4FCA-B6B2-2F1FD86121DE}.Debug|Mixed Platforms.ActiveCfg = Debug|x86
		{0F0ACE8E-E606-4FCA-B6B2-2F1FD86121DE}.Debug|Mixed Platforms.Build.0 = Debug|x86
		{0F0ACE8E-E606-4FCA-B6B2-2F1FD86121DE}.Debug|x64.ActiveCfg = Debug|x86
		{0F0ACE8E-E606-4FCA-B6B2-2F1FD86121DE}.Debug|x86.ActiveCfg = Debug|x86
		{0F0ACE8E-E606-4FCA-B6B2-2F1FD86121DE}.Debug|x86.Build.0 = Debug|x86
		{0F0ACE8E-E606-4FCA-B6B2-2F1FD86121DE}.Release|Any CPU.ActiveCfg = Release|Any CPU
		{0F0ACE8E-E606-4FCA-B6B2-2F1FD86121DE}.Release|Any CPU.Build.0 = Release|Any CPU
		{0F0ACE8E-E606-4FCA-B6B2-2F1FD86121DE}.Release|Mixed Platforms.ActiveCfg = Release|x86
		{0F0ACE8E-E606-4FCA-B6B2-2F1FD86121DE}.Release|Mixed Platforms.Build.0 = Release|x86
		{0F0ACE8E-E606-4FCA-B6B2-2F1FD86121DE}.Release|x64.ActiveCfg = Release|x86
		{0F0ACE8E-E606-4FCA-B6B2-2F1FD86121DE}.Release|x86.ActiveCfg = Release|x86
		{0F0ACE8E-E606-4FCA-B6B2-2F1FD86121DE}.Release|x86.Build.0 = Release|x86
		{75DDFD5C-6572-4D90-961A-4E08D65B8FE7}.Debug|Any CPU.ActiveCfg = Debug|Any CPU
		{75DDFD5C-6572-4D90-961A-4E08D65B8FE7}.Debug|Any CPU.Build.0 = Debug|Any CPU
		{75DDFD5C-6572-4D90-961A-4E08D65B8FE7}.Debug|Mixed Platforms.ActiveCfg = Debug|Any CPU
		{75DDFD5C-6572-4D90-961A-4E08D65B8FE7}.Debug|Mixed Platforms.Build.0 = Debug|Any CPU
		{75DDFD5C-6572-4D90-961A-4E08D65B8FE7}.Debug|x64.ActiveCfg = Debug|x64
		{75DDFD5C-6572-4D90-961A-4E08D65B8FE7}.Debug|x64.Build.0 = Debug|x64
		{75DDFD5C-6572-4D90-961A-4E08D65B8FE7}.Debug|x86.ActiveCfg = Debug|x86
		{75DDFD5C-6572-4D90-961A-4E08D65B8FE7}.Debug|x86.Build.0 = Debug|x86
		{75DDFD5C-6572-4D90-961A-4E08D65B8FE7}.Release|Any CPU.ActiveCfg = Release|Any CPU
		{75DDFD5C-6572-4D90-961A-4E08D65B8FE7}.Release|Any CPU.Build.0 = Release|Any CPU
		{75DDFD5C-6572-4D90-961A-4E08D65B8FE7}.Release|Mixed Platforms.ActiveCfg = Release|Any CPU
		{75DDFD5C-6572-4D90-961A-4E08D65B8FE7}.Release|Mixed Platforms.Build.0 = Release|Any CPU
		{75DDFD5C-6572-4D90-961A-4E08D65B8FE7}.Release|x64.ActiveCfg = Release|x64
		{75DDFD5C-6572-4D90-961A-4E08D65B8FE7}.Release|x64.Build.0 = Release|x64
		{75DDFD5C-6572-4D90-961A-4E08D65B8FE7}.Release|x86.ActiveCfg = Release|x86
		{75DDFD5C-6572-4D90-961A-4E08D65B8FE7}.Release|x86.Build.0 = Release|x86
		{D57CB190-A30E-4A3D-A674-F1766CE1CC72}.Debug|Any CPU.ActiveCfg = Debug|Any CPU
		{D57CB190-A30E-4A3D-A674-F1766CE1CC72}.Debug|Any CPU.Build.0 = Debug|Any CPU
		{D57CB190-A30E-4A3D-A674-F1766CE1CC72}.Debug|Mixed Platforms.ActiveCfg = Debug|x86
		{D57CB190-A30E-4A3D-A674-F1766CE1CC72}.Debug|Mixed Platforms.Build.0 = Debug|x86
		{D57CB190-A30E-4A3D-A674-F1766CE1CC72}.Debug|x64.ActiveCfg = Debug|x86
		{D57CB190-A30E-4A3D-A674-F1766CE1CC72}.Debug|x86.ActiveCfg = Debug|x86
		{D57CB190-A30E-4A3D-A674-F1766CE1CC72}.Debug|x86.Build.0 = Debug|x86
		{D57CB190-A30E-4A3D-A674-F1766CE1CC72}.Release|Any CPU.ActiveCfg = Release|Any CPU
		{D57CB190-A30E-4A3D-A674-F1766CE1CC72}.Release|Any CPU.Build.0 = Release|Any CPU
		{D57CB190-A30E-4A3D-A674-F1766CE1CC72}.Release|Mixed Platforms.ActiveCfg = Release|x86
		{D57CB190-A30E-4A3D-A674-F1766CE1CC72}.Release|Mixed Platforms.Build.0 = Release|x86
		{D57CB190-A30E-4A3D-A674-F1766CE1CC72}.Release|x64.ActiveCfg = Release|x86
		{D57CB190-A30E-4A3D-A674-F1766CE1CC72}.Release|x86.ActiveCfg = Release|x86
		{D57CB190-A30E-4A3D-A674-F1766CE1CC72}.Release|x86.Build.0 = Release|x86
		{DA2A8431-7328-4AE8-926F-E191700577A1}.Debug|Any CPU.ActiveCfg = Debug|Any CPU
		{DA2A8431-7328-4AE8-926F-E191700577A1}.Debug|Any CPU.Build.0 = Debug|Any CPU
		{DA2A8431-7328-4AE8-926F-E191700577A1}.Debug|Mixed Platforms.ActiveCfg = Debug|Any CPU
		{DA2A8431-7328-4AE8-926F-E191700577A1}.Debug|Mixed Platforms.Build.0 = Debug|Any CPU
		{DA2A8431-7328-4AE8-926F-E191700577A1}.Debug|x64.ActiveCfg = Debug|Any CPU
		{DA2A8431-7328-4AE8-926F-E191700577A1}.Debug|x86.ActiveCfg = Debug|Any CPU
		{DA2A8431-7328-4AE8-926F-E191700577A1}.Release|Any CPU.ActiveCfg = Release|Any CPU
		{DA2A8431-7328-4AE8-926F-E191700577A1}.Release|Any CPU.Build.0 = Release|Any CPU
		{DA2A8431-7328-4AE8-926F-E191700577A1}.Release|Mixed Platforms.ActiveCfg = Release|Any CPU
		{DA2A8431-7328-4AE8-926F-E191700577A1}.Release|Mixed Platforms.Build.0 = Release|Any CPU
		{DA2A8431-7328-4AE8-926F-E191700577A1}.Release|x64.ActiveCfg = Release|Any CPU
		{DA2A8431-7328-4AE8-926F-E191700577A1}.Release|x86.ActiveCfg = Release|Any CPU
		{62564D14-0234-4947-8218-2C7D74721023}.Debug|Any CPU.ActiveCfg = Debug|Any CPU
		{62564D14-0234-4947-8218-2C7D74721023}.Debug|Any CPU.Build.0 = Debug|Any CPU
		{62564D14-0234-4947-8218-2C7D74721023}.Debug|Mixed Platforms.ActiveCfg = Debug|Any CPU
		{62564D14-0234-4947-8218-2C7D74721023}.Debug|Mixed Platforms.Build.0 = Debug|Any CPU
		{62564D14-0234-4947-8218-2C7D74721023}.Debug|x64.ActiveCfg = Debug|Any CPU
		{62564D14-0234-4947-8218-2C7D74721023}.Debug|x86.ActiveCfg = Debug|Any CPU
		{62564D14-0234-4947-8218-2C7D74721023}.Release|Any CPU.ActiveCfg = Release|Any CPU
		{62564D14-0234-4947-8218-2C7D74721023}.Release|Any CPU.Build.0 = Release|Any CPU
		{62564D14-0234-4947-8218-2C7D74721023}.Release|Mixed Platforms.ActiveCfg = Release|Any CPU
		{62564D14-0234-4947-8218-2C7D74721023}.Release|Mixed Platforms.Build.0 = Release|Any CPU
		{62564D14-0234-4947-8218-2C7D74721023}.Release|x64.ActiveCfg = Release|Any CPU
		{62564D14-0234-4947-8218-2C7D74721023}.Release|x86.ActiveCfg = Release|Any CPU
		{F46953E0-CA12-4659-AE8C-88241B541F6C}.Debug|Any CPU.ActiveCfg = Debug|Any CPU
		{F46953E0-CA12-4659-AE8C-88241B541F6C}.Debug|Any CPU.Build.0 = Debug|Any CPU
		{F46953E0-CA12-4659-AE8C-88241B541F6C}.Debug|Mixed Platforms.ActiveCfg = Debug|x86
		{F46953E0-CA12-4659-AE8C-88241B541F6C}.Debug|Mixed Platforms.Build.0 = Debug|x86
		{F46953E0-CA12-4659-AE8C-88241B541F6C}.Debug|x64.ActiveCfg = Debug|x86
		{F46953E0-CA12-4659-AE8C-88241B541F6C}.Debug|x86.ActiveCfg = Debug|x86
		{F46953E0-CA12-4659-AE8C-88241B541F6C}.Debug|x86.Build.0 = Debug|x86
		{F46953E0-CA12-4659-AE8C-88241B541F6C}.Release|Any CPU.ActiveCfg = Release|Any CPU
		{F46953E0-CA12-4659-AE8C-88241B541F6C}.Release|Any CPU.Build.0 = Release|Any CPU
		{F46953E0-CA12-4659-AE8C-88241B541F6C}.Release|Mixed Platforms.ActiveCfg = Release|x86
		{F46953E0-CA12-4659-AE8C-88241B541F6C}.Release|Mixed Platforms.Build.0 = Release|x86
		{F46953E0-CA12-4659-AE8C-88241B541F6C}.Release|x64.ActiveCfg = Release|x86
		{F46953E0-CA12-4659-AE8C-88241B541F6C}.Release|x86.ActiveCfg = Release|x86
		{F46953E0-CA12-4659-AE8C-88241B541F6C}.Release|x86.Build.0 = Release|x86
		{2A951DA3-6221-43E1-8B88-13A591FAA53B}.Debug|Any CPU.ActiveCfg = Debug|Any CPU
		{2A951DA3-6221-43E1-8B88-13A591FAA53B}.Debug|Any CPU.Build.0 = Debug|Any CPU
		{2A951DA3-6221-43E1-8B88-13A591FAA53B}.Debug|Mixed Platforms.ActiveCfg = Debug|x86
		{2A951DA3-6221-43E1-8B88-13A591FAA53B}.Debug|Mixed Platforms.Build.0 = Debug|x86
		{2A951DA3-6221-43E1-8B88-13A591FAA53B}.Debug|x64.ActiveCfg = Debug|Any CPU
		{2A951DA3-6221-43E1-8B88-13A591FAA53B}.Debug|x86.ActiveCfg = Debug|x86
		{2A951DA3-6221-43E1-8B88-13A591FAA53B}.Debug|x86.Build.0 = Debug|x86
		{2A951DA3-6221-43E1-8B88-13A591FAA53B}.Release|Any CPU.ActiveCfg = Release|Any CPU
		{2A951DA3-6221-43E1-8B88-13A591FAA53B}.Release|Any CPU.Build.0 = Release|Any CPU
		{2A951DA3-6221-43E1-8B88-13A591FAA53B}.Release|Mixed Platforms.ActiveCfg = Release|x86
		{2A951DA3-6221-43E1-8B88-13A591FAA53B}.Release|Mixed Platforms.Build.0 = Release|x86
		{2A951DA3-6221-43E1-8B88-13A591FAA53B}.Release|x64.ActiveCfg = Release|Any CPU
		{2A951DA3-6221-43E1-8B88-13A591FAA53B}.Release|x86.ActiveCfg = Release|x86
		{2A951DA3-6221-43E1-8B88-13A591FAA53B}.Release|x86.Build.0 = Release|x86
	EndGlobalSection
	GlobalSection(SolutionProperties) = preSolution
		HideSolutionNode = FALSE
	EndGlobalSection
	GlobalSection(NestedProjects) = preSolution
		{FE37B6D4-73E5-40F2-A770-A974561430B8} = {08485621-39BD-487F-802F-36E666506685}
		{0F0ACE8E-E606-4FCA-B6B2-2F1FD86121DE} = {08485621-39BD-487F-802F-36E666506685}
		{75DDFD5C-6572-4D90-961A-4E08D65B8FE7} = {08485621-39BD-487F-802F-36E666506685}
		{D57CB190-A30E-4A3D-A674-F1766CE1CC72} = {08485621-39BD-487F-802F-36E666506685}
		{DA2A8431-7328-4AE8-926F-E191700577A1} = {08485621-39BD-487F-802F-36E666506685}
		{62564D14-0234-4947-8218-2C7D74721023} = {08485621-39BD-487F-802F-36E666506685}
		{F46953E0-CA12-4659-AE8C-88241B541F6C} = {08485621-39BD-487F-802F-36E666506685}
		{2A951DA3-6221-43E1-8B88-13A591FAA53B} = {08485621-39BD-487F-802F-36E666506685}
	EndGlobalSection
EndGlobal
