
Microsoft Visual Studio Solution File, Format Version 11.00
# Visual Studio 2010
Project("{FAE04EC0-301F-11D3-BF4B-00C04F79EFBC}") = "ServerFS2", "ServerFS2\ServerFS2.csproj", "{41D4B526-16ED-449D-883C-684C7EA59FD7}"
EndProject
Project("{2150E333-8FDC-42A3-9474-1A3956D46DE8}") = "Common", "Common", "{FB7BC65E-4D28-469A-A468-ECCE427A4C75}"
EndProject
Project("{FAE04EC0-301F-11D3-BF4B-00C04F79EFBC}") = "Infrastructure.Common.Windows", "..\Common\Infrastructure.Common.Windows\Infrastructure.Common.Windows.csproj", "{D57CB190-A30E-4A3D-A674-F1766CE1CC72}"
EndProject
Project("{FAE04EC0-301F-11D3-BF4B-00C04F79EFBC}") = "FiresecAPI", "..\Common\FiresecServiceAPI\FiresecAPI.csproj", "{75DDFD5C-6572-4D90-961A-4E08D65B8FE7}"
EndProject
Project("{FAE04EC0-301F-11D3-BF4B-00C04F79EFBC}") = "Controls", "..\Common\Controls\Controls.csproj", "{0F0ACE8E-E606-4FCA-B6B2-2F1FD86121DE}"
EndProject
Project("{FAE04EC0-301F-11D3-BF4B-00C04F79EFBC}") = "Common", "..\Common\Common\Common.csproj", "{FE37B6D4-73E5-40F2-A770-A974561430B8}"
EndProject
Project("{FAE04EC0-301F-11D3-BF4B-00C04F79EFBC}") = "FiresecClient", "..\Common\FiresecClient\FiresecClient.csproj", "{F46953E0-CA12-4659-AE8C-88241B541F6C}"
EndProject
Project("{FAE04EC0-301F-11D3-BF4B-00C04F79EFBC}") = "FSAgentClient", "..\FSAgent\FSAgentClient\FSAgentClient.csproj", "{31F451DF-6C15-4867-A2A3-241D9B1A882C}"
EndProject
Project("{FAE04EC0-301F-11D3-BF4B-00C04F79EFBC}") = "Firesec", "..\Common\Firesec\Firesec.csproj", "{D8D5BB16-DAA5-4755-A924-34AC8DCE19E8}"
EndProject
Project("{FAE04EC0-301F-11D3-BF4B-00C04F79EFBC}") = "FSAgentAPI", "..\FSAgent\FSAgentAPI\FSAgentAPI.csproj", "{FAD8F3BF-5491-47C5-A250-CDBA3218B6FD}"
EndProject
Project("{FAE04EC0-301F-11D3-BF4B-00C04F79EFBC}") = "ConfigurationViewer", "ConfigurationViewer\ConfigurationViewer.csproj", "{DF513081-0235-49C9-8C55-9566B26E2C00}"
EndProject
Project("{FAE04EC0-301F-11D3-BF4B-00C04F79EFBC}") = "Infrastructure.Plans", "..\Common\Infrastructure.Plans\Infrastructure.Plans.csproj", "{DA2A8431-7328-4AE8-926F-E191700577A1}"
EndProject
Project("{FAE04EC0-301F-11D3-BF4B-00C04F79EFBC}") = "FS2API", "..\Common\FS2Api\FS2API.csproj", "{C591ACC7-7103-4CD4-ABD6-8B2A458FB6E0}"
EndProject
Project("{FAE04EC0-301F-11D3-BF4B-00C04F79EFBC}") = "FS2Client", "..\Common\FS2Client\FS2Client.csproj", "{2F47B55E-AE00-45EC-8AC8-797159AC07B7}"
EndProject
Project("{2150E333-8FDC-42A3-9474-1A3956D46DE8}") = "FS2", "FS2", "{C6265FA7-AE1D-48A7-952E-4537008E5679}"
EndProject
Project("{2150E333-8FDC-42A3-9474-1A3956D46DE8}") = "USB", "USB", "{B087C617-B02A-4CA2-8A66-0DFD54C776E8}"
EndProject
Project("{FAE04EC0-301F-11D3-BF4B-00C04F79EFBC}") = "AdministratorTestClientFS2", "AdministratorTestClientFS2\AdministratorTestClientFS2.csproj", "{AB98E3F1-9E05-47E9-B037-9755E6F9BCCC}"
EndProject
Project("{FAE04EC0-301F-11D3-BF4B-00C04F79EFBC}") = "MonitorTestClientFS2", "MonitorTestClientFS2\MonitorTestClientFS2.csproj", "{0BE566D6-C4B2-4977-9F8B-1E1C89EB1E8F}"
EndProject
Project("{FAE04EC0-301F-11D3-BF4B-00C04F79EFBC}") = "USBTest", "USB\USBTest\USBTest.csproj", "{D82A0F3D-7989-4F28-909B-601CE5530F13}"
EndProject
Project("{FAE04EC0-301F-11D3-BF4B-00C04F79EFBC}") = "UsbApp", "USB\usb hid\UsbApp\UsbApp.csproj", "{8A576B45-04F3-4811-9BEE-09860C05F2EF}"
EndProject
Project("{FAE04EC0-301F-11D3-BF4B-00C04F79EFBC}") = "UsbLibrary", "USB\usb hid\UsbLibrary\UsbLibrary.csproj", "{71E42A6D-C432-4C03-BF4F-ABFD2A3173E0}"
EndProject
Project("{FAE04EC0-301F-11D3-BF4B-00C04F79EFBC}") = "HexManager", "HexManager\HexManager.csproj", "{A19B7522-4D0C-4982-A7F9-0F598EE0EA2D}"
EndProject
Project("{FAE04EC0-301F-11D3-BF4B-00C04F79EFBC}") = "FS2Database", "FS2Database\FS2Database.csproj", "{AC115AEC-105A-4D2A-A5EC-D796BF4AE45D}"
EndProject
Global
	GlobalSection(SolutionConfigurationPlatforms) = preSolution
		Debug|Any CPU = Debug|Any CPU
		Debug|Mixed Platforms = Debug|Mixed Platforms
		Debug|x64 = Debug|x64
		Debug|x86 = Debug|x86
		Release|Any CPU = Release|Any CPU
		Release|Mixed Platforms = Release|Mixed Platforms
		Release|x64 = Release|x64
		Release|x86 = Release|x86
	EndGlobalSection
	GlobalSection(ProjectConfigurationPlatforms) = postSolution
		{41D4B526-16ED-449D-883C-684C7EA59FD7}.Debug|Any CPU.ActiveCfg = Debug|x86
		{41D4B526-16ED-449D-883C-684C7EA59FD7}.Debug|Any CPU.Build.0 = Debug|x86
		{41D4B526-16ED-449D-883C-684C7EA59FD7}.Debug|Mixed Platforms.ActiveCfg = Debug|x86
		{41D4B526-16ED-449D-883C-684C7EA59FD7}.Debug|Mixed Platforms.Build.0 = Debug|x86
		{41D4B526-16ED-449D-883C-684C7EA59FD7}.Debug|x64.ActiveCfg = Debug|x86
		{41D4B526-16ED-449D-883C-684C7EA59FD7}.Debug|x86.ActiveCfg = Debug|x86
		{41D4B526-16ED-449D-883C-684C7EA59FD7}.Debug|x86.Build.0 = Debug|x86
		{41D4B526-16ED-449D-883C-684C7EA59FD7}.Release|Any CPU.ActiveCfg = Release|x86
		{41D4B526-16ED-449D-883C-684C7EA59FD7}.Release|Any CPU.Build.0 = Release|x86
		{41D4B526-16ED-449D-883C-684C7EA59FD7}.Release|Mixed Platforms.ActiveCfg = Release|x86
		{41D4B526-16ED-449D-883C-684C7EA59FD7}.Release|Mixed Platforms.Build.0 = Release|x86
		{41D4B526-16ED-449D-883C-684C7EA59FD7}.Release|x64.ActiveCfg = Release|x86
		{41D4B526-16ED-449D-883C-684C7EA59FD7}.Release|x86.ActiveCfg = Release|x86
		{41D4B526-16ED-449D-883C-684C7EA59FD7}.Release|x86.Build.0 = Release|x86
		{D57CB190-A30E-4A3D-A674-F1766CE1CC72}.Debug|Any CPU.ActiveCfg = Debug|Any CPU
		{D57CB190-A30E-4A3D-A674-F1766CE1CC72}.Debug|Any CPU.Build.0 = Debug|Any CPU
		{D57CB190-A30E-4A3D-A674-F1766CE1CC72}.Debug|Mixed Platforms.ActiveCfg = Debug|x86
		{D57CB190-A30E-4A3D-A674-F1766CE1CC72}.Debug|Mixed Platforms.Build.0 = Debug|x86
		{D57CB190-A30E-4A3D-A674-F1766CE1CC72}.Debug|x64.ActiveCfg = Debug|x86
		{D57CB190-A30E-4A3D-A674-F1766CE1CC72}.Debug|x86.ActiveCfg = Debug|x86
		{D57CB190-A30E-4A3D-A674-F1766CE1CC72}.Debug|x86.Build.0 = Debug|x86
		{D57CB190-A30E-4A3D-A674-F1766CE1CC72}.Release|Any CPU.ActiveCfg = Release|Any CPU
		{D57CB190-A30E-4A3D-A674-F1766CE1CC72}.Release|Any CPU.Build.0 = Release|Any CPU
		{D57CB190-A30E-4A3D-A674-F1766CE1CC72}.Release|Mixed Platforms.ActiveCfg = Release|x86
		{D57CB190-A30E-4A3D-A674-F1766CE1CC72}.Release|Mixed Platforms.Build.0 = Release|x86
		{D57CB190-A30E-4A3D-A674-F1766CE1CC72}.Release|x64.ActiveCfg = Release|x86
		{D57CB190-A30E-4A3D-A674-F1766CE1CC72}.Release|x86.ActiveCfg = Release|x86
		{D57CB190-A30E-4A3D-A674-F1766CE1CC72}.Release|x86.Build.0 = Release|x86
		{75DDFD5C-6572-4D90-961A-4E08D65B8FE7}.Debug|Any CPU.ActiveCfg = Debug|Any CPU
		{75DDFD5C-6572-4D90-961A-4E08D65B8FE7}.Debug|Any CPU.Build.0 = Debug|Any CPU
		{75DDFD5C-6572-4D90-961A-4E08D65B8FE7}.Debug|Mixed Platforms.ActiveCfg = Debug|Any CPU
		{75DDFD5C-6572-4D90-961A-4E08D65B8FE7}.Debug|Mixed Platforms.Build.0 = Debug|Any CPU
		{75DDFD5C-6572-4D90-961A-4E08D65B8FE7}.Debug|x64.ActiveCfg = Debug|x64
		{75DDFD5C-6572-4D90-961A-4E08D65B8FE7}.Debug|x64.Build.0 = Debug|x64
		{75DDFD5C-6572-4D90-961A-4E08D65B8FE7}.Debug|x86.ActiveCfg = Debug|x86
		{75DDFD5C-6572-4D90-961A-4E08D65B8FE7}.Debug|x86.Build.0 = Debug|x86
		{75DDFD5C-6572-4D90-961A-4E08D65B8FE7}.Release|Any CPU.ActiveCfg = Release|Any CPU
		{75DDFD5C-6572-4D90-961A-4E08D65B8FE7}.Release|Any CPU.Build.0 = Release|Any CPU
		{75DDFD5C-6572-4D90-961A-4E08D65B8FE7}.Release|Mixed Platforms.ActiveCfg = Release|Any CPU
		{75DDFD5C-6572-4D90-961A-4E08D65B8FE7}.Release|Mixed Platforms.Build.0 = Release|Any CPU
		{75DDFD5C-6572-4D90-961A-4E08D65B8FE7}.Release|x64.ActiveCfg = Release|x64
		{75DDFD5C-6572-4D90-961A-4E08D65B8FE7}.Release|x64.Build.0 = Release|x64
		{75DDFD5C-6572-4D90-961A-4E08D65B8FE7}.Release|x86.ActiveCfg = Release|x86
		{75DDFD5C-6572-4D90-961A-4E08D65B8FE7}.Release|x86.Build.0 = Release|x86
		{0F0ACE8E-E606-4FCA-B6B2-2F1FD86121DE}.Debug|Any CPU.ActiveCfg = Debug|Any CPU
		{0F0ACE8E-E606-4FCA-B6B2-2F1FD86121DE}.Debug|Any CPU.Build.0 = Debug|Any CPU
		{0F0ACE8E-E606-4FCA-B6B2-2F1FD86121DE}.Debug|Mixed Platforms.ActiveCfg = Debug|x86
		{0F0ACE8E-E606-4FCA-B6B2-2F1FD86121DE}.Debug|Mixed Platforms.Build.0 = Debug|x86
		{0F0ACE8E-E606-4FCA-B6B2-2F1FD86121DE}.Debug|x64.ActiveCfg = Debug|x86
		{0F0ACE8E-E606-4FCA-B6B2-2F1FD86121DE}.Debug|x86.ActiveCfg = Debug|x86
		{0F0ACE8E-E606-4FCA-B6B2-2F1FD86121DE}.Debug|x86.Build.0 = Debug|x86
		{0F0ACE8E-E606-4FCA-B6B2-2F1FD86121DE}.Release|Any CPU.ActiveCfg = Release|Any CPU
		{0F0ACE8E-E606-4FCA-B6B2-2F1FD86121DE}.Release|Any CPU.Build.0 = Release|Any CPU
		{0F0ACE8E-E606-4FCA-B6B2-2F1FD86121DE}.Release|Mixed Platforms.ActiveCfg = Release|x86
		{0F0ACE8E-E606-4FCA-B6B2-2F1FD86121DE}.Release|Mixed Platforms.Build.0 = Release|x86
		{0F0ACE8E-E606-4FCA-B6B2-2F1FD86121DE}.Release|x64.ActiveCfg = Release|x86
		{0F0ACE8E-E606-4FCA-B6B2-2F1FD86121DE}.Release|x86.ActiveCfg = Release|x86
		{0F0ACE8E-E606-4FCA-B6B2-2F1FD86121DE}.Release|x86.Build.0 = Release|x86
		{FE37B6D4-73E5-40F2-A770-A974561430B8}.Debug|Any CPU.ActiveCfg = Debug|Any CPU
		{FE37B6D4-73E5-40F2-A770-A974561430B8}.Debug|Any CPU.Build.0 = Debug|Any CPU
		{FE37B6D4-73E5-40F2-A770-A974561430B8}.Debug|Mixed Platforms.ActiveCfg = Debug|x86
		{FE37B6D4-73E5-40F2-A770-A974561430B8}.Debug|Mixed Platforms.Build.0 = Debug|x86
		{FE37B6D4-73E5-40F2-A770-A974561430B8}.Debug|x64.ActiveCfg = Debug|x64
		{FE37B6D4-73E5-40F2-A770-A974561430B8}.Debug|x64.Build.0 = Debug|x64
		{FE37B6D4-73E5-40F2-A770-A974561430B8}.Debug|x86.ActiveCfg = Debug|x86
		{FE37B6D4-73E5-40F2-A770-A974561430B8}.Debug|x86.Build.0 = Debug|x86
		{FE37B6D4-73E5-40F2-A770-A974561430B8}.Release|Any CPU.ActiveCfg = Release|Any CPU
		{FE37B6D4-73E5-40F2-A770-A974561430B8}.Release|Any CPU.Build.0 = Release|Any CPU
		{FE37B6D4-73E5-40F2-A770-A974561430B8}.Release|Mixed Platforms.ActiveCfg = Release|x86
		{FE37B6D4-73E5-40F2-A770-A974561430B8}.Release|Mixed Platforms.Build.0 = Release|x86
		{FE37B6D4-73E5-40F2-A770-A974561430B8}.Release|x64.ActiveCfg = Release|x64
		{FE37B6D4-73E5-40F2-A770-A974561430B8}.Release|x64.Build.0 = Release|x64
		{FE37B6D4-73E5-40F2-A770-A974561430B8}.Release|x86.ActiveCfg = Release|x86
		{FE37B6D4-73E5-40F2-A770-A974561430B8}.Release|x86.Build.0 = Release|x86
		{F46953E0-CA12-4659-AE8C-88241B541F6C}.Debug|Any CPU.ActiveCfg = Debug|Any CPU
		{F46953E0-CA12-4659-AE8C-88241B541F6C}.Debug|Any CPU.Build.0 = Debug|Any CPU
		{F46953E0-CA12-4659-AE8C-88241B541F6C}.Debug|Mixed Platforms.ActiveCfg = Debug|x86
		{F46953E0-CA12-4659-AE8C-88241B541F6C}.Debug|Mixed Platforms.Build.0 = Debug|x86
		{F46953E0-CA12-4659-AE8C-88241B541F6C}.Debug|x64.ActiveCfg = Debug|x86
		{F46953E0-CA12-4659-AE8C-88241B541F6C}.Debug|x86.ActiveCfg = Debug|x86
		{F46953E0-CA12-4659-AE8C-88241B541F6C}.Debug|x86.Build.0 = Debug|x86
		{F46953E0-CA12-4659-AE8C-88241B541F6C}.Release|Any CPU.ActiveCfg = Release|Any CPU
		{F46953E0-CA12-4659-AE8C-88241B541F6C}.Release|Any CPU.Build.0 = Release|Any CPU
		{F46953E0-CA12-4659-AE8C-88241B541F6C}.Release|Mixed Platforms.ActiveCfg = Release|x86
		{F46953E0-CA12-4659-AE8C-88241B541F6C}.Release|Mixed Platforms.Build.0 = Release|x86
		{F46953E0-CA12-4659-AE8C-88241B541F6C}.Release|x64.ActiveCfg = Release|x86
		{F46953E0-CA12-4659-AE8C-88241B541F6C}.Release|x86.ActiveCfg = Release|x86
		{F46953E0-CA12-4659-AE8C-88241B541F6C}.Release|x86.Build.0 = Release|x86
		{31F451DF-6C15-4867-A2A3-241D9B1A882C}.Debug|Any CPU.ActiveCfg = Debug|Any CPU
		{31F451DF-6C15-4867-A2A3-241D9B1A882C}.Debug|Any CPU.Build.0 = Debug|Any CPU
		{31F451DF-6C15-4867-A2A3-241D9B1A882C}.Debug|Mixed Platforms.ActiveCfg = Debug|Any CPU
		{31F451DF-6C15-4867-A2A3-241D9B1A882C}.Debug|Mixed Platforms.Build.0 = Debug|Any CPU
		{31F451DF-6C15-4867-A2A3-241D9B1A882C}.Debug|x64.ActiveCfg = Debug|Any CPU
		{31F451DF-6C15-4867-A2A3-241D9B1A882C}.Debug|x86.ActiveCfg = Debug|Any CPU
		{31F451DF-6C15-4867-A2A3-241D9B1A882C}.Release|Any CPU.ActiveCfg = Release|Any CPU
		{31F451DF-6C15-4867-A2A3-241D9B1A882C}.Release|Any CPU.Build.0 = Release|Any CPU
		{31F451DF-6C15-4867-A2A3-241D9B1A882C}.Release|Mixed Platforms.ActiveCfg = Release|Any CPU
		{31F451DF-6C15-4867-A2A3-241D9B1A882C}.Release|Mixed Platforms.Build.0 = Release|Any CPU
		{31F451DF-6C15-4867-A2A3-241D9B1A882C}.Release|x64.ActiveCfg = Release|Any CPU
		{31F451DF-6C15-4867-A2A3-241D9B1A882C}.Release|x86.ActiveCfg = Release|Any CPU
		{D8D5BB16-DAA5-4755-A924-34AC8DCE19E8}.Debug|Any CPU.ActiveCfg = Debug|Any CPU
		{D8D5BB16-DAA5-4755-A924-34AC8DCE19E8}.Debug|Any CPU.Build.0 = Debug|Any CPU
		{D8D5BB16-DAA5-4755-A924-34AC8DCE19E8}.Debug|Mixed Platforms.ActiveCfg = Debug|Any CPU
		{D8D5BB16-DAA5-4755-A924-34AC8DCE19E8}.Debug|Mixed Platforms.Build.0 = Debug|Any CPU
		{D8D5BB16-DAA5-4755-A924-34AC8DCE19E8}.Debug|x64.ActiveCfg = Debug|Any CPU
		{D8D5BB16-DAA5-4755-A924-34AC8DCE19E8}.Debug|x86.ActiveCfg = Debug|Any CPU
		{D8D5BB16-DAA5-4755-A924-34AC8DCE19E8}.Release|Any CPU.ActiveCfg = Release|Any CPU
		{D8D5BB16-DAA5-4755-A924-34AC8DCE19E8}.Release|Any CPU.Build.0 = Release|Any CPU
		{D8D5BB16-DAA5-4755-A924-34AC8DCE19E8}.Release|Mixed Platforms.ActiveCfg = Release|Any CPU
		{D8D5BB16-DAA5-4755-A924-34AC8DCE19E8}.Release|Mixed Platforms.Build.0 = Release|Any CPU
		{D8D5BB16-DAA5-4755-A924-34AC8DCE19E8}.Release|x64.ActiveCfg = Release|Any CPU
		{D8D5BB16-DAA5-4755-A924-34AC8DCE19E8}.Release|x86.ActiveCfg = Release|Any CPU
		{FAD8F3BF-5491-47C5-A250-CDBA3218B6FD}.Debug|Any CPU.ActiveCfg = Debug|Any CPU
		{FAD8F3BF-5491-47C5-A250-CDBA3218B6FD}.Debug|Any CPU.Build.0 = Debug|Any CPU
		{FAD8F3BF-5491-47C5-A250-CDBA3218B6FD}.Debug|Mixed Platforms.ActiveCfg = Debug|Any CPU
		{FAD8F3BF-5491-47C5-A250-CDBA3218B6FD}.Debug|Mixed Platforms.Build.0 = Debug|Any CPU
		{FAD8F3BF-5491-47C5-A250-CDBA3218B6FD}.Debug|x64.ActiveCfg = Debug|Any CPU
		{FAD8F3BF-5491-47C5-A250-CDBA3218B6FD}.Debug|x86.ActiveCfg = Debug|Any CPU
		{FAD8F3BF-5491-47C5-A250-CDBA3218B6FD}.Release|Any CPU.ActiveCfg = Release|Any CPU
		{FAD8F3BF-5491-47C5-A250-CDBA3218B6FD}.Release|Any CPU.Build.0 = Release|Any CPU
		{FAD8F3BF-5491-47C5-A250-CDBA3218B6FD}.Release|Mixed Platforms.ActiveCfg = Release|Any CPU
		{FAD8F3BF-5491-47C5-A250-CDBA3218B6FD}.Release|Mixed Platforms.Build.0 = Release|Any CPU
		{FAD8F3BF-5491-47C5-A250-CDBA3218B6FD}.Release|x64.ActiveCfg = Release|Any CPU
		{FAD8F3BF-5491-47C5-A250-CDBA3218B6FD}.Release|x86.ActiveCfg = Release|Any CPU
		{DF513081-0235-49C9-8C55-9566B26E2C00}.Debug|Any CPU.ActiveCfg = Debug|x86
		{DF513081-0235-49C9-8C55-9566B26E2C00}.Debug|Any CPU.Build.0 = Debug|x86
		{DF513081-0235-49C9-8C55-9566B26E2C00}.Debug|Mixed Platforms.ActiveCfg = Debug|x86
		{DF513081-0235-49C9-8C55-9566B26E2C00}.Debug|Mixed Platforms.Build.0 = Debug|x86
		{DF513081-0235-49C9-8C55-9566B26E2C00}.Debug|x64.ActiveCfg = Debug|x86
		{DF513081-0235-49C9-8C55-9566B26E2C00}.Debug|x86.ActiveCfg = Debug|x86
		{DF513081-0235-49C9-8C55-9566B26E2C00}.Debug|x86.Build.0 = Debug|x86
		{DF513081-0235-49C9-8C55-9566B26E2C00}.Release|Any CPU.ActiveCfg = Release|x86
		{DF513081-0235-49C9-8C55-9566B26E2C00}.Release|Mixed Platforms.ActiveCfg = Release|x86
		{DF513081-0235-49C9-8C55-9566B26E2C00}.Release|Mixed Platforms.Build.0 = Release|x86
		{DF513081-0235-49C9-8C55-9566B26E2C00}.Release|x64.ActiveCfg = Release|x86
		{DF513081-0235-49C9-8C55-9566B26E2C00}.Release|x86.ActiveCfg = Release|x86
		{DF513081-0235-49C9-8C55-9566B26E2C00}.Release|x86.Build.0 = Release|x86
		{DA2A8431-7328-4AE8-926F-E191700577A1}.Debug|Any CPU.ActiveCfg = Debug|Any CPU
		{DA2A8431-7328-4AE8-926F-E191700577A1}.Debug|Any CPU.Build.0 = Debug|Any CPU
		{DA2A8431-7328-4AE8-926F-E191700577A1}.Debug|Mixed Platforms.ActiveCfg = Debug|Any CPU
		{DA2A8431-7328-4AE8-926F-E191700577A1}.Debug|Mixed Platforms.Build.0 = Debug|Any CPU
		{DA2A8431-7328-4AE8-926F-E191700577A1}.Debug|x64.ActiveCfg = Debug|Any CPU
		{DA2A8431-7328-4AE8-926F-E191700577A1}.Debug|x86.ActiveCfg = Debug|Any CPU
		{DA2A8431-7328-4AE8-926F-E191700577A1}.Release|Any CPU.ActiveCfg = Release|Any CPU
		{DA2A8431-7328-4AE8-926F-E191700577A1}.Release|Any CPU.Build.0 = Release|Any CPU
		{DA2A8431-7328-4AE8-926F-E191700577A1}.Release|Mixed Platforms.ActiveCfg = Release|Any CPU
		{DA2A8431-7328-4AE8-926F-E191700577A1}.Release|Mixed Platforms.Build.0 = Release|Any CPU
		{DA2A8431-7328-4AE8-926F-E191700577A1}.Release|x64.ActiveCfg = Release|Any CPU
		{DA2A8431-7328-4AE8-926F-E191700577A1}.Release|x86.ActiveCfg = Release|Any CPU
		{C591ACC7-7103-4CD4-ABD6-8B2A458FB6E0}.Debug|Any CPU.ActiveCfg = Debug|Any CPU
		{C591ACC7-7103-4CD4-ABD6-8B2A458FB6E0}.Debug|Any CPU.Build.0 = Debug|Any CPU
		{C591ACC7-7103-4CD4-ABD6-8B2A458FB6E0}.Debug|Mixed Platforms.ActiveCfg = Debug|Any CPU
		{C591ACC7-7103-4CD4-ABD6-8B2A458FB6E0}.Debug|Mixed Platforms.Build.0 = Debug|Any CPU
		{C591ACC7-7103-4CD4-ABD6-8B2A458FB6E0}.Debug|x64.ActiveCfg = Debug|Any CPU
		{C591ACC7-7103-4CD4-ABD6-8B2A458FB6E0}.Debug|x86.ActiveCfg = Debug|Any CPU
		{C591ACC7-7103-4CD4-ABD6-8B2A458FB6E0}.Release|Any CPU.ActiveCfg = Release|Any CPU
		{C591ACC7-7103-4CD4-ABD6-8B2A458FB6E0}.Release|Any CPU.Build.0 = Release|Any CPU
		{C591ACC7-7103-4CD4-ABD6-8B2A458FB6E0}.Release|Mixed Platforms.ActiveCfg = Release|Any CPU
		{C591ACC7-7103-4CD4-ABD6-8B2A458FB6E0}.Release|Mixed Platforms.Build.0 = Release|Any CPU
		{C591ACC7-7103-4CD4-ABD6-8B2A458FB6E0}.Release|x64.ActiveCfg = Release|Any CPU
		{C591ACC7-7103-4CD4-ABD6-8B2A458FB6E0}.Release|x86.ActiveCfg = Release|Any CPU
		{2F47B55E-AE00-45EC-8AC8-797159AC07B7}.Debug|Any CPU.ActiveCfg = Debug|Any CPU
		{2F47B55E-AE00-45EC-8AC8-797159AC07B7}.Debug|Any CPU.Build.0 = Debug|Any CPU
		{2F47B55E-AE00-45EC-8AC8-797159AC07B7}.Debug|Mixed Platforms.ActiveCfg = Debug|Any CPU
		{2F47B55E-AE00-45EC-8AC8-797159AC07B7}.Debug|Mixed Platforms.Build.0 = Debug|Any CPU
		{2F47B55E-AE00-45EC-8AC8-797159AC07B7}.Debug|x64.ActiveCfg = Debug|Any CPU
		{2F47B55E-AE00-45EC-8AC8-797159AC07B7}.Debug|x86.ActiveCfg = Debug|Any CPU
		{2F47B55E-AE00-45EC-8AC8-797159AC07B7}.Release|Any CPU.ActiveCfg = Release|Any CPU
		{2F47B55E-AE00-45EC-8AC8-797159AC07B7}.Release|Any CPU.Build.0 = Release|Any CPU
		{2F47B55E-AE00-45EC-8AC8-797159AC07B7}.Release|Mixed Platforms.ActiveCfg = Release|Any CPU
		{2F47B55E-AE00-45EC-8AC8-797159AC07B7}.Release|Mixed Platforms.Build.0 = Release|Any CPU
		{2F47B55E-AE00-45EC-8AC8-797159AC07B7}.Release|x64.ActiveCfg = Release|Any CPU
		{2F47B55E-AE00-45EC-8AC8-797159AC07B7}.Release|x86.ActiveCfg = Release|Any CPU
		{AB98E3F1-9E05-47E9-B037-9755E6F9BCCC}.Debug|Any CPU.ActiveCfg = Debug|x86
		{AB98E3F1-9E05-47E9-B037-9755E6F9BCCC}.Debug|Any CPU.Build.0 = Debug|x86
		{AB98E3F1-9E05-47E9-B037-9755E6F9BCCC}.Debug|Mixed Platforms.ActiveCfg = Debug|x86
		{AB98E3F1-9E05-47E9-B037-9755E6F9BCCC}.Debug|Mixed Platforms.Build.0 = Debug|x86
		{AB98E3F1-9E05-47E9-B037-9755E6F9BCCC}.Debug|x64.ActiveCfg = Debug|x86
		{AB98E3F1-9E05-47E9-B037-9755E6F9BCCC}.Debug|x86.ActiveCfg = Debug|x86
		{AB98E3F1-9E05-47E9-B037-9755E6F9BCCC}.Debug|x86.Build.0 = Debug|x86
		{AB98E3F1-9E05-47E9-B037-9755E6F9BCCC}.Release|Any CPU.ActiveCfg = Release|x86
		{AB98E3F1-9E05-47E9-B037-9755E6F9BCCC}.Release|Mixed Platforms.ActiveCfg = Release|x86
		{AB98E3F1-9E05-47E9-B037-9755E6F9BCCC}.Release|Mixed Platforms.Build.0 = Release|x86
		{AB98E3F1-9E05-47E9-B037-9755E6F9BCCC}.Release|x64.ActiveCfg = Release|x86
		{AB98E3F1-9E05-47E9-B037-9755E6F9BCCC}.Release|x86.ActiveCfg = Release|x86
		{AB98E3F1-9E05-47E9-B037-9755E6F9BCCC}.Release|x86.Build.0 = Release|x86
		{0BE566D6-C4B2-4977-9F8B-1E1C89EB1E8F}.Debug|Any CPU.ActiveCfg = Debug|x86
		{0BE566D6-C4B2-4977-9F8B-1E1C89EB1E8F}.Debug|Any CPU.Build.0 = Debug|x86
		{0BE566D6-C4B2-4977-9F8B-1E1C89EB1E8F}.Debug|Mixed Platforms.ActiveCfg = Debug|x86
		{0BE566D6-C4B2-4977-9F8B-1E1C89EB1E8F}.Debug|Mixed Platforms.Build.0 = Debug|x86
		{0BE566D6-C4B2-4977-9F8B-1E1C89EB1E8F}.Debug|x64.ActiveCfg = Debug|x86
		{0BE566D6-C4B2-4977-9F8B-1E1C89EB1E8F}.Debug|x86.ActiveCfg = Debug|x86
		{0BE566D6-C4B2-4977-9F8B-1E1C89EB1E8F}.Debug|x86.Build.0 = Debug|x86
		{0BE566D6-C4B2-4977-9F8B-1E1C89EB1E8F}.Release|Any CPU.ActiveCfg = Release|x86
		{0BE566D6-C4B2-4977-9F8B-1E1C89EB1E8F}.Release|Mixed Platforms.ActiveCfg = Release|x86
		{0BE566D6-C4B2-4977-9F8B-1E1C89EB1E8F}.Release|Mixed Platforms.Build.0 = Release|x86
		{0BE566D6-C4B2-4977-9F8B-1E1C89EB1E8F}.Release|x64.ActiveCfg = Release|x86
		{0BE566D6-C4B2-4977-9F8B-1E1C89EB1E8F}.Release|x86.ActiveCfg = Release|x86
		{0BE566D6-C4B2-4977-9F8B-1E1C89EB1E8F}.Release|x86.Build.0 = Release|x86
		{D82A0F3D-7989-4F28-909B-601CE5530F13}.Debug|Any CPU.ActiveCfg = Debug|x86
		{D82A0F3D-7989-4F28-909B-601CE5530F13}.Debug|Mixed Platforms.ActiveCfg = Debug|x86
		{D82A0F3D-7989-4F28-909B-601CE5530F13}.Debug|Mixed Platforms.Build.0 = Debug|x86
		{D82A0F3D-7989-4F28-909B-601CE5530F13}.Debug|x64.ActiveCfg = Debug|x86
		{D82A0F3D-7989-4F28-909B-601CE5530F13}.Debug|x86.ActiveCfg = Debug|x86
		{D82A0F3D-7989-4F28-909B-601CE5530F13}.Debug|x86.Build.0 = Debug|x86
		{D82A0F3D-7989-4F28-909B-601CE5530F13}.Release|Any CPU.ActiveCfg = Release|x86
		{D82A0F3D-7989-4F28-909B-601CE5530F13}.Release|Mixed Platforms.ActiveCfg = Release|x86
		{D82A0F3D-7989-4F28-909B-601CE5530F13}.Release|Mixed Platforms.Build.0 = Release|x86
		{D82A0F3D-7989-4F28-909B-601CE5530F13}.Release|x64.ActiveCfg = Release|x86
		{D82A0F3D-7989-4F28-909B-601CE5530F13}.Release|x86.ActiveCfg = Release|x86
		{D82A0F3D-7989-4F28-909B-601CE5530F13}.Release|x86.Build.0 = Release|x86
		{8A576B45-04F3-4811-9BEE-09860C05F2EF}.Debug|Any CPU.ActiveCfg = Debug|Any CPU
		{8A576B45-04F3-4811-9BEE-09860C05F2EF}.Debug|Any CPU.Build.0 = Debug|Any CPU
		{8A576B45-04F3-4811-9BEE-09860C05F2EF}.Debug|Mixed Platforms.ActiveCfg = Debug|Any CPU
		{8A576B45-04F3-4811-9BEE-09860C05F2EF}.Debug|Mixed Platforms.Build.0 = Debug|Any CPU
		{8A576B45-04F3-4811-9BEE-09860C05F2EF}.Debug|x64.ActiveCfg = Debug|Any CPU
		{8A576B45-04F3-4811-9BEE-09860C05F2EF}.Debug|x86.ActiveCfg = Debug|Any CPU
		{8A576B45-04F3-4811-9BEE-09860C05F2EF}.Release|Any CPU.ActiveCfg = Release|Any CPU
		{8A576B45-04F3-4811-9BEE-09860C05F2EF}.Release|Any CPU.Build.0 = Release|Any CPU
		{8A576B45-04F3-4811-9BEE-09860C05F2EF}.Release|Mixed Platforms.ActiveCfg = Release|Any CPU
		{8A576B45-04F3-4811-9BEE-09860C05F2EF}.Release|Mixed Platforms.Build.0 = Release|Any CPU
		{8A576B45-04F3-4811-9BEE-09860C05F2EF}.Release|x64.ActiveCfg = Release|Any CPU
		{8A576B45-04F3-4811-9BEE-09860C05F2EF}.Release|x86.ActiveCfg = Release|Any CPU
		{71E42A6D-C432-4C03-BF4F-ABFD2A3173E0}.Debug|Any CPU.ActiveCfg = Debug|Any CPU
		{71E42A6D-C432-4C03-BF4F-ABFD2A3173E0}.Debug|Any CPU.Build.0 = Debug|Any CPU
		{71E42A6D-C432-4C03-BF4F-ABFD2A3173E0}.Debug|Mixed Platforms.ActiveCfg = Debug|Any CPU
		{71E42A6D-C432-4C03-BF4F-ABFD2A3173E0}.Debug|Mixed Platforms.Build.0 = Debug|Any CPU
		{71E42A6D-C432-4C03-BF4F-ABFD2A3173E0}.Debug|x64.ActiveCfg = Debug|Any CPU
		{71E42A6D-C432-4C03-BF4F-ABFD2A3173E0}.Debug|x86.ActiveCfg = Debug|Any CPU
		{71E42A6D-C432-4C03-BF4F-ABFD2A3173E0}.Release|Any CPU.ActiveCfg = Release|Any CPU
		{71E42A6D-C432-4C03-BF4F-ABFD2A3173E0}.Release|Any CPU.Build.0 = Release|Any CPU
		{71E42A6D-C432-4C03-BF4F-ABFD2A3173E0}.Release|Mixed Platforms.ActiveCfg = Release|Any CPU
		{71E42A6D-C432-4C03-BF4F-ABFD2A3173E0}.Release|Mixed Platforms.Build.0 = Release|Any CPU
		{71E42A6D-C432-4C03-BF4F-ABFD2A3173E0}.Release|x64.ActiveCfg = Release|Any CPU
		{71E42A6D-C432-4C03-BF4F-ABFD2A3173E0}.Release|x86.ActiveCfg = Release|Any CPU
		{A19B7522-4D0C-4982-A7F9-0F598EE0EA2D}.Debug|Any CPU.ActiveCfg = Debug|x86
		{A19B7522-4D0C-4982-A7F9-0F598EE0EA2D}.Debug|Mixed Platforms.ActiveCfg = Debug|x86
		{A19B7522-4D0C-4982-A7F9-0F598EE0EA2D}.Debug|Mixed Platforms.Build.0 = Debug|x86
		{A19B7522-4D0C-4982-A7F9-0F598EE0EA2D}.Debug|x64.ActiveCfg = Debug|x86
		{A19B7522-4D0C-4982-A7F9-0F598EE0EA2D}.Debug|x86.ActiveCfg = Debug|x86
		{A19B7522-4D0C-4982-A7F9-0F598EE0EA2D}.Debug|x86.Build.0 = Debug|x86
		{A19B7522-4D0C-4982-A7F9-0F598EE0EA2D}.Release|Any CPU.ActiveCfg = Release|x86
		{A19B7522-4D0C-4982-A7F9-0F598EE0EA2D}.Release|Mixed Platforms.ActiveCfg = Release|x86
		{A19B7522-4D0C-4982-A7F9-0F598EE0EA2D}.Release|Mixed Platforms.Build.0 = Release|x86
		{A19B7522-4D0C-4982-A7F9-0F598EE0EA2D}.Release|x64.ActiveCfg = Release|x86
		{A19B7522-4D0C-4982-A7F9-0F598EE0EA2D}.Release|x86.ActiveCfg = Release|x86
		{A19B7522-4D0C-4982-A7F9-0F598EE0EA2D}.Release|x86.Build.0 = Release|x86
		{AC115AEC-105A-4D2A-A5EC-D796BF4AE45D}.Debug|Any CPU.ActiveCfg = Debug|Any CPU
		{AC115AEC-105A-4D2A-A5EC-D796BF4AE45D}.Debug|Any CPU.Build.0 = Debug|Any CPU
		{AC115AEC-105A-4D2A-A5EC-D796BF4AE45D}.Debug|Mixed Platforms.ActiveCfg = Debug|Any CPU
		{AC115AEC-105A-4D2A-A5EC-D796BF4AE45D}.Debug|Mixed Platforms.Build.0 = Debug|Any CPU
		{AC115AEC-105A-4D2A-A5EC-D796BF4AE45D}.Debug|x64.ActiveCfg = Debug|Any CPU
		{AC115AEC-105A-4D2A-A5EC-D796BF4AE45D}.Debug|x86.ActiveCfg = Debug|Any CPU
		{AC115AEC-105A-4D2A-A5EC-D796BF4AE45D}.Release|Any CPU.ActiveCfg = Release|Any CPU
		{AC115AEC-105A-4D2A-A5EC-D796BF4AE45D}.Release|Any CPU.Build.0 = Release|Any CPU
		{AC115AEC-105A-4D2A-A5EC-D796BF4AE45D}.Release|Mixed Platforms.ActiveCfg = Release|Any CPU
		{AC115AEC-105A-4D2A-A5EC-D796BF4AE45D}.Release|Mixed Platforms.Build.0 = Release|Any CPU
		{AC115AEC-105A-4D2A-A5EC-D796BF4AE45D}.Release|x64.ActiveCfg = Release|Any CPU
		{AC115AEC-105A-4D2A-A5EC-D796BF4AE45D}.Release|x86.ActiveCfg = Release|Any CPU
	EndGlobalSection
	GlobalSection(SolutionProperties) = preSolution
		HideSolutionNode = FALSE
	EndGlobalSection
	GlobalSection(NestedProjects) = preSolution
		{D57CB190-A30E-4A3D-A674-F1766CE1CC72} = {FB7BC65E-4D28-469A-A468-ECCE427A4C75}
		{75DDFD5C-6572-4D90-961A-4E08D65B8FE7} = {FB7BC65E-4D28-469A-A468-ECCE427A4C75}
		{0F0ACE8E-E606-4FCA-B6B2-2F1FD86121DE} = {FB7BC65E-4D28-469A-A468-ECCE427A4C75}
		{FE37B6D4-73E5-40F2-A770-A974561430B8} = {FB7BC65E-4D28-469A-A468-ECCE427A4C75}
		{F46953E0-CA12-4659-AE8C-88241B541F6C} = {FB7BC65E-4D28-469A-A468-ECCE427A4C75}
		{31F451DF-6C15-4867-A2A3-241D9B1A882C} = {FB7BC65E-4D28-469A-A468-ECCE427A4C75}
		{D8D5BB16-DAA5-4755-A924-34AC8DCE19E8} = {FB7BC65E-4D28-469A-A468-ECCE427A4C75}
		{FAD8F3BF-5491-47C5-A250-CDBA3218B6FD} = {FB7BC65E-4D28-469A-A468-ECCE427A4C75}
		{DA2A8431-7328-4AE8-926F-E191700577A1} = {FB7BC65E-4D28-469A-A468-ECCE427A4C75}
		{2F47B55E-AE00-45EC-8AC8-797159AC07B7} = {C6265FA7-AE1D-48A7-952E-4537008E5679}
		{C591ACC7-7103-4CD4-ABD6-8B2A458FB6E0} = {C6265FA7-AE1D-48A7-952E-4537008E5679}
		{AC115AEC-105A-4D2A-A5EC-D796BF4AE45D} = {C6265FA7-AE1D-48A7-952E-4537008E5679}
		{D82A0F3D-7989-4F28-909B-601CE5530F13} = {B087C617-B02A-4CA2-8A66-0DFD54C776E8}
		{8A576B45-04F3-4811-9BEE-09860C05F2EF} = {B087C617-B02A-4CA2-8A66-0DFD54C776E8}
		{71E42A6D-C432-4C03-BF4F-ABFD2A3173E0} = {B087C617-B02A-4CA2-8A66-0DFD54C776E8}
	EndGlobalSection
EndGlobal
